<?xml version="1.0" encoding="UTF-8"?>
<!DOCTYPE plist PUBLIC "-//Apple//DTD PLIST 1.0//EN" "http://www.apple.com/DTDs/PropertyList-1.0.dtd">
<plist version="1.0">
<dict>
	<key>archiveVersion</key>
	<string>1</string>
	<key>classes</key>
	<dict/>
	<key>objectVersion</key>
	<string>46</string>
	<key>objects</key>
	<dict>
		<key>0B702D79A90778360245361C</key>
		<dict>
			<key>fileEncoding</key>
			<string>4</string>
			<key>isa</key>
			<string>PBXFileReference</string>
			<key>lastKnownFileType</key>
			<string>wrapper.framework</string>
			<key>name</key>
			<string>CFNetWork.framework</string>
			<key>path</key>
			<string>System/Library/Frameworks/CFNetWork.framework</string>
			<key>sourceTree</key>
			<string>SDKROOT</string>
		</dict>
		<key>14EB8F12ADD2701315E0BBD9</key>
		<dict>
			<key>fileEncoding</key>
			<string>4</string>
			<key>isa</key>
			<string>PBXFileReference</string>
			<key>lastKnownFileType</key>
			<string>wrapper.framework</string>
			<key>name</key>
			<string>SystemConfiguration.framework</string>
			<key>path</key>
			<string>System/Library/Frameworks/SystemConfiguration.framework</string>
			<key>sourceTree</key>
			<string>SDKROOT</string>
		</dict>
		<key>1DACAB6CC13280F535E2EEA6</key>
		<dict>
			<key>fileRef</key>
			<string>0B702D79A90778360245361C</string>
			<key>isa</key>
			<string>PBXBuildFile</string>
		</dict>
		<key>2287DC35162EC61E0E433295</key>
		<dict>
			<key>fileRef</key>
			<string>14EB8F12ADD2701315E0BBD9</string>
			<key>isa</key>
			<string>PBXBuildFile</string>
		</dict>
		<key>24C1534E9B2AAECB55A8F487</key>
		<dict>
			<key>fileEncoding</key>
			<string>4</string>
			<key>isa</key>
			<string>PBXFileReference</string>
			<key>lastKnownFileType</key>
			<string>text.plist.strings</string>
			<key>name</key>
			<string>info.plist</string>
			<key>path</key>
			<string>../../../AppCanPluginTools-iOS/resource/IDEPluginProjectPackageResource/info.plist</string>
			<key>sourceTree</key>
			<string>&lt;group&gt;</string>
		</dict>
		<key>29B53EF56D60167B010B54D7</key>
		<dict>
			<key>fileRef</key>
			<string>CDFC824790220822343691B3</string>
			<key>isa</key>
			<string>PBXBuildFile</string>
		</dict>
		<key>30A42E19ABA322EB1A392BFB</key>
		<dict>
			<key>fileRef</key>
			<string>6E60615CF91997574B81F950</string>
			<key>isa</key>
			<string>PBXBuildFile</string>
		</dict>
		<key>324ED6D76A2DD2C2E46B2BB4</key>
		<dict>
			<key>fileEncoding</key>
			<string>4</string>
			<key>isa</key>
			<string>PBXFileReference</string>
			<key>lastKnownFileType</key>
			<string>archive.ar</string>
			<key>name</key>
			<string>libc++.tbd</string>
			<key>path</key>
			<string>usr/lib/libc++.tbd</string>
			<key>sourceTree</key>
			<string>SDKROOT</string>
		</dict>
		<key>3C04B1041CC22F9A00B2265A</key>
		<dict>
			<key>isa</key>
			<string>PBXFileReference</string>
			<key>lastKnownFileType</key>
			<string>sourcecode.text-based-dylib-definition</string>
			<key>name</key>
			<string>libstdc++.tbd</string>
			<key>path</key>
			<string>usr/lib/libstdc++.tbd</string>
			<key>sourceTree</key>
			<string>SDKROOT</string>
		</dict>
		<key>3C04B1061CC22FCD00B2265A</key>
		<dict>
			<key>isa</key>
			<string>PBXFileReference</string>
			<key>lastKnownFileType</key>
			<string>sourcecode.text-based-dylib-definition</string>
			<key>name</key>
			<string>libstdc++.6.0.9.tbd</string>
			<key>path</key>
			<string>usr/lib/libstdc++.6.0.9.tbd</string>
			<key>sourceTree</key>
			<string>SDKROOT</string>
		</dict>
		<key>42086D6230B5F223328BC06F</key>
		<dict>
			<key>fileEncoding</key>
			<string>4</string>
			<key>isa</key>
			<string>PBXFileReference</string>
			<key>lastKnownFileType</key>
			<string>wrapper.framework</string>
			<key>name</key>
			<string>QuartzCore.framework</string>
			<key>path</key>
			<string>System/Library/Frameworks/QuartzCore.framework</string>
			<key>sourceTree</key>
			<string>SDKROOT</string>
		</dict>
		<key>42EE5FD71C2A43D7007CFCB4</key>
		<dict>
			<key>buildActionMask</key>
			<string>2147483647</string>
			<key>files</key>
			<array/>
			<key>isa</key>
			<string>PBXSourcesBuildPhase</string>
			<key>runOnlyForDeploymentPostprocessing</key>
			<string>0</string>
		</dict>
		<key>42EE5FD81C2A43D7007CFCB4</key>
		<dict>
			<key>buildActionMask</key>
			<string>2147483647</string>
			<key>files</key>
			<array/>
			<key>isa</key>
			<string>PBXFrameworksBuildPhase</string>
			<key>runOnlyForDeploymentPostprocessing</key>
			<string>0</string>
		</dict>
		<key>42EE5FD91C2A43D7007CFCB4</key>
		<dict>
			<key>buildActionMask</key>
			<string>2147483647</string>
			<key>files</key>
			<array>
				<string>42EE60151C2A44AA007CFCB4</string>
				<string>42EE60201C2A44AA007CFCB4</string>
				<string>42EE60331C2A44AA007CFCB4</string>
				<string>42EE602C1C2A44AA007CFCB4</string>
				<string>42EE600F1C2A44AA007CFCB4</string>
				<string>42EE60281C2A44AA007CFCB4</string>
				<string>42EE600E1C2A44AA007CFCB4</string>
				<string>42EE60311C2A44AA007CFCB4</string>
				<string>42EE601B1C2A44AA007CFCB4</string>
				<string>42EE60121C2A44AA007CFCB4</string>
				<string>42EE60221C2A44AA007CFCB4</string>
				<string>42EE600D1C2A44AA007CFCB4</string>
				<string>42EE60251C2A44AA007CFCB4</string>
				<string>42EE60171C2A44AA007CFCB4</string>
				<string>42EE602A1C2A44AA007CFCB4</string>
				<string>42EE601E1C2A44AA007CFCB4</string>
				<string>42EE60231C2A44AA007CFCB4</string>
				<string>42EE60271C2A44AA007CFCB4</string>
				<string>42EE600C1C2A44AA007CFCB4</string>
				<string>42EE601C1C2A44AA007CFCB4</string>
				<string>42EE602B1C2A44AA007CFCB4</string>
				<string>42EE60341C2A44AA007CFCB4</string>
				<string>42EE60301C2A44AA007CFCB4</string>
				<string>42EE60211C2A44AA007CFCB4</string>
				<string>42EE60181C2A44AA007CFCB4</string>
				<string>42EE60161C2A44AA007CFCB4</string>
				<string>42EE60101C2A44AA007CFCB4</string>
				<string>42EE60351C2A44AA007CFCB4</string>
				<string>42EE60321C2A44AA007CFCB4</string>
				<string>42EE602E1C2A44AA007CFCB4</string>
				<string>42EE601A1C2A44AA007CFCB4</string>
				<string>42EE60191C2A44AA007CFCB4</string>
				<string>42EE60111C2A44AA007CFCB4</string>
				<string>42EE60241C2A44AA007CFCB4</string>
				<string>42EE601F1C2A44AA007CFCB4</string>
				<string>42EE60131C2A44AA007CFCB4</string>
				<string>42EE601D1C2A44AA007CFCB4</string>
				<string>42EE602D1C2A44AA007CFCB4</string>
				<string>42EE60291C2A44AA007CFCB4</string>
				<string>42EE60261C2A44AA007CFCB4</string>
				<string>42EE602F1C2A44AA007CFCB4</string>
				<string>42EE60361C2A44AA007CFCB4</string>
				<string>42EE60141C2A44AA007CFCB4</string>
			</array>
			<key>isa</key>
			<string>PBXResourcesBuildPhase</string>
			<key>runOnlyForDeploymentPostprocessing</key>
			<string>0</string>
		</dict>
		<key>42EE5FDA1C2A43D7007CFCB4</key>
		<dict>
			<key>buildConfigurationList</key>
			<string>42EE5FE01C2A43D7007CFCB4</string>
			<key>buildPhases</key>
			<array>
				<string>42EE5FD71C2A43D7007CFCB4</string>
				<string>42EE5FD81C2A43D7007CFCB4</string>
				<string>42EE5FD91C2A43D7007CFCB4</string>
			</array>
			<key>buildRules</key>
			<array/>
			<key>dependencies</key>
			<array/>
			<key>isa</key>
			<string>PBXNativeTarget</string>
			<key>name</key>
			<string>uexAudioBundle</string>
			<key>productName</key>
			<string>uexAudioBundle</string>
			<key>productReference</key>
			<string>42EE5FDB1C2A43D7007CFCB4</string>
			<key>productType</key>
			<string>com.apple.product-type.bundle</string>
		</dict>
		<key>42EE5FDB1C2A43D7007CFCB4</key>
		<dict>
			<key>explicitFileType</key>
			<string>wrapper.cfbundle</string>
			<key>includeInIndex</key>
			<string>0</string>
			<key>isa</key>
			<string>PBXFileReference</string>
			<key>path</key>
			<string>uexAudio.bundle</string>
			<key>sourceTree</key>
			<string>BUILT_PRODUCTS_DIR</string>
		</dict>
		<key>42EE5FDC1C2A43D7007CFCB4</key>
		<dict>
			<key>children</key>
			<array>
				<string>42EE5FE11C2A44AA007CFCB4</string>
				<string>42EE5FE21C2A44AA007CFCB4</string>
				<string>42EE5FE31C2A44AA007CFCB4</string>
				<string>42EE5FE41C2A44AA007CFCB4</string>
				<string>42EE5FE51C2A44AA007CFCB4</string>
				<string>42EE5FE61C2A44AA007CFCB4</string>
				<string>42EE5FE71C2A44AA007CFCB4</string>
				<string>42EE5FE81C2A44AA007CFCB4</string>
				<string>42EE5FE91C2A44AA007CFCB4</string>
				<string>42EE5FEA1C2A44AA007CFCB4</string>
				<string>42EE5FEB1C2A44AA007CFCB4</string>
				<string>42EE5FEC1C2A44AA007CFCB4</string>
				<string>42EE5FED1C2A44AA007CFCB4</string>
				<string>42EE5FEE1C2A44AA007CFCB4</string>
				<string>42EE5FEF1C2A44AA007CFCB4</string>
				<string>42EE5FF01C2A44AA007CFCB4</string>
				<string>42EE5FF11C2A44AA007CFCB4</string>
				<string>42EE5FF21C2A44AA007CFCB4</string>
				<string>42EE5FF31C2A44AA007CFCB4</string>
				<string>42EE5FF41C2A44AA007CFCB4</string>
				<string>42EE5FF51C2A44AA007CFCB4</string>
				<string>42EE5FF61C2A44AA007CFCB4</string>
				<string>42EE5FF71C2A44AA007CFCB4</string>
				<string>42EE5FF81C2A44AA007CFCB4</string>
				<string>42EE5FF91C2A44AA007CFCB4</string>
				<string>42EE5FFA1C2A44AA007CFCB4</string>
				<string>42EE5FFB1C2A44AA007CFCB4</string>
				<string>42EE5FFC1C2A44AA007CFCB4</string>
				<string>42EE5FFD1C2A44AA007CFCB4</string>
				<string>42EE5FFE1C2A44AA007CFCB4</string>
				<string>42EE5FFF1C2A44AA007CFCB4</string>
				<string>42EE60001C2A44AA007CFCB4</string>
				<string>42EE60011C2A44AA007CFCB4</string>
				<string>42EE60021C2A44AA007CFCB4</string>
				<string>42EE60031C2A44AA007CFCB4</string>
				<string>42EE60041C2A44AA007CFCB4</string>
				<string>42EE60051C2A44AA007CFCB4</string>
				<string>42EE60061C2A44AA007CFCB4</string>
				<string>42EE60071C2A44AA007CFCB4</string>
				<string>42EE60081C2A44AA007CFCB4</string>
				<string>42EE60091C2A44AA007CFCB4</string>
				<string>42EE600A1C2A44AA007CFCB4</string>
				<string>42EE600B1C2A44AA007CFCB4</string>
			</array>
			<key>isa</key>
			<string>PBXGroup</string>
			<key>path</key>
			<string>uexAudioBundle</string>
			<key>sourceTree</key>
			<string>&lt;group&gt;</string>
		</dict>
		<key>42EE5FDE1C2A43D7007CFCB4</key>
		<dict>
			<key>buildSettings</key>
			<dict>
				<key>CLANG_ENABLE_OBJC_ARC</key>
				<string>YES</string>
				<key>CLANG_WARN_UNREACHABLE_CODE</key>
				<string>YES</string>
				<key>CODE_SIGN_IDENTITY</key>
				<string>-</string>
				<key>COMBINE_HIDPI_IMAGES</key>
				<string>NO</string>
				<key>DEBUG_INFORMATION_FORMAT</key>
				<string>dwarf</string>
				<key>ENABLE_STRICT_OBJC_MSGSEND</key>
				<string>YES</string>
				<key>ENABLE_TESTABILITY</key>
				<string>YES</string>
				<key>GCC_NO_COMMON_BLOCKS</key>
				<string>YES</string>
				<key>GCC_WARN_UNINITIALIZED_AUTOS</key>
				<string>YES_AGGRESSIVE</string>
				<key>HEADER_SEARCH_PATHS</key>
				<string></string>
				<key>INFOPLIST_EXPAND_BUILD_SETTINGS</key>
				<string>NO</string>
				<key>INSTALL_PATH</key>
				<string>$(LOCAL_LIBRARY_DIR)/Bundles</string>
				<key>MACOSX_DEPLOYMENT_TARGET</key>
				<string>10.11</string>
				<key>MTL_ENABLE_DEBUG_INFO</key>
				<string>YES</string>
				<key>ONLY_ACTIVE_ARCH</key>
				<string>YES</string>
				<key>PRODUCT_BUNDLE_IDENTIFIER</key>
				<string>com.zywx.uexAudioBundle</string>
				<key>PRODUCT_MODULE_NAME</key>
				<string>uexAudio</string>
				<key>PRODUCT_NAME</key>
				<string>uexAudio</string>
				<key>SDKROOT</key>
				<string>iphoneos</string>
				<key>SKIP_INSTALL</key>
				<string>YES</string>
				<key>WRAPPER_EXTENSION</key>
				<string>bundle</string>
			</dict>
			<key>isa</key>
			<string>XCBuildConfiguration</string>
			<key>name</key>
			<string>Debug</string>
		</dict>
		<key>42EE5FDF1C2A43D7007CFCB4</key>
		<dict>
			<key>buildSettings</key>
			<dict>
				<key>CLANG_ENABLE_OBJC_ARC</key>
				<string>YES</string>
				<key>CLANG_WARN_UNREACHABLE_CODE</key>
				<string>YES</string>
				<key>CODE_SIGN_IDENTITY</key>
				<string>-</string>
				<key>COMBINE_HIDPI_IMAGES</key>
				<string>NO</string>
				<key>COPY_PHASE_STRIP</key>
				<string>NO</string>
				<key>DEBUG_INFORMATION_FORMAT</key>
				<string>dwarf</string>
				<key>ENABLE_STRICT_OBJC_MSGSEND</key>
				<string>YES</string>
				<key>GCC_NO_COMMON_BLOCKS</key>
				<string>YES</string>
				<key>GCC_WARN_UNINITIALIZED_AUTOS</key>
				<string>YES_AGGRESSIVE</string>
				<key>HEADER_SEARCH_PATHS</key>
				<string></string>
				<key>INFOPLIST_EXPAND_BUILD_SETTINGS</key>
				<string>NO</string>
				<key>INSTALL_PATH</key>
				<string>$(LOCAL_LIBRARY_DIR)/Bundles</string>
				<key>MACOSX_DEPLOYMENT_TARGET</key>
				<string>10.11</string>
				<key>MTL_ENABLE_DEBUG_INFO</key>
				<string>NO</string>
				<key>PRODUCT_BUNDLE_IDENTIFIER</key>
				<string>com.zywx.uexAudioBundle</string>
				<key>PRODUCT_MODULE_NAME</key>
				<string>uexAudio</string>
				<key>PRODUCT_NAME</key>
				<string>uexAudio</string>
				<key>SDKROOT</key>
				<string>iphoneos</string>
				<key>SKIP_INSTALL</key>
				<string>YES</string>
				<key>WRAPPER_EXTENSION</key>
				<string>bundle</string>
			</dict>
			<key>isa</key>
			<string>XCBuildConfiguration</string>
			<key>name</key>
			<string>Release</string>
		</dict>
		<key>42EE5FE01C2A43D7007CFCB4</key>
		<dict>
			<key>buildConfigurations</key>
			<array>
				<string>42EE5FDE1C2A43D7007CFCB4</string>
				<string>42EE5FDF1C2A43D7007CFCB4</string>
			</array>
			<key>defaultConfigurationIsVisible</key>
			<string>0</string>
			<key>defaultConfigurationName</key>
			<string>Release</string>
			<key>isa</key>
			<string>XCConfigurationList</string>
		</dict>
		<key>42EE5FE11C2A44AA007CFCB4</key>
		<dict>
			<key>isa</key>
			<string>PBXFileReference</string>
			<key>lastKnownFileType</key>
			<string>image.png</string>
			<key>path</key>
			<string>footerbg.png</string>
			<key>sourceTree</key>
			<string>&lt;group&gt;</string>
		</dict>
		<key>42EE5FE21C2A44AA007CFCB4</key>
		<dict>
			<key>isa</key>
			<string>PBXFileReference</string>
			<key>lastKnownFileType</key>
			<string>image.png</string>
			<key>path</key>
			<string>footerbg@2x.png</string>
			<key>sourceTree</key>
			<string>&lt;group&gt;</string>
		</dict>
		<key>42EE5FE31C2A44AA007CFCB4</key>
		<dict>
			<key>isa</key>
			<string>PBXFileReference</string>
			<key>lastKnownFileType</key>
			<string>image.png</string>
			<key>path</key>
			<string>parse_disable.png</string>
			<key>sourceTree</key>
			<string>&lt;group&gt;</string>
		</dict>
		<key>42EE5FE41C2A44AA007CFCB4</key>
		<dict>
			<key>isa</key>
			<string>PBXFileReference</string>
			<key>lastKnownFileType</key>
			<string>image.png</string>
			<key>path</key>
			<string>parse_focus.png</string>
			<key>sourceTree</key>
			<string>&lt;group&gt;</string>
		</dict>
		<key>42EE5FE51C2A44AA007CFCB4</key>
		<dict>
			<key>isa</key>
			<string>PBXFileReference</string>
			<key>lastKnownFileType</key>
			<string>image.png</string>
			<key>path</key>
			<string>parse_narmal.png</string>
			<key>sourceTree</key>
			<string>&lt;group&gt;</string>
		</dict>
		<key>42EE5FE61C2A44AA007CFCB4</key>
		<dict>
			<key>isa</key>
			<string>PBXFileReference</string>
			<key>lastKnownFileType</key>
			<string>image.png</string>
			<key>path</key>
			<string>plugin_arrow_left.png</string>
			<key>sourceTree</key>
			<string>&lt;group&gt;</string>
		</dict>
		<key>42EE5FE71C2A44AA007CFCB4</key>
		<dict>
			<key>isa</key>
			<string>PBXFileReference</string>
			<key>lastKnownFileType</key>
			<string>image.png</string>
			<key>path</key>
			<string>plugin_arrow_left@2x.png</string>
			<key>sourceTree</key>
			<string>&lt;group&gt;</string>
		</dict>
		<key>42EE5FE81C2A44AA007CFCB4</key>
		<dict>
			<key>isa</key>
			<string>PBXFileReference</string>
			<key>lastKnownFileType</key>
			<string>image.png</string>
			<key>path</key>
			<string>plugin_arrow_right.png</string>
			<key>sourceTree</key>
			<string>&lt;group&gt;</string>
		</dict>
		<key>42EE5FE91C2A44AA007CFCB4</key>
		<dict>
			<key>isa</key>
			<string>PBXFileReference</string>
			<key>lastKnownFileType</key>
			<string>image.png</string>
			<key>path</key>
			<string>plugin_arrow_right@2x.png</string>
			<key>sourceTree</key>
			<string>&lt;group&gt;</string>
		</dict>
		<key>42EE5FEA1C2A44AA007CFCB4</key>
		<dict>
			<key>isa</key>
			<string>PBXFileReference</string>
			<key>lastKnownFileType</key>
			<string>image.png</string>
			<key>path</key>
			<string>plugin_audio_recorder_bg_dot.png</string>
			<key>sourceTree</key>
			<string>&lt;group&gt;</string>
		</dict>
		<key>42EE5FEB1C2A44AA007CFCB4</key>
		<dict>
			<key>isa</key>
			<string>PBXFileReference</string>
			<key>lastKnownFileType</key>
			<string>image.png</string>
			<key>path</key>
			<string>plugin_audio_recorder_bg.png</string>
			<key>sourceTree</key>
			<string>&lt;group&gt;</string>
		</dict>
		<key>42EE5FEC1C2A44AA007CFCB4</key>
		<dict>
			<key>isa</key>
			<string>PBXFileReference</string>
			<key>lastKnownFileType</key>
			<string>image.png</string>
			<key>path</key>
			<string>plugin_audio_recorder_bg@2x.png</string>
			<key>sourceTree</key>
			<string>&lt;group&gt;</string>
		</dict>
		<key>42EE5FED1C2A44AA007CFCB4</key>
		<dict>
			<key>isa</key>
			<string>PBXFileReference</string>
			<key>lastKnownFileType</key>
			<string>image.png</string>
			<key>path</key>
			<string>plugin_audio_recorder_center_bg.png</string>
			<key>sourceTree</key>
			<string>&lt;group&gt;</string>
		</dict>
		<key>42EE5FEE1C2A44AA007CFCB4</key>
		<dict>
			<key>isa</key>
			<string>PBXFileReference</string>
			<key>lastKnownFileType</key>
			<string>image.png</string>
			<key>path</key>
			<string>plugin_audio_recorder_center_bg@2x.png</string>
			<key>sourceTree</key>
			<string>&lt;group&gt;</string>
		</dict>
		<key>42EE5FEF1C2A44AA007CFCB4</key>
		<dict>
			<key>isa</key>
			<string>PBXFileReference</string>
			<key>lastKnownFileType</key>
			<string>image.png</string>
			<key>path</key>
			<string>plugin_audio_recorder_record_disabled.png</string>
			<key>sourceTree</key>
			<string>&lt;group&gt;</string>
		</dict>
		<key>42EE5FF01C2A44AA007CFCB4</key>
		<dict>
			<key>isa</key>
			<string>PBXFileReference</string>
			<key>lastKnownFileType</key>
			<string>image.png</string>
			<key>path</key>
			<string>plugin_audio_recorder_record_disabled@2x.png</string>
			<key>sourceTree</key>
			<string>&lt;group&gt;</string>
		</dict>
		<key>42EE5FF11C2A44AA007CFCB4</key>
		<dict>
			<key>isa</key>
			<string>PBXFileReference</string>
			<key>lastKnownFileType</key>
			<string>image.png</string>
			<key>path</key>
			<string>plugin_audio_recorder_record_normal.png</string>
			<key>sourceTree</key>
			<string>&lt;group&gt;</string>
		</dict>
		<key>42EE5FF21C2A44AA007CFCB4</key>
		<dict>
			<key>isa</key>
			<string>PBXFileReference</string>
			<key>lastKnownFileType</key>
			<string>image.png</string>
			<key>path</key>
			<string>plugin_audio_recorder_record_normal@2x.png</string>
			<key>sourceTree</key>
			<string>&lt;group&gt;</string>
		</dict>
		<key>42EE5FF31C2A44AA007CFCB4</key>
		<dict>
			<key>isa</key>
			<string>PBXFileReference</string>
			<key>lastKnownFileType</key>
			<string>image.png</string>
			<key>path</key>
			<string>plugin_audio_recorder_record_pressed.png</string>
			<key>sourceTree</key>
			<string>&lt;group&gt;</string>
		</dict>
		<key>42EE5FF41C2A44AA007CFCB4</key>
		<dict>
			<key>isa</key>
			<string>PBXFileReference</string>
			<key>lastKnownFileType</key>
			<string>image.png</string>
			<key>path</key>
			<string>plugin_audio_recorder_record_pressed@2x.png</string>
			<key>sourceTree</key>
			<string>&lt;group&gt;</string>
		</dict>
		<key>42EE5FF51C2A44AA007CFCB4</key>
		<dict>
			<key>isa</key>
			<string>PBXFileReference</string>
			<key>lastKnownFileType</key>
			<string>image.png</string>
			<key>path</key>
			<string>plugin_audio_recorder_status.png</string>
			<key>sourceTree</key>
			<string>&lt;group&gt;</string>
		</dict>
		<key>42EE5FF61C2A44AA007CFCB4</key>
		<dict>
			<key>isa</key>
			<string>PBXFileReference</string>
			<key>lastKnownFileType</key>
			<string>image.png</string>
			<key>path</key>
			<string>plugin_audio_recorder_stop_disabled.png</string>
			<key>sourceTree</key>
			<string>&lt;group&gt;</string>
		</dict>
		<key>42EE5FF71C2A44AA007CFCB4</key>
		<dict>
			<key>isa</key>
			<string>PBXFileReference</string>
			<key>lastKnownFileType</key>
			<string>image.png</string>
			<key>path</key>
			<string>plugin_audio_recorder_stop_disabled@2x.png</string>
			<key>sourceTree</key>
			<string>&lt;group&gt;</string>
		</dict>
		<key>42EE5FF81C2A44AA007CFCB4</key>
		<dict>
			<key>isa</key>
			<string>PBXFileReference</string>
			<key>lastKnownFileType</key>
			<string>image.png</string>
			<key>path</key>
			<string>plugin_audio_recorder_stop_normal.png</string>
			<key>sourceTree</key>
			<string>&lt;group&gt;</string>
		</dict>
		<key>42EE5FF91C2A44AA007CFCB4</key>
		<dict>
			<key>isa</key>
			<string>PBXFileReference</string>
			<key>lastKnownFileType</key>
			<string>image.png</string>
			<key>path</key>
			<string>plugin_audio_recorder_stop_normal@2x.png</string>
			<key>sourceTree</key>
			<string>&lt;group&gt;</string>
		</dict>
		<key>42EE5FFA1C2A44AA007CFCB4</key>
		<dict>
			<key>isa</key>
			<string>PBXFileReference</string>
			<key>lastKnownFileType</key>
			<string>image.png</string>
			<key>path</key>
			<string>plugin_audio_recorder_stop_pressed.png</string>
			<key>sourceTree</key>
			<string>&lt;group&gt;</string>
		</dict>
		<key>42EE5FFB1C2A44AA007CFCB4</key>
		<dict>
			<key>isa</key>
			<string>PBXFileReference</string>
			<key>lastKnownFileType</key>
			<string>image.png</string>
			<key>path</key>
			<string>plugin_audio_recorder_stop_pressed@2x.png</string>
			<key>sourceTree</key>
			<string>&lt;group&gt;</string>
		</dict>
		<key>42EE5FFC1C2A44AA007CFCB4</key>
		<dict>
			<key>isa</key>
			<string>PBXFileReference</string>
			<key>lastKnownFileType</key>
			<string>image.png</string>
			<key>path</key>
			<string>plugin_audio_recorder_turn_off.png</string>
			<key>sourceTree</key>
			<string>&lt;group&gt;</string>
		</dict>
		<key>42EE5FFD1C2A44AA007CFCB4</key>
		<dict>
			<key>isa</key>
			<string>PBXFileReference</string>
			<key>lastKnownFileType</key>
			<string>image.png</string>
			<key>path</key>
			<string>plugin_audio_recorder_turn_off@2x.png</string>
			<key>sourceTree</key>
			<string>&lt;group&gt;</string>
		</dict>
		<key>42EE5FFE1C2A44AA007CFCB4</key>
		<dict>
			<key>isa</key>
			<string>PBXFileReference</string>
			<key>lastKnownFileType</key>
			<string>image.png</string>
			<key>path</key>
			<string>plugin_audio_recorder_turn_on.png</string>
			<key>sourceTree</key>
			<string>&lt;group&gt;</string>
		</dict>
		<key>42EE5FFF1C2A44AA007CFCB4</key>
		<dict>
			<key>isa</key>
			<string>PBXFileReference</string>
			<key>lastKnownFileType</key>
			<string>image.png</string>
			<key>path</key>
			<string>plugin_audio_recorder_turn_on@2x.png</string>
			<key>sourceTree</key>
			<string>&lt;group&gt;</string>
		</dict>
		<key>42EE60001C2A44AA007CFCB4</key>
		<dict>
			<key>isa</key>
			<string>PBXFileReference</string>
			<key>lastKnownFileType</key>
			<string>image.png</string>
			<key>path</key>
			<string>plugin_audio_recorder_use_disabled.png</string>
			<key>sourceTree</key>
			<string>&lt;group&gt;</string>
		</dict>
		<key>42EE60011C2A44AA007CFCB4</key>
		<dict>
			<key>isa</key>
			<string>PBXFileReference</string>
			<key>lastKnownFileType</key>
			<string>image.png</string>
			<key>path</key>
			<string>plugin_audio_recorder_use_disabled@2x.png</string>
			<key>sourceTree</key>
			<string>&lt;group&gt;</string>
		</dict>
		<key>42EE60021C2A44AA007CFCB4</key>
		<dict>
			<key>isa</key>
			<string>PBXFileReference</string>
			<key>lastKnownFileType</key>
			<string>image.png</string>
			<key>path</key>
			<string>plugin_audio_recorder_use_normal.png</string>
			<key>sourceTree</key>
			<string>&lt;group&gt;</string>
		</dict>
		<key>42EE60031C2A44AA007CFCB4</key>
		<dict>
			<key>isa</key>
			<string>PBXFileReference</string>
			<key>lastKnownFileType</key>
			<string>image.png</string>
			<key>path</key>
			<string>plugin_audio_recorder_use_normal@2x.png</string>
			<key>sourceTree</key>
			<string>&lt;group&gt;</string>
		</dict>
		<key>42EE60041C2A44AA007CFCB4</key>
		<dict>
			<key>isa</key>
			<string>PBXFileReference</string>
			<key>lastKnownFileType</key>
			<string>image.png</string>
			<key>path</key>
			<string>plugin_audio_recorder_use_pressed.png</string>
			<key>sourceTree</key>
			<string>&lt;group&gt;</string>
		</dict>
		<key>42EE60051C2A44AA007CFCB4</key>
		<dict>
			<key>isa</key>
			<string>PBXFileReference</string>
			<key>lastKnownFileType</key>
			<string>image.png</string>
			<key>path</key>
			<string>plugin_audio_recorder_use_pressed@2x.png</string>
			<key>sourceTree</key>
			<string>&lt;group&gt;</string>
		</dict>
		<key>42EE60061C2A44AA007CFCB4</key>
		<dict>
			<key>isa</key>
			<string>PBXFileReference</string>
			<key>lastKnownFileType</key>
			<string>image.png</string>
			<key>path</key>
			<string>plugin_audio_top_bg.png</string>
			<key>sourceTree</key>
			<string>&lt;group&gt;</string>
		</dict>
		<key>42EE60071C2A44AA007CFCB4</key>
		<dict>
			<key>isa</key>
			<string>PBXFileReference</string>
			<key>lastKnownFileType</key>
			<string>image.png</string>
			<key>path</key>
			<string>plugin_audio_top_bg@2x.png</string>
			<key>sourceTree</key>
			<string>&lt;group&gt;</string>
		</dict>
		<key>42EE60081C2A44AA007CFCB4</key>
		<dict>
			<key>isa</key>
			<string>PBXFileReference</string>
			<key>lastKnownFileType</key>
			<string>image.png</string>
			<key>path</key>
			<string>plugin_video_play_disabled.png</string>
			<key>sourceTree</key>
			<string>&lt;group&gt;</string>
		</dict>
		<key>42EE60091C2A44AA007CFCB4</key>
		<dict>
			<key>isa</key>
			<string>PBXFileReference</string>
			<key>lastKnownFileType</key>
			<string>image.png</string>
			<key>path</key>
			<string>plugin_video_play_normal.png</string>
			<key>sourceTree</key>
			<string>&lt;group&gt;</string>
		</dict>
		<key>42EE600A1C2A44AA007CFCB4</key>
		<dict>
			<key>isa</key>
			<string>PBXFileReference</string>
			<key>lastKnownFileType</key>
			<string>image.png</string>
			<key>path</key>
			<string>plugin_video_play_selected.png</string>
			<key>sourceTree</key>
			<string>&lt;group&gt;</string>
		</dict>
		<key>42EE600B1C2A44AA007CFCB4</key>
		<dict>
			<key>isa</key>
			<string>PBXFileReference</string>
			<key>lastKnownFileType</key>
			<string>image.png</string>
			<key>path</key>
			<string>title.png</string>
			<key>sourceTree</key>
			<string>&lt;group&gt;</string>
		</dict>
		<key>42EE600C1C2A44AA007CFCB4</key>
		<dict>
			<key>fileRef</key>
			<string>42EE5FE11C2A44AA007CFCB4</string>
			<key>isa</key>
			<string>PBXBuildFile</string>
		</dict>
		<key>42EE600D1C2A44AA007CFCB4</key>
		<dict>
			<key>fileRef</key>
			<string>42EE5FE21C2A44AA007CFCB4</string>
			<key>isa</key>
			<string>PBXBuildFile</string>
		</dict>
		<key>42EE600E1C2A44AA007CFCB4</key>
		<dict>
			<key>fileRef</key>
			<string>42EE5FE31C2A44AA007CFCB4</string>
			<key>isa</key>
			<string>PBXBuildFile</string>
		</dict>
		<key>42EE600F1C2A44AA007CFCB4</key>
		<dict>
			<key>fileRef</key>
			<string>42EE5FE41C2A44AA007CFCB4</string>
			<key>isa</key>
			<string>PBXBuildFile</string>
		</dict>
		<key>42EE60101C2A44AA007CFCB4</key>
		<dict>
			<key>fileRef</key>
			<string>42EE5FE51C2A44AA007CFCB4</string>
			<key>isa</key>
			<string>PBXBuildFile</string>
		</dict>
		<key>42EE60111C2A44AA007CFCB4</key>
		<dict>
			<key>fileRef</key>
			<string>42EE5FE61C2A44AA007CFCB4</string>
			<key>isa</key>
			<string>PBXBuildFile</string>
		</dict>
		<key>42EE60121C2A44AA007CFCB4</key>
		<dict>
			<key>fileRef</key>
			<string>42EE5FE71C2A44AA007CFCB4</string>
			<key>isa</key>
			<string>PBXBuildFile</string>
		</dict>
		<key>42EE60131C2A44AA007CFCB4</key>
		<dict>
			<key>fileRef</key>
			<string>42EE5FE81C2A44AA007CFCB4</string>
			<key>isa</key>
			<string>PBXBuildFile</string>
		</dict>
		<key>42EE60141C2A44AA007CFCB4</key>
		<dict>
			<key>fileRef</key>
			<string>42EE5FE91C2A44AA007CFCB4</string>
			<key>isa</key>
			<string>PBXBuildFile</string>
		</dict>
		<key>42EE60151C2A44AA007CFCB4</key>
		<dict>
			<key>fileRef</key>
			<string>42EE5FEA1C2A44AA007CFCB4</string>
			<key>isa</key>
			<string>PBXBuildFile</string>
		</dict>
		<key>42EE60161C2A44AA007CFCB4</key>
		<dict>
			<key>fileRef</key>
			<string>42EE5FEB1C2A44AA007CFCB4</string>
			<key>isa</key>
			<string>PBXBuildFile</string>
		</dict>
		<key>42EE60171C2A44AA007CFCB4</key>
		<dict>
			<key>fileRef</key>
			<string>42EE5FEC1C2A44AA007CFCB4</string>
			<key>isa</key>
			<string>PBXBuildFile</string>
		</dict>
		<key>42EE60181C2A44AA007CFCB4</key>
		<dict>
			<key>fileRef</key>
			<string>42EE5FED1C2A44AA007CFCB4</string>
			<key>isa</key>
			<string>PBXBuildFile</string>
		</dict>
		<key>42EE60191C2A44AA007CFCB4</key>
		<dict>
			<key>fileRef</key>
			<string>42EE5FEE1C2A44AA007CFCB4</string>
			<key>isa</key>
			<string>PBXBuildFile</string>
		</dict>
		<key>42EE601A1C2A44AA007CFCB4</key>
		<dict>
			<key>fileRef</key>
			<string>42EE5FEF1C2A44AA007CFCB4</string>
			<key>isa</key>
			<string>PBXBuildFile</string>
		</dict>
		<key>42EE601B1C2A44AA007CFCB4</key>
		<dict>
			<key>fileRef</key>
			<string>42EE5FF01C2A44AA007CFCB4</string>
			<key>isa</key>
			<string>PBXBuildFile</string>
		</dict>
		<key>42EE601C1C2A44AA007CFCB4</key>
		<dict>
			<key>fileRef</key>
			<string>42EE5FF11C2A44AA007CFCB4</string>
			<key>isa</key>
			<string>PBXBuildFile</string>
		</dict>
		<key>42EE601D1C2A44AA007CFCB4</key>
		<dict>
			<key>fileRef</key>
			<string>42EE5FF21C2A44AA007CFCB4</string>
			<key>isa</key>
			<string>PBXBuildFile</string>
		</dict>
		<key>42EE601E1C2A44AA007CFCB4</key>
		<dict>
			<key>fileRef</key>
			<string>42EE5FF31C2A44AA007CFCB4</string>
			<key>isa</key>
			<string>PBXBuildFile</string>
		</dict>
		<key>42EE601F1C2A44AA007CFCB4</key>
		<dict>
			<key>fileRef</key>
			<string>42EE5FF41C2A44AA007CFCB4</string>
			<key>isa</key>
			<string>PBXBuildFile</string>
		</dict>
		<key>42EE60201C2A44AA007CFCB4</key>
		<dict>
			<key>fileRef</key>
			<string>42EE5FF51C2A44AA007CFCB4</string>
			<key>isa</key>
			<string>PBXBuildFile</string>
		</dict>
		<key>42EE60211C2A44AA007CFCB4</key>
		<dict>
			<key>fileRef</key>
			<string>42EE5FF61C2A44AA007CFCB4</string>
			<key>isa</key>
			<string>PBXBuildFile</string>
		</dict>
		<key>42EE60221C2A44AA007CFCB4</key>
		<dict>
			<key>fileRef</key>
			<string>42EE5FF71C2A44AA007CFCB4</string>
			<key>isa</key>
			<string>PBXBuildFile</string>
		</dict>
		<key>42EE60231C2A44AA007CFCB4</key>
		<dict>
			<key>fileRef</key>
			<string>42EE5FF81C2A44AA007CFCB4</string>
			<key>isa</key>
			<string>PBXBuildFile</string>
		</dict>
		<key>42EE60241C2A44AA007CFCB4</key>
		<dict>
			<key>fileRef</key>
			<string>42EE5FF91C2A44AA007CFCB4</string>
			<key>isa</key>
			<string>PBXBuildFile</string>
		</dict>
		<key>42EE60251C2A44AA007CFCB4</key>
		<dict>
			<key>fileRef</key>
			<string>42EE5FFA1C2A44AA007CFCB4</string>
			<key>isa</key>
			<string>PBXBuildFile</string>
		</dict>
		<key>42EE60261C2A44AA007CFCB4</key>
		<dict>
			<key>fileRef</key>
			<string>42EE5FFB1C2A44AA007CFCB4</string>
			<key>isa</key>
			<string>PBXBuildFile</string>
		</dict>
		<key>42EE60271C2A44AA007CFCB4</key>
		<dict>
			<key>fileRef</key>
			<string>42EE5FFC1C2A44AA007CFCB4</string>
			<key>isa</key>
			<string>PBXBuildFile</string>
		</dict>
		<key>42EE60281C2A44AA007CFCB4</key>
		<dict>
			<key>fileRef</key>
			<string>42EE5FFD1C2A44AA007CFCB4</string>
			<key>isa</key>
			<string>PBXBuildFile</string>
		</dict>
		<key>42EE60291C2A44AA007CFCB4</key>
		<dict>
			<key>fileRef</key>
			<string>42EE5FFE1C2A44AA007CFCB4</string>
			<key>isa</key>
			<string>PBXBuildFile</string>
		</dict>
		<key>42EE602A1C2A44AA007CFCB4</key>
		<dict>
			<key>fileRef</key>
			<string>42EE5FFF1C2A44AA007CFCB4</string>
			<key>isa</key>
			<string>PBXBuildFile</string>
		</dict>
		<key>42EE602B1C2A44AA007CFCB4</key>
		<dict>
			<key>fileRef</key>
			<string>42EE60001C2A44AA007CFCB4</string>
			<key>isa</key>
			<string>PBXBuildFile</string>
		</dict>
		<key>42EE602C1C2A44AA007CFCB4</key>
		<dict>
			<key>fileRef</key>
			<string>42EE60011C2A44AA007CFCB4</string>
			<key>isa</key>
			<string>PBXBuildFile</string>
		</dict>
		<key>42EE602D1C2A44AA007CFCB4</key>
		<dict>
			<key>fileRef</key>
			<string>42EE60021C2A44AA007CFCB4</string>
			<key>isa</key>
			<string>PBXBuildFile</string>
		</dict>
		<key>42EE602E1C2A44AA007CFCB4</key>
		<dict>
			<key>fileRef</key>
			<string>42EE60031C2A44AA007CFCB4</string>
			<key>isa</key>
			<string>PBXBuildFile</string>
		</dict>
		<key>42EE602F1C2A44AA007CFCB4</key>
		<dict>
			<key>fileRef</key>
			<string>42EE60041C2A44AA007CFCB4</string>
			<key>isa</key>
			<string>PBXBuildFile</string>
		</dict>
		<key>42EE60301C2A44AA007CFCB4</key>
		<dict>
			<key>fileRef</key>
			<string>42EE60051C2A44AA007CFCB4</string>
			<key>isa</key>
			<string>PBXBuildFile</string>
		</dict>
		<key>42EE60311C2A44AA007CFCB4</key>
		<dict>
			<key>fileRef</key>
			<string>42EE60061C2A44AA007CFCB4</string>
			<key>isa</key>
			<string>PBXBuildFile</string>
		</dict>
		<key>42EE60321C2A44AA007CFCB4</key>
		<dict>
			<key>fileRef</key>
			<string>42EE60071C2A44AA007CFCB4</string>
			<key>isa</key>
			<string>PBXBuildFile</string>
		</dict>
		<key>42EE60331C2A44AA007CFCB4</key>
		<dict>
			<key>fileRef</key>
			<string>42EE60081C2A44AA007CFCB4</string>
			<key>isa</key>
			<string>PBXBuildFile</string>
		</dict>
		<key>42EE60341C2A44AA007CFCB4</key>
		<dict>
			<key>fileRef</key>
			<string>42EE60091C2A44AA007CFCB4</string>
			<key>isa</key>
			<string>PBXBuildFile</string>
		</dict>
		<key>42EE60351C2A44AA007CFCB4</key>
		<dict>
			<key>fileRef</key>
			<string>42EE600A1C2A44AA007CFCB4</string>
			<key>isa</key>
			<string>PBXBuildFile</string>
		</dict>
		<key>42EE60361C2A44AA007CFCB4</key>
		<dict>
			<key>fileRef</key>
			<string>42EE600B1C2A44AA007CFCB4</string>
			<key>isa</key>
			<string>PBXBuildFile</string>
		</dict>
		<key>42FF2D481D13F5FF003994A5</key>
		<dict>
			<key>fileRef</key>
			<string>42FF2D471D13F5FF003994A5</string>
			<key>isa</key>
			<string>PBXBuildFile</string>
		</dict>
		<key>42FF2D491D13FBFB003994A5</key>
		<dict>
			<key>children</key>
			<array>
				<string>42FF2D4A1D13FBFB003994A5</string>
				<string>42FF2D4B1D13FBFB003994A5</string>
				<string>42FF2D4C1D13FBFB003994A5</string>
				<string>42FF2D4D1D13FBFB003994A5</string>
				<string>42FF2D4E1D13FBFB003994A5</string>
				<string>42FF2D571D13FBFB003994A5</string>
				<string>42FF2D581D13FBFB003994A5</string>
			</array>
			<key>isa</key>
			<string>PBXGroup</string>
			<key>path</key>
			<string>speakhere</string>
			<key>sourceTree</key>
			<string>&lt;group&gt;</string>
		</dict>
		<key>42FF2D4A1D13FBFB003994A5</key>
		<dict>
			<key>fileEncoding</key>
			<string>4</string>
			<key>isa</key>
			<string>PBXFileReference</string>
			<key>lastKnownFileType</key>
			<string>sourcecode.c.h</string>
			<key>path</key>
			<string>AMRPlayer.h</string>
			<key>sourceTree</key>
			<string>&lt;group&gt;</string>
		</dict>
		<key>42FF2D4B1D13FBFB003994A5</key>
		<dict>
			<key>fileEncoding</key>
			<string>4</string>
			<key>isa</key>
			<string>PBXFileReference</string>
			<key>lastKnownFileType</key>
			<string>sourcecode.c.objc</string>
			<key>path</key>
			<string>AMRPlayer.m</string>
			<key>sourceTree</key>
			<string>&lt;group&gt;</string>
		</dict>
		<key>42FF2D4C1D13FBFB003994A5</key>
		<dict>
			<key>fileEncoding</key>
			<string>4</string>
			<key>isa</key>
			<string>PBXFileReference</string>
			<key>lastKnownFileType</key>
			<string>sourcecode.c.h</string>
			<key>path</key>
			<string>AQRecorder.h</string>
			<key>sourceTree</key>
			<string>&lt;group&gt;</string>
		</dict>
		<key>42FF2D4D1D13FBFB003994A5</key>
		<dict>
			<key>fileEncoding</key>
			<string>4</string>
			<key>isa</key>
			<string>PBXFileReference</string>
			<key>lastKnownFileType</key>
			<string>sourcecode.cpp.objcpp</string>
			<key>path</key>
			<string>AQRecorder.mm</string>
			<key>sourceTree</key>
			<string>&lt;group&gt;</string>
		</dict>
		<key>42FF2D4E1D13FBFB003994A5</key>
		<dict>
			<key>children</key>
			<array>
				<string>42FF2D4F1D13FBFB003994A5</string>
				<string>42FF2D501D13FBFB003994A5</string>
				<string>42FF2D551D13FBFB003994A5</string>
				<string>42FF2D561D13FBFB003994A5</string>
			</array>
			<key>isa</key>
			<string>PBXGroup</string>
			<key>path</key>
			<string>opencore</string>
			<key>sourceTree</key>
			<string>&lt;group&gt;</string>
		</dict>
		<key>42FF2D4F1D13FBFB003994A5</key>
		<dict>
			<key>fileEncoding</key>
			<string>4</string>
			<key>isa</key>
			<string>PBXFileReference</string>
			<key>lastKnownFileType</key>
			<string>text.script.sh</string>
			<key>path</key>
			<string>build-amr.sh</string>
			<key>sourceTree</key>
			<string>&lt;group&gt;</string>
		</dict>
		<key>42FF2D501D13FBFB003994A5</key>
		<dict>
			<key>children</key>
			<array>
				<string>42FF2D511D13FBFB003994A5</string>
				<string>42FF2D521D13FBFB003994A5</string>
				<string>42FF2D531D13FBFB003994A5</string>
				<string>42FF2D541D13FBFB003994A5</string>
			</array>
			<key>isa</key>
			<string>PBXGroup</string>
			<key>path</key>
			<string>include</string>
			<key>sourceTree</key>
			<string>&lt;group&gt;</string>
		</dict>
		<key>42FF2D511D13FBFB003994A5</key>
		<dict>
			<key>fileEncoding</key>
			<string>4</string>
			<key>isa</key>
			<string>PBXFileReference</string>
			<key>lastKnownFileType</key>
			<string>sourcecode.c.h</string>
			<key>path</key>
			<string>dec_if.h</string>
			<key>sourceTree</key>
			<string>&lt;group&gt;</string>
		</dict>
		<key>42FF2D521D13FBFB003994A5</key>
		<dict>
			<key>fileEncoding</key>
			<string>4</string>
			<key>isa</key>
			<string>PBXFileReference</string>
			<key>lastKnownFileType</key>
			<string>sourcecode.c.h</string>
			<key>path</key>
			<string>if_rom.h</string>
			<key>sourceTree</key>
			<string>&lt;group&gt;</string>
		</dict>
		<key>42FF2D531D13FBFB003994A5</key>
		<dict>
			<key>fileEncoding</key>
			<string>4</string>
			<key>isa</key>
			<string>PBXFileReference</string>
			<key>lastKnownFileType</key>
			<string>sourcecode.c.h</string>
			<key>path</key>
			<string>interf_dec.h</string>
			<key>sourceTree</key>
			<string>&lt;group&gt;</string>
		</dict>
		<key>42FF2D541D13FBFB003994A5</key>
		<dict>
			<key>fileEncoding</key>
			<string>4</string>
			<key>isa</key>
			<string>PBXFileReference</string>
			<key>lastKnownFileType</key>
			<string>sourcecode.c.h</string>
			<key>path</key>
			<string>interf_enc.h</string>
			<key>sourceTree</key>
			<string>&lt;group&gt;</string>
		</dict>
		<key>42FF2D551D13FBFB003994A5</key>
		<dict>
			<key>isa</key>
			<string>PBXFileReference</string>
			<key>lastKnownFileType</key>
			<string>archive.ar</string>
			<key>path</key>
			<string>libopencore-amrnb.a</string>
			<key>sourceTree</key>
			<string>&lt;group&gt;</string>
		</dict>
		<key>42FF2D561D13FBFB003994A5</key>
		<dict>
			<key>isa</key>
			<string>PBXFileReference</string>
			<key>lastKnownFileType</key>
			<string>archive.ar</string>
			<key>path</key>
			<string>libopencore-amrwb.a</string>
			<key>sourceTree</key>
			<string>&lt;group&gt;</string>
		</dict>
		<key>42FF2D571D13FBFB003994A5</key>
		<dict>
			<key>fileEncoding</key>
			<string>4</string>
			<key>isa</key>
			<string>PBXFileReference</string>
			<key>lastKnownFileType</key>
			<string>sourcecode.c.h</string>
			<key>path</key>
			<string>PlayerManager.h</string>
			<key>sourceTree</key>
			<string>&lt;group&gt;</string>
		</dict>
		<key>42FF2D581D13FBFB003994A5</key>
		<dict>
			<key>fileEncoding</key>
			<string>4</string>
			<key>isa</key>
			<string>PBXFileReference</string>
			<key>lastKnownFileType</key>
			<string>sourcecode.cpp.objcpp</string>
			<key>path</key>
			<string>PlayerManager.mm</string>
			<key>sourceTree</key>
			<string>&lt;group&gt;</string>
		</dict>
		<key>42FF2D591D13FBFB003994A5</key>
		<dict>
			<key>fileRef</key>
			<string>42FF2D4B1D13FBFB003994A5</string>
			<key>isa</key>
			<string>PBXBuildFile</string>
		</dict>
		<key>42FF2D5A1D13FBFB003994A5</key>
		<dict>
			<key>fileRef</key>
			<string>42FF2D4D1D13FBFB003994A5</string>
			<key>isa</key>
			<string>PBXBuildFile</string>
		</dict>
		<key>42FF2D5B1D13FBFB003994A5</key>
		<dict>
			<key>fileRef</key>
			<string>42FF2D551D13FBFB003994A5</string>
			<key>isa</key>
			<string>PBXBuildFile</string>
		</dict>
		<key>42FF2D5C1D13FBFB003994A5</key>
		<dict>
			<key>fileRef</key>
			<string>42FF2D561D13FBFB003994A5</string>
			<key>isa</key>
			<string>PBXBuildFile</string>
		</dict>
		<key>42FF2D5D1D13FBFB003994A5</key>
		<dict>
			<key>fileRef</key>
			<string>42FF2D581D13FBFB003994A5</string>
			<key>isa</key>
			<string>PBXBuildFile</string>
		</dict>
		<key>4752AA43C39E269C0C04BECB</key>
		<dict>
			<key>fileRef</key>
			<string>E0CB6675D8B39A16E942B9C0</string>
			<key>isa</key>
			<string>PBXBuildFile</string>
		</dict>
		<key>4C7379B2B5F6FEC25022AF2E</key>
		<dict>
			<key>fileRef</key>
			<string>DAD4B40B5920F859B88B6B59</string>
			<key>isa</key>
			<string>PBXBuildFile</string>
		</dict>
		<key>538CCEF08F5F2BE456BDC801</key>
		<dict>
			<key>fileEncoding</key>
			<string>4</string>
			<key>isa</key>
			<string>PBXFileReference</string>
			<key>lastKnownFileType</key>
			<string>wrapper.framework</string>
			<key>name</key>
			<string>AudioToolbox.framework</string>
			<key>path</key>
			<string>System/Library/Frameworks/AudioToolbox.framework</string>
			<key>sourceTree</key>
			<string>SDKROOT</string>
		</dict>
		<key>5A60A94918AB5F7500C727A6</key>
		<dict>
			<key>isa</key>
			<string>PBXFileReference</string>
			<key>lastKnownFileType</key>
			<string>sourcecode.c.h</string>
			<key>path</key>
			<string>EUExAudio.h</string>
			<key>sourceTree</key>
			<string>&lt;group&gt;</string>
		</dict>
		<key>5A9E686A18A9CEE300CEF1EA</key>
		<dict>
			<key>fileEncoding</key>
			<string>4</string>
			<key>isa</key>
			<string>PBXFileReference</string>
			<key>lastKnownFileType</key>
			<string>sourcecode.c.objc</string>
			<key>path</key>
			<string>EUExAudio.m</string>
			<key>sourceTree</key>
			<string>&lt;group&gt;</string>
		</dict>
		<key>5A9E686B18A9CEE300CEF1EA</key>
		<dict>
			<key>children</key>
			<array>
				<string>5A9E686C18A9CEE300CEF1EA</string>
				<string>5A9E687818A9CEE300CEF1EA</string>
				<string>5A9E688218A9CEE300CEF1EA</string>
				<string>5A9E688318A9CEE300CEF1EA</string>
				<string>5A9E688418A9CEE300CEF1EA</string>
				<string>5A9E688518A9CEE300CEF1EA</string>
				<string>5A9E688618A9CEE300CEF1EA</string>
				<string>5A9E688718A9CEE300CEF1EA</string>
				<string>5A9E688818A9CEE300CEF1EA</string>
				<string>5A9E688918A9CEE300CEF1EA</string>
				<string>5A9E688A18A9CEE300CEF1EA</string>
				<string>5A9E688B18A9CEE300CEF1EA</string>
				<string>5A9E688C18A9CEE300CEF1EA</string>
				<string>5A9E688D18A9CEE300CEF1EA</string>
				<string>5A9E688E18A9CEE300CEF1EA</string>
				<string>5A9E688F18A9CEE300CEF1EA</string>
				<string>F7E9D27E1AB7BA9A00F17A9C</string>
				<string>F7E9D27F1AB7BA9A00F17A9C</string>
				<string>42FF2D491D13FBFB003994A5</string>
			</array>
			<key>isa</key>
			<string>PBXGroup</string>
			<key>path</key>
			<string>sourceCode</string>
			<key>sourceTree</key>
			<string>&lt;group&gt;</string>
		</dict>
		<key>5A9E686C18A9CEE300CEF1EA</key>
		<dict>
			<key>children</key>
			<array>
				<string>5A9E686D18A9CEE300CEF1EA</string>
				<string>5A9E686E18A9CEE300CEF1EA</string>
				<string>5A9E686F18A9CEE300CEF1EA</string>
				<string>5A9E687018A9CEE300CEF1EA</string>
				<string>5A9E687118A9CEE300CEF1EA</string>
				<string>5A9E687218A9CEE300CEF1EA</string>
				<string>5A9E687318A9CEE300CEF1EA</string>
			</array>
			<key>isa</key>
			<string>PBXGroup</string>
			<key>path</key>
			<string>AudioPlayer</string>
			<key>sourceTree</key>
			<string>&lt;group&gt;</string>
		</dict>
		<key>5A9E686D18A9CEE300CEF1EA</key>
		<dict>
			<key>fileEncoding</key>
			<string>4</string>
			<key>isa</key>
			<string>PBXFileReference</string>
			<key>lastKnownFileType</key>
			<string>sourcecode.c.h</string>
			<key>path</key>
			<string>AudioButton.h</string>
			<key>sourceTree</key>
			<string>&lt;group&gt;</string>
		</dict>
		<key>5A9E686E18A9CEE300CEF1EA</key>
		<dict>
			<key>fileEncoding</key>
			<string>4</string>
			<key>isa</key>
			<string>PBXFileReference</string>
			<key>lastKnownFileType</key>
			<string>sourcecode.c.objc</string>
			<key>path</key>
			<string>AudioButton.m</string>
			<key>sourceTree</key>
			<string>&lt;group&gt;</string>
		</dict>
		<key>5A9E686F18A9CEE300CEF1EA</key>
		<dict>
			<key>fileEncoding</key>
			<string>4</string>
			<key>isa</key>
			<string>PBXFileReference</string>
			<key>lastKnownFileType</key>
			<string>sourcecode.c.h</string>
			<key>path</key>
			<string>AudioPlayer.h</string>
			<key>sourceTree</key>
			<string>&lt;group&gt;</string>
		</dict>
		<key>5A9E687018A9CEE300CEF1EA</key>
		<dict>
			<key>fileEncoding</key>
			<string>4</string>
			<key>isa</key>
			<string>PBXFileReference</string>
			<key>lastKnownFileType</key>
			<string>sourcecode.c.objc</string>
			<key>path</key>
			<string>AudioPlayer.m</string>
			<key>sourceTree</key>
			<string>&lt;group&gt;</string>
		</dict>
		<key>5A9E687118A9CEE300CEF1EA</key>
		<dict>
			<key>fileEncoding</key>
			<string>4</string>
			<key>isa</key>
			<string>PBXFileReference</string>
			<key>lastKnownFileType</key>
			<string>sourcecode.c.h</string>
			<key>path</key>
			<string>AudioStreamer.h</string>
			<key>sourceTree</key>
			<string>&lt;group&gt;</string>
		</dict>
		<key>5A9E687218A9CEE300CEF1EA</key>
		<dict>
			<key>fileEncoding</key>
			<string>4</string>
			<key>isa</key>
			<string>PBXFileReference</string>
			<key>lastKnownFileType</key>
			<string>sourcecode.c.objc</string>
			<key>path</key>
			<string>AudioStreamer.m</string>
			<key>sourceTree</key>
			<string>&lt;group&gt;</string>
		</dict>
		<key>5A9E687318A9CEE300CEF1EA</key>
		<dict>
			<key>children</key>
			<array>
				<string>5A9E687418A9CEE300CEF1EA</string>
				<string>5A9E687518A9CEE300CEF1EA</string>
				<string>5A9E687618A9CEE300CEF1EA</string>
				<string>5A9E687718A9CEE300CEF1EA</string>
			</array>
			<key>isa</key>
			<string>PBXGroup</string>
			<key>path</key>
			<string>images</string>
			<key>sourceTree</key>
			<string>&lt;group&gt;</string>
		</dict>
		<key>5A9E687418A9CEE300CEF1EA</key>
		<dict>
			<key>isa</key>
			<string>PBXFileReference</string>
			<key>lastKnownFileType</key>
			<string>image.png</string>
			<key>path</key>
			<string>loading.png</string>
			<key>sourceTree</key>
			<string>&lt;group&gt;</string>
		</dict>
		<key>5A9E687518A9CEE300CEF1EA</key>
		<dict>
			<key>isa</key>
			<string>PBXFileReference</string>
			<key>lastKnownFileType</key>
			<string>image.png</string>
			<key>path</key>
			<string>play.png</string>
			<key>sourceTree</key>
			<string>&lt;group&gt;</string>
		</dict>
		<key>5A9E687618A9CEE300CEF1EA</key>
		<dict>
			<key>isa</key>
			<string>PBXFileReference</string>
			<key>lastKnownFileType</key>
			<string>image.png</string>
			<key>path</key>
			<string>screenshots.png</string>
			<key>sourceTree</key>
			<string>&lt;group&gt;</string>
		</dict>
		<key>5A9E687718A9CEE300CEF1EA</key>
		<dict>
			<key>isa</key>
			<string>PBXFileReference</string>
			<key>lastKnownFileType</key>
			<string>image.png</string>
			<key>path</key>
			<string>stop.png</string>
			<key>sourceTree</key>
			<string>&lt;group&gt;</string>
		</dict>
		<key>5A9E687818A9CEE300CEF1EA</key>
		<dict>
			<key>children</key>
			<array>
				<string>5A9E687918A9CEE300CEF1EA</string>
				<string>5A9E687A18A9CEE300CEF1EA</string>
				<string>5A9E687B18A9CEE300CEF1EA</string>
				<string>5A9E687C18A9CEE300CEF1EA</string>
				<string>5A9E687D18A9CEE300CEF1EA</string>
				<string>5A9E687E18A9CEE300CEF1EA</string>
				<string>5A9E687F18A9CEE300CEF1EA</string>
				<string>5A9E688018A9CEE300CEF1EA</string>
				<string>5A9E688118A9CEE300CEF1EA</string>
			</array>
			<key>isa</key>
			<string>PBXGroup</string>
			<key>path</key>
			<string>iPublicUtility</string>
			<key>sourceTree</key>
			<string>&lt;group&gt;</string>
		</dict>
		<key>5A9E687918A9CEE300CEF1EA</key>
		<dict>
			<key>fileEncoding</key>
			<string>4</string>
			<key>isa</key>
			<string>PBXFileReference</string>
			<key>lastKnownFileType</key>
			<string>sourcecode.cpp.cpp</string>
			<key>path</key>
			<string>CADebugMacros.cpp</string>
			<key>sourceTree</key>
			<string>&lt;group&gt;</string>
		</dict>
		<key>5A9E687A18A9CEE300CEF1EA</key>
		<dict>
			<key>fileEncoding</key>
			<string>4</string>
			<key>isa</key>
			<string>PBXFileReference</string>
			<key>lastKnownFileType</key>
			<string>sourcecode.c.h</string>
			<key>path</key>
			<string>CADebugMacros.h</string>
			<key>sourceTree</key>
			<string>&lt;group&gt;</string>
		</dict>
		<key>5A9E687B18A9CEE300CEF1EA</key>
		<dict>
			<key>fileEncoding</key>
			<string>4</string>
			<key>isa</key>
			<string>PBXFileReference</string>
			<key>lastKnownFileType</key>
			<string>sourcecode.cpp.cpp</string>
			<key>path</key>
			<string>CADebugPrintf.cpp</string>
			<key>sourceTree</key>
			<string>&lt;group&gt;</string>
		</dict>
		<key>5A9E687C18A9CEE300CEF1EA</key>
		<dict>
			<key>fileEncoding</key>
			<string>4</string>
			<key>isa</key>
			<string>PBXFileReference</string>
			<key>lastKnownFileType</key>
			<string>sourcecode.c.h</string>
			<key>path</key>
			<string>CADebugPrintf.h</string>
			<key>sourceTree</key>
			<string>&lt;group&gt;</string>
		</dict>
		<key>5A9E687D18A9CEE300CEF1EA</key>
		<dict>
			<key>fileEncoding</key>
			<string>4</string>
			<key>isa</key>
			<string>PBXFileReference</string>
			<key>lastKnownFileType</key>
			<string>sourcecode.c.h</string>
			<key>path</key>
			<string>CAMath.h</string>
			<key>sourceTree</key>
			<string>&lt;group&gt;</string>
		</dict>
		<key>5A9E687E18A9CEE300CEF1EA</key>
		<dict>
			<key>fileEncoding</key>
			<string>4</string>
			<key>isa</key>
			<string>PBXFileReference</string>
			<key>lastKnownFileType</key>
			<string>sourcecode.cpp.cpp</string>
			<key>path</key>
			<string>CAStreamBasicDescription.cpp</string>
			<key>sourceTree</key>
			<string>&lt;group&gt;</string>
		</dict>
		<key>5A9E687F18A9CEE300CEF1EA</key>
		<dict>
			<key>fileEncoding</key>
			<string>4</string>
			<key>isa</key>
			<string>PBXFileReference</string>
			<key>lastKnownFileType</key>
			<string>sourcecode.c.h</string>
			<key>path</key>
			<string>CAStreamBasicDescription.h</string>
			<key>sourceTree</key>
			<string>&lt;group&gt;</string>
		</dict>
		<key>5A9E688018A9CEE300CEF1EA</key>
		<dict>
			<key>fileEncoding</key>
			<string>4</string>
			<key>isa</key>
			<string>PBXFileReference</string>
			<key>lastKnownFileType</key>
			<string>sourcecode.cpp.cpp</string>
			<key>path</key>
			<string>CAXException.cpp</string>
			<key>sourceTree</key>
			<string>&lt;group&gt;</string>
		</dict>
		<key>5A9E688118A9CEE300CEF1EA</key>
		<dict>
			<key>fileEncoding</key>
			<string>4</string>
			<key>isa</key>
			<string>PBXFileReference</string>
			<key>lastKnownFileType</key>
			<string>sourcecode.c.h</string>
			<key>path</key>
			<string>CAXException.h</string>
			<key>sourceTree</key>
			<string>&lt;group&gt;</string>
		</dict>
		<key>5A9E688218A9CEE300CEF1EA</key>
		<dict>
			<key>fileEncoding</key>
			<string>4</string>
			<key>isa</key>
			<string>PBXFileReference</string>
			<key>lastKnownFileType</key>
			<string>sourcecode.c.h</string>
			<key>path</key>
			<string>MusicListViewController.h</string>
			<key>sourceTree</key>
			<string>&lt;group&gt;</string>
		</dict>
		<key>5A9E688318A9CEE300CEF1EA</key>
		<dict>
			<key>fileEncoding</key>
			<string>4</string>
			<key>isa</key>
			<string>PBXFileReference</string>
			<key>lastKnownFileType</key>
			<string>sourcecode.c.objc</string>
			<key>path</key>
			<string>MusicListViewController.m</string>
			<key>sourceTree</key>
			<string>&lt;group&gt;</string>
		</dict>
		<key>5A9E688418A9CEE300CEF1EA</key>
		<dict>
			<key>fileEncoding</key>
			<string>4</string>
			<key>isa</key>
			<string>PBXFileReference</string>
			<key>lastKnownFileType</key>
			<string>sourcecode.c.h</string>
			<key>path</key>
			<string>MusicPlayerViewController.h</string>
			<key>sourceTree</key>
			<string>&lt;group&gt;</string>
		</dict>
		<key>5A9E688518A9CEE300CEF1EA</key>
		<dict>
			<key>fileEncoding</key>
			<string>4</string>
			<key>isa</key>
			<string>PBXFileReference</string>
			<key>lastKnownFileType</key>
			<string>sourcecode.c.objc</string>
			<key>path</key>
			<string>MusicPlayerViewController.m</string>
			<key>sourceTree</key>
			<string>&lt;group&gt;</string>
		</dict>
		<key>5A9E688618A9CEE300CEF1EA</key>
		<dict>
			<key>fileEncoding</key>
			<string>4</string>
			<key>isa</key>
			<string>PBXFileReference</string>
			<key>lastKnownFileType</key>
			<string>sourcecode.c.h</string>
			<key>path</key>
			<string>PFMusicPlayer.h</string>
			<key>sourceTree</key>
			<string>&lt;group&gt;</string>
		</dict>
		<key>5A9E688718A9CEE300CEF1EA</key>
		<dict>
			<key>fileEncoding</key>
			<string>4</string>
			<key>isa</key>
			<string>PBXFileReference</string>
			<key>lastKnownFileType</key>
			<string>sourcecode.c.objc</string>
			<key>path</key>
			<string>PFMusicPlayer.m</string>
			<key>sourceTree</key>
			<string>&lt;group&gt;</string>
		</dict>
		<key>5A9E688818A9CEE300CEF1EA</key>
		<dict>
			<key>fileEncoding</key>
			<string>4</string>
			<key>isa</key>
			<string>PBXFileReference</string>
			<key>lastKnownFileType</key>
			<string>sourcecode.c.h</string>
			<key>path</key>
			<string>PMusicPlayer.h</string>
			<key>sourceTree</key>
			<string>&lt;group&gt;</string>
		</dict>
		<key>5A9E688918A9CEE300CEF1EA</key>
		<dict>
			<key>fileEncoding</key>
			<string>4</string>
			<key>isa</key>
			<string>PBXFileReference</string>
			<key>lastKnownFileType</key>
			<string>sourcecode.c.objc</string>
			<key>path</key>
			<string>PMusicPlayer.m</string>
			<key>sourceTree</key>
			<string>&lt;group&gt;</string>
		</dict>
		<key>5A9E688A18A9CEE300CEF1EA</key>
		<dict>
			<key>fileEncoding</key>
			<string>4</string>
			<key>isa</key>
			<string>PBXFileReference</string>
			<key>lastKnownFileType</key>
			<string>sourcecode.c.h</string>
			<key>path</key>
			<string>Recorder.h</string>
			<key>sourceTree</key>
			<string>&lt;group&gt;</string>
		</dict>
		<key>5A9E688B18A9CEE300CEF1EA</key>
		<dict>
			<key>fileEncoding</key>
			<string>4</string>
			<key>isa</key>
			<string>PBXFileReference</string>
			<key>lastKnownFileType</key>
			<string>sourcecode.c.objc</string>
			<key>path</key>
			<string>Recorder.m</string>
			<key>sourceTree</key>
			<string>&lt;group&gt;</string>
		</dict>
		<key>5A9E688C18A9CEE300CEF1EA</key>
		<dict>
			<key>fileEncoding</key>
			<string>4</string>
			<key>isa</key>
			<string>PBXFileReference</string>
			<key>lastKnownFileType</key>
			<string>sourcecode.c.h</string>
			<key>path</key>
			<string>RecorderAmrController.h</string>
			<key>sourceTree</key>
			<string>&lt;group&gt;</string>
		</dict>
		<key>5A9E688D18A9CEE300CEF1EA</key>
		<dict>
			<key>fileEncoding</key>
			<string>4</string>
			<key>isa</key>
			<string>PBXFileReference</string>
			<key>lastKnownFileType</key>
			<string>sourcecode.c.objc</string>
			<key>path</key>
			<string>RecorderAmrController.m</string>
			<key>sourceTree</key>
			<string>&lt;group&gt;</string>
		</dict>
		<key>5A9E688E18A9CEE300CEF1EA</key>
		<dict>
			<key>fileEncoding</key>
			<string>4</string>
			<key>isa</key>
			<string>PBXFileReference</string>
			<key>lastKnownFileType</key>
			<string>sourcecode.c.h</string>
			<key>path</key>
			<string>RecorderController.h</string>
			<key>sourceTree</key>
			<string>&lt;group&gt;</string>
		</dict>
		<key>5A9E688F18A9CEE300CEF1EA</key>
		<dict>
			<key>fileEncoding</key>
			<string>4</string>
			<key>isa</key>
			<string>PBXFileReference</string>
			<key>lastKnownFileType</key>
			<string>sourcecode.c.objc</string>
			<key>path</key>
			<string>RecorderController.m</string>
			<key>sourceTree</key>
			<string>&lt;group&gt;</string>
		</dict>
		<key>5A9E68A018A9CEE300CEF1EA</key>
		<dict>
			<key>fileRef</key>
			<string>5A9E686A18A9CEE300CEF1EA</string>
			<key>isa</key>
			<string>PBXBuildFile</string>
		</dict>
		<key>5A9E68A118A9CEE300CEF1EA</key>
		<dict>
			<key>fileRef</key>
			<string>5A9E686E18A9CEE300CEF1EA</string>
			<key>isa</key>
			<string>PBXBuildFile</string>
		</dict>
		<key>5A9E68A218A9CEE300CEF1EA</key>
		<dict>
			<key>fileRef</key>
			<string>5A9E687018A9CEE300CEF1EA</string>
			<key>isa</key>
			<string>PBXBuildFile</string>
		</dict>
		<key>5A9E68A318A9CEE300CEF1EA</key>
		<dict>
			<key>fileRef</key>
			<string>5A9E687218A9CEE300CEF1EA</string>
			<key>isa</key>
			<string>PBXBuildFile</string>
		</dict>
		<key>5A9E68A418A9CEE300CEF1EA</key>
		<dict>
			<key>fileRef</key>
			<string>5A9E687918A9CEE300CEF1EA</string>
			<key>isa</key>
			<string>PBXBuildFile</string>
		</dict>
		<key>5A9E68A518A9CEE300CEF1EA</key>
		<dict>
			<key>fileRef</key>
			<string>5A9E687B18A9CEE300CEF1EA</string>
			<key>isa</key>
			<string>PBXBuildFile</string>
		</dict>
		<key>5A9E68A618A9CEE300CEF1EA</key>
		<dict>
			<key>fileRef</key>
			<string>5A9E687E18A9CEE300CEF1EA</string>
			<key>isa</key>
			<string>PBXBuildFile</string>
		</dict>
		<key>5A9E68A718A9CEE300CEF1EA</key>
		<dict>
			<key>fileRef</key>
			<string>5A9E688018A9CEE300CEF1EA</string>
			<key>isa</key>
			<string>PBXBuildFile</string>
		</dict>
		<key>5A9E68A818A9CEE300CEF1EA</key>
		<dict>
			<key>fileRef</key>
			<string>5A9E688318A9CEE300CEF1EA</string>
			<key>isa</key>
			<string>PBXBuildFile</string>
		</dict>
		<key>5A9E68A918A9CEE300CEF1EA</key>
		<dict>
			<key>fileRef</key>
			<string>5A9E688518A9CEE300CEF1EA</string>
			<key>isa</key>
			<string>PBXBuildFile</string>
		</dict>
		<key>5A9E68AA18A9CEE300CEF1EA</key>
		<dict>
			<key>fileRef</key>
			<string>5A9E688718A9CEE300CEF1EA</string>
			<key>isa</key>
			<string>PBXBuildFile</string>
		</dict>
		<key>5A9E68AB18A9CEE300CEF1EA</key>
		<dict>
			<key>fileRef</key>
			<string>5A9E688918A9CEE300CEF1EA</string>
			<key>isa</key>
			<string>PBXBuildFile</string>
		</dict>
		<key>5A9E68AC18A9CEE300CEF1EA</key>
		<dict>
			<key>fileRef</key>
			<string>5A9E688B18A9CEE300CEF1EA</string>
			<key>isa</key>
			<string>PBXBuildFile</string>
		</dict>
		<key>5A9E68AD18A9CEE300CEF1EA</key>
		<dict>
			<key>fileRef</key>
			<string>5A9E688D18A9CEE300CEF1EA</string>
			<key>isa</key>
			<string>PBXBuildFile</string>
		</dict>
		<key>5A9E68AE18A9CEE300CEF1EA</key>
		<dict>
			<key>fileRef</key>
			<string>5A9E688F18A9CEE300CEF1EA</string>
			<key>isa</key>
			<string>PBXBuildFile</string>
		</dict>
		<key>5AA8D48A188F967200C854BC</key>
		<dict>
			<key>children</key>
			<array>
				<string>5AA8D498188F967300C854BC</string>
				<string>42EE5FDC1C2A43D7007CFCB4</string>
				<string>5AA8D495188F967300C854BC</string>
				<string>EC98A4966D5ACC23018BDEBC</string>
				<string>DF7B09E41E1FFC1347E78E87</string>
				<string>E0CB6675D8B39A16E942B9C0</string>
				<string>5AA8D494188F967300C854BC</string>
			</array>
			<key>isa</key>
			<string>PBXGroup</string>
			<key>sourceTree</key>
			<string>&lt;group&gt;</string>
		</dict>
		<key>5AA8D48B188F967200C854BC</key>
		<dict>
			<key>attributes</key>
			<dict>
				<key>LastUpgradeCheck</key>
				<string>0500</string>
				<key>ORGANIZATIONNAME</key>
				<string>xll</string>
				<key>TargetAttributes</key>
				<dict>
					<key>42EE5FDA1C2A43D7007CFCB4</key>
					<dict>
						<key>CreatedOnToolsVersion</key>
						<string>7.2</string>
					</dict>
				</dict>
			</dict>
			<key>buildConfigurationList</key>
			<string>5AA8D48E188F967200C854BC</string>
			<key>compatibilityVersion</key>
			<string>Xcode 3.2</string>
			<key>developmentRegion</key>
			<string>English</string>
			<key>hasScannedForEncodings</key>
			<string>0</string>
			<key>isa</key>
			<string>PBXProject</string>
			<key>knownRegions</key>
			<array>
				<string>en</string>
			</array>
			<key>mainGroup</key>
			<string>5AA8D48A188F967200C854BC</string>
			<key>productRefGroup</key>
			<string>5AA8D494188F967300C854BC</string>
			<key>projectDirPath</key>
			<string></string>
			<key>projectRoot</key>
			<string></string>
			<key>targets</key>
			<array>
				<string>5AA8D492188F967300C854BC</string>
				<string>42EE5FDA1C2A43D7007CFCB4</string>
			</array>
		</dict>
		<key>5AA8D48E188F967200C854BC</key>
		<dict>
			<key>buildConfigurations</key>
			<array>
				<string>5AA8D4B4188F967300C854BC</string>
				<string>5AA8D4B5188F967300C854BC</string>
			</array>
			<key>defaultConfigurationIsVisible</key>
			<string>0</string>
			<key>defaultConfigurationName</key>
			<string>Release</string>
			<key>isa</key>
			<string>XCConfigurationList</string>
		</dict>
		<key>5AA8D48F188F967300C854BC</key>
		<dict>
			<key>buildActionMask</key>
			<string>2147483647</string>
			<key>files</key>
			<array>
				<string>F7E9D2801AB7BA9A00F17A9C</string>
				<string>5A9E68A518A9CEE300CEF1EA</string>
				<string>5A9E68A918A9CEE300CEF1EA</string>
				<string>42FF2D5A1D13FBFB003994A5</string>
				<string>5A9E68AD18A9CEE300CEF1EA</string>
				<string>42FF2D591D13FBFB003994A5</string>
				<string>42FF2D5D1D13FBFB003994A5</string>
				<string>5A9E68A118A9CEE300CEF1EA</string>
				<string>5A9E68AB18A9CEE300CEF1EA</string>
				<string>5A9E68A818A9CEE300CEF1EA</string>
				<string>5A9E68AC18A9CEE300CEF1EA</string>
				<string>5A9E68AA18A9CEE300CEF1EA</string>
				<string>5A9E68A218A9CEE300CEF1EA</string>
				<string>5A9E68A018A9CEE300CEF1EA</string>
				<string>5A9E68A718A9CEE300CEF1EA</string>
				<string>5A9E68A418A9CEE300CEF1EA</string>
				<string>5A9E68A318A9CEE300CEF1EA</string>
				<string>5A9E68AE18A9CEE300CEF1EA</string>
				<string>5A9E68A618A9CEE300CEF1EA</string>
			</array>
			<key>isa</key>
			<string>PBXSourcesBuildPhase</string>
			<key>runOnlyForDeploymentPostprocessing</key>
			<string>0</string>
		</dict>
		<key>5AA8D490188F967300C854BC</key>
		<dict>
			<key>buildActionMask</key>
			<string>2147483647</string>
			<key>files</key>
			<array>
				<string>F7A4F4B919C02A1300B4C716</string>
				<string>F7A4F4B719C02A0300B4C716</string>
				<string>42FF2D5C1D13FBFB003994A5</string>
				<string>F7A4F4B519C029F600B4C716</string>
				<string>42FF2D5B1D13FBFB003994A5</string>
				<string>5AA8D497188F967300C854BC</string>
				<string>F7A53BE819C687A800CA9EEE</string>
				<string>CA600C7E904E36FC8A9A3DE4</string>
				<string>9827E2DB250673B734517435</string>
				<string>2287DC35162EC61E0E433295</string>
				<string>29B53EF56D60167B010B54D7</string>
				<string>1DACAB6CC13280F535E2EEA6</string>
				<string>4C7379B2B5F6FEC25022AF2E</string>
				<string>FE5DDB1A36070DE0FCE5C58E</string>
				<string>D0E53F561E2B8186B6F14775</string>
				<string>E3D51D638403690F5C7BD296</string>
				<string>7E26461E8125C660FF1097E6</string>
				<string>30A42E19ABA322EB1A392BFB</string>
				<string>F437B1C7E306B78498EB5569</string>
			</array>
			<key>isa</key>
			<string>PBXFrameworksBuildPhase</string>
			<key>runOnlyForDeploymentPostprocessing</key>
			<string>0</string>
		</dict>
		<key>5AA8D491188F967300C854BC</key>
		<dict>
			<key>buildActionMask</key>
			<string>2147483647</string>
			<key>dstPath</key>
			<string>include/$(PRODUCT_NAME)</string>
			<key>dstSubfolderSpec</key>
			<string>16</string>
			<key>files</key>
			<array/>
			<key>isa</key>
			<string>PBXCopyFilesBuildPhase</string>
			<key>runOnlyForDeploymentPostprocessing</key>
			<string>0</string>
		</dict>
		<key>5AA8D492188F967300C854BC</key>
		<dict>
			<key>buildConfigurationList</key>
			<string>5AA8D4B6188F967300C854BC</string>
			<key>buildPhases</key>
			<array>
				<string>5AA8D48F188F967300C854BC</string>
				<string>5AA8D490188F967300C854BC</string>
				<string>C9788328D040ECD27F0F8E9D</string>
			</array>
			<key>buildRules</key>
			<array/>
			<key>dependencies</key>
			<array/>
			<key>isa</key>
			<string>PBXNativeTarget</string>
			<key>name</key>
			<string>EUExAudio</string>
			<key>productName</key>
			<string>EUExAudio</string>
			<key>productReference</key>
			<string>5AA8D493188F967300C854BC</string>
			<key>productType</key>
			<string>com.apple.product-type.framework</string>
		</dict>
		<key>5AA8D493188F967300C854BC</key>
		<dict>
			<key>explicitFileType</key>
			<string>archive.ar</string>
			<key>includeInIndex</key>
			<string>0</string>
			<key>isa</key>
			<string>PBXFileReference</string>
			<key>name</key>
			<string>uexAudio.framework</string>
			<key>path</key>
			<string>uexAudio.framework</string>
			<key>sourceTree</key>
			<string>BUILT_PRODUCTS_DIR</string>
		</dict>
		<key>5AA8D494188F967300C854BC</key>
		<dict>
			<key>children</key>
			<array>
				<string>5AA8D493188F967300C854BC</string>
				<string>42EE5FDB1C2A43D7007CFCB4</string>
			</array>
			<key>isa</key>
			<string>PBXGroup</string>
			<key>name</key>
			<string>Products</string>
			<key>sourceTree</key>
			<string>&lt;group&gt;</string>
		</dict>
		<key>5AA8D495188F967300C854BC</key>
		<dict>
			<key>children</key>
			<array>
				<string>3C04B1061CC22FCD00B2265A</string>
				<string>3C04B1041CC22F9A00B2265A</string>
				<string>F7A4F4B819C02A1300B4C716</string>
				<string>F7A4F4B619C02A0300B4C716</string>
				<string>F7A4F4B419C029F600B4C716</string>
				<string>5AA8D496188F967300C854BC</string>
			</array>
			<key>isa</key>
			<string>PBXGroup</string>
			<key>name</key>
			<string>Frameworks</string>
			<key>sourceTree</key>
			<string>&lt;group&gt;</string>
		</dict>
		<key>5AA8D496188F967300C854BC</key>
		<dict>
			<key>isa</key>
			<string>PBXFileReference</string>
			<key>lastKnownFileType</key>
			<string>wrapper.framework</string>
			<key>name</key>
			<string>Foundation.framework</string>
			<key>path</key>
			<string>System/Library/Frameworks/Foundation.framework</string>
			<key>sourceTree</key>
			<string>SDKROOT</string>
		</dict>
		<key>5AA8D497188F967300C854BC</key>
		<dict>
			<key>fileRef</key>
			<string>5AA8D496188F967300C854BC</string>
			<key>isa</key>
			<string>PBXBuildFile</string>
		</dict>
		<key>5AA8D498188F967300C854BC</key>
		<dict>
			<key>children</key>
			<array>
				<string>42FF2D471D13F5FF003994A5</string>
				<string>F7A4F4B019C0260F00B4C716</string>
				<string>5A60A94918AB5F7500C727A6</string>
				<string>5A9E686A18A9CEE300CEF1EA</string>
				<string>5A9E686B18A9CEE300CEF1EA</string>
				<string>5AA8D4BC188F970500C854BC</string>
				<string>5AA8D499188F967300C854BC</string>
			</array>
			<key>isa</key>
			<string>PBXGroup</string>
			<key>path</key>
			<string>EUExAudio</string>
			<key>sourceTree</key>
			<string>&lt;group&gt;</string>
		</dict>
		<key>5AA8D499188F967300C854BC</key>
		<dict>
			<key>children</key>
			<array>
				<string>5AA8D49A188F967300C854BC</string>
			</array>
			<key>isa</key>
			<string>PBXGroup</string>
			<key>name</key>
			<string>Supporting Files</string>
			<key>sourceTree</key>
			<string>&lt;group&gt;</string>
		</dict>
		<key>5AA8D49A188F967300C854BC</key>
		<dict>
			<key>isa</key>
			<string>PBXFileReference</string>
			<key>lastKnownFileType</key>
			<string>sourcecode.c.h</string>
			<key>path</key>
			<string>EUExAudio-Prefix.pch</string>
			<key>sourceTree</key>
			<string>&lt;group&gt;</string>
		</dict>
		<key>5AA8D4B4188F967300C854BC</key>
		<dict>
			<key>buildSettings</key>
			<dict>
				<key>ALWAYS_SEARCH_USER_PATHS</key>
				<string>NO</string>
				<key>ARCHS</key>
				<string>$(ARCHS_STANDARD)</string>
				<key>CLANG_CXX_LANGUAGE_STANDARD</key>
				<string>gnu++0x</string>
				<key>CLANG_CXX_LIBRARY</key>
				<string>libc++</string>
				<key>CLANG_ENABLE_MODULES</key>
				<string>YES</string>
				<key>CLANG_ENABLE_OBJC_ARC</key>
				<string>NO</string>
				<key>CLANG_WARN_BOOL_CONVERSION</key>
				<string>YES</string>
				<key>CLANG_WARN_CONSTANT_CONVERSION</key>
				<string>YES</string>
				<key>CLANG_WARN_DIRECT_OBJC_ISA_USAGE</key>
				<string>YES_ERROR</string>
				<key>CLANG_WARN_EMPTY_BODY</key>
				<string>YES</string>
				<key>CLANG_WARN_ENUM_CONVERSION</key>
				<string>YES</string>
				<key>CLANG_WARN_INT_CONVERSION</key>
				<string>YES</string>
				<key>CLANG_WARN_OBJC_ROOT_CLASS</key>
				<string>YES_ERROR</string>
				<key>CLANG_WARN__DUPLICATE_METHOD_MATCH</key>
				<string>YES</string>
				<key>CONFIGURATION_BUILD_DIR</key>
				<string>$(SRCROOT)/uexAudio/</string>
				<key>CONFIGURATION_TEMP_DIR</key>
				<string>$(PROJECT_TEMP_DIR)/$(CONFIGURATION)$(EFFECTIVE_PLATFORM_NAME)</string>
				<key>COPY_PHASE_STRIP</key>
				<string>NO</string>
				<key>DEBUG_INFORMATION_FORMAT</key>
				<string>dwarf</string>
				<key>GCC_C_LANGUAGE_STANDARD</key>
				<string>gnu99</string>
				<key>GCC_DYNAMIC_NO_PIC</key>
				<string>NO</string>
				<key>GCC_OPTIMIZATION_LEVEL</key>
				<string>0</string>
				<key>GCC_PREPROCESSOR_DEFINITIONS</key>
				<array>
					<string>DEBUG=1</string>
					<string>$(inherited)</string>
				</array>
				<key>GCC_SYMBOLS_PRIVATE_EXTERN</key>
				<string>NO</string>
				<key>GCC_WARN_64_TO_32_BIT_CONVERSION</key>
				<string>YES</string>
				<key>GCC_WARN_ABOUT_RETURN_TYPE</key>
				<string>YES_ERROR</string>
				<key>GCC_WARN_UNDECLARED_SELECTOR</key>
				<string>YES</string>
				<key>GCC_WARN_UNINITIALIZED_AUTOS</key>
				<string>YES</string>
				<key>GCC_WARN_UNUSED_FUNCTION</key>
				<string>YES</string>
				<key>GCC_WARN_UNUSED_VARIABLE</key>
				<string>YES</string>
				<key>HEADER_SEARCH_PATHS</key>
				<string></string>
				<key>IPHONEOS_DEPLOYMENT_TARGET</key>
				<string>8.0</string>
				<key>ONLY_ACTIVE_ARCH</key>
				<string>NO</string>
				<key>SDKROOT</key>
				<string>iphoneos</string>
				<key>SHARED_PRECOMPS_DIR</key>
				<string></string>
				<key>TARGETED_DEVICE_FAMILY</key>
				<string>1,2</string>
			</dict>
			<key>isa</key>
			<string>XCBuildConfiguration</string>
			<key>name</key>
			<string>Debug</string>
		</dict>
		<key>5AA8D4B5188F967300C854BC</key>
		<dict>
			<key>buildSettings</key>
			<dict>
				<key>ALWAYS_SEARCH_USER_PATHS</key>
				<string>NO</string>
				<key>ARCHS</key>
				<string>$(ARCHS_STANDARD)</string>
				<key>CLANG_CXX_LANGUAGE_STANDARD</key>
				<string>gnu++0x</string>
				<key>CLANG_CXX_LIBRARY</key>
				<string>libc++</string>
				<key>CLANG_ENABLE_MODULES</key>
				<string>YES</string>
				<key>CLANG_ENABLE_OBJC_ARC</key>
				<string>NO</string>
				<key>CLANG_WARN_BOOL_CONVERSION</key>
				<string>YES</string>
				<key>CLANG_WARN_CONSTANT_CONVERSION</key>
				<string>YES</string>
				<key>CLANG_WARN_DIRECT_OBJC_ISA_USAGE</key>
				<string>YES_ERROR</string>
				<key>CLANG_WARN_EMPTY_BODY</key>
				<string>YES</string>
				<key>CLANG_WARN_ENUM_CONVERSION</key>
				<string>YES</string>
				<key>CLANG_WARN_INT_CONVERSION</key>
				<string>YES</string>
				<key>CLANG_WARN_OBJC_ROOT_CLASS</key>
				<string>YES_ERROR</string>
				<key>CLANG_WARN__DUPLICATE_METHOD_MATCH</key>
				<string>YES</string>
				<key>CONFIGURATION_BUILD_DIR</key>
				<string>$(SRCROOT)/uexAudio/</string>
				<key>CONFIGURATION_TEMP_DIR</key>
				<string>$(PROJECT_TEMP_DIR)/$(CONFIGURATION)$(EFFECTIVE_PLATFORM_NAME)</string>
				<key>COPY_PHASE_STRIP</key>
				<string>YES</string>
				<key>DEBUG_INFORMATION_FORMAT</key>
				<string>dwarf</string>
				<key>ENABLE_NS_ASSERTIONS</key>
				<string>NO</string>
				<key>GCC_C_LANGUAGE_STANDARD</key>
				<string>gnu99</string>
				<key>GCC_WARN_64_TO_32_BIT_CONVERSION</key>
				<string>YES</string>
				<key>GCC_WARN_ABOUT_RETURN_TYPE</key>
				<string>YES_ERROR</string>
				<key>GCC_WARN_UNDECLARED_SELECTOR</key>
				<string>YES</string>
				<key>GCC_WARN_UNINITIALIZED_AUTOS</key>
				<string>YES</string>
				<key>GCC_WARN_UNUSED_FUNCTION</key>
				<string>YES</string>
				<key>GCC_WARN_UNUSED_VARIABLE</key>
				<string>YES</string>
				<key>HEADER_SEARCH_PATHS</key>
				<string></string>
				<key>IPHONEOS_DEPLOYMENT_TARGET</key>
				<string>8.0</string>
				<key>ONLY_ACTIVE_ARCH</key>
				<string>NO</string>
				<key>SDKROOT</key>
				<string>iphoneos</string>
				<key>SHARED_PRECOMPS_DIR</key>
				<string></string>
				<key>TARGETED_DEVICE_FAMILY</key>
				<string>1,2</string>
				<key>VALIDATE_PRODUCT</key>
				<string>YES</string>
			</dict>
			<key>isa</key>
			<string>XCBuildConfiguration</string>
			<key>name</key>
			<string>Release</string>
		</dict>
		<key>5AA8D4B6188F967300C854BC</key>
		<dict>
			<key>buildConfigurations</key>
			<array>
				<string>5AA8D4B7188F967300C854BC</string>
				<string>5AA8D4B8188F967300C854BC</string>
			</array>
			<key>defaultConfigurationIsVisible</key>
			<string>0</string>
			<key>defaultConfigurationName</key>
			<string>Release</string>
			<key>isa</key>
			<string>XCConfigurationList</string>
		</dict>
		<key>5AA8D4B7188F967300C854BC</key>
		<dict>
			<key>buildSettings</key>
			<dict>
				<key>ARCHS</key>
				<string>$(ARCHS_STANDARD)</string>
				<key>BUNDLE_IDENTIFIER</key>
				<string>com.zywx.runner</string>
				<key>CLANG_CXX_LANGUAGE_STANDARD</key>
				<string>compiler-default</string>
				<key>CLANG_CXX_LIBRARY</key>
				<string>compiler-default</string>
				<key>CLANG_ENABLE_OBJC_ARC</key>
				<string>YES</string>
				<key>CONFIGURATION_BUILD_DIR</key>
				<string>$(SRCROOT)/uexAudio/IDE/</string>
				<key>DEBUG_INFORMATION_FORMAT</key>
				<string>dwarf</string>
				<key>DEFINES_MODULE</key>
				<string>YES</string>
				<key>DSTROOT</key>
				<string>/tmp/EUExAudio.dst</string>
				<key>DYLIB_COMPATIBILITY_VERSION</key>
				<string>1</string>
				<key>DYLIB_CURRENT_VERSION</key>
				<string>1</string>
				<key>DYLIB_INSTALL_NAME_BASE</key>
				<string>@rpath</string>
				<key>ENABLE_BITCODE</key>
				<string>NO</string>
				<key>FRAMEWORK_SEARCH_PATHS</key>
				<array>
					<string>$(inherited)</string>
					<string>$(PROJECT_DIR)/EUExAudio</string>
					<string>$(PROJECT_DIR)</string>
					<string>$(SRCROOT)/../../AppCanPluginTools-iOS/resource/IDEPluginProjectPackageResource</string>
				</array>
				<key>GCC_PRECOMPILE_PREFIX_HEADER</key>
				<string>YES</string>
				<key>GCC_PREFIX_HEADER</key>
				<string>EUExAudio/EUExAudio-Prefix.pch</string>
				<key>HEADER_SEARCH_PATHS</key>
				<array>
					<string>$(SRCROOT)/../../AppCanPluginTools-iOS/resource/IDEPluginProjectPackageResource</string>
				</array>
				<key>INFOPLIST_FILE</key>
				<string>$(SRCROOT)/../../AppCanPluginTools-iOS/resource/IDEPluginProjectPackageResource/info.plist</string>
				<key>INSTALL_PATH</key>
				<string>$(LOCAL_LIBRARY_DIR)/Frameworks</string>
				<key>IPHONEOS_DEPLOYMENT_TARGET</key>
				<string>8.0</string>
				<key>LD_RUNPATH_SEARCH_PATHS</key>
				<array>
					<string>$(inherited)</string>
					<string>@executable_path/Frameworks</string>
					<string>@executable_path</string>
					<string>@loader_path/Frameworks</string>
					<string>@loader_path</string>
				</array>
				<key>LIBRARY_SEARCH_PATHS</key>
				<array>
					<string>$(inherited)</string>
					<string>$(SRCROOT)/EUExAudio/sourceCode/speakhere/opencore</string>
					<string>$(PROJECT_DIR)/EUExAudio/lame</string>
					<string>$(PROJECT_DIR)/EUExAudio/sourceCode/speakhere/opencore</string>
					<string>$(SRCROOT)/../../AppCanPluginTools-iOS/resource/IDEPluginProjectPackageResource</string>
				</array>
				<key>OTHER_LDFLAGS</key>
				<array>
					<string>-ObjC</string>
					<string>$(SRCROOT)/../../AppCanPluginTools-iOS/resource/IDEPluginProjectPackageResource/AppCanKit.framework/AppCanKit</string>
				</array>
				<key>PRODUCT_NAME</key>
				<string>uexAudio</string>
				<key>PROVISIONING_PROFILE</key>
				<string>3046553f-5c0d-4f94-8f3c-dd49ce267880</string>
				<key>SKIP_INSTALL</key>
				<string>YES</string>
			</dict>
			<key>isa</key>
			<string>XCBuildConfiguration</string>
			<key>name</key>
			<string>Debug</string>
		</dict>
		<key>5AA8D4B8188F967300C854BC</key>
		<dict>
			<key>buildSettings</key>
			<dict>
				<key>ARCHS</key>
				<string>$(ARCHS_STANDARD)</string>
				<key>BUNDLE_IDENTIFIER</key>
				<string>com.zywx.runner</string>
				<key>CLANG_CXX_LANGUAGE_STANDARD</key>
				<string>compiler-default</string>
				<key>CLANG_CXX_LIBRARY</key>
				<string>compiler-default</string>
				<key>CLANG_ENABLE_OBJC_ARC</key>
				<string>YES</string>
				<key>CONFIGURATION_BUILD_DIR</key>
				<string>$(SRCROOT)/uexAudio/IDE/</string>
				<key>DEBUG_INFORMATION_FORMAT</key>
				<string>dwarf</string>
				<key>DEFINES_MODULE</key>
				<string>YES</string>
				<key>DSTROOT</key>
				<string>/tmp/EUExAudio.dst</string>
				<key>DYLIB_COMPATIBILITY_VERSION</key>
				<string>1</string>
				<key>DYLIB_CURRENT_VERSION</key>
				<string>1</string>
				<key>DYLIB_INSTALL_NAME_BASE</key>
				<string>@rpath</string>
				<key>ENABLE_BITCODE</key>
				<string>NO</string>
				<key>FRAMEWORK_SEARCH_PATHS</key>
				<array>
					<string>$(inherited)</string>
					<string>$(PROJECT_DIR)/EUExAudio</string>
					<string>$(PROJECT_DIR)</string>
					<string>$(SRCROOT)/../../AppCanPluginTools-iOS/resource/IDEPluginProjectPackageResource</string>
				</array>
				<key>GCC_PRECOMPILE_PREFIX_HEADER</key>
				<string>YES</string>
				<key>GCC_PREFIX_HEADER</key>
				<string>EUExAudio/EUExAudio-Prefix.pch</string>
				<key>HEADER_SEARCH_PATHS</key>
				<array>
					<string>$(SRCROOT)/../../AppCanPluginTools-iOS/resource/IDEPluginProjectPackageResource</string>
				</array>
				<key>INFOPLIST_FILE</key>
				<string>$(SRCROOT)/../../AppCanPluginTools-iOS/resource/IDEPluginProjectPackageResource/info.plist</string>
				<key>INSTALL_PATH</key>
				<string>$(LOCAL_LIBRARY_DIR)/Frameworks</string>
				<key>IPHONEOS_DEPLOYMENT_TARGET</key>
				<string>8.0</string>
				<key>LD_RUNPATH_SEARCH_PATHS</key>
				<array>
					<string>$(inherited)</string>
					<string>@executable_path/Frameworks</string>
					<string>@executable_path</string>
					<string>@loader_path/Frameworks</string>
					<string>@loader_path</string>
				</array>
				<key>LIBRARY_SEARCH_PATHS</key>
				<array>
					<string>$(inherited)</string>
					<string>$(SRCROOT)/EUExAudio/sourceCode/speakhere/opencore</string>
					<string>$(PROJECT_DIR)/EUExAudio/lame</string>
					<string>$(PROJECT_DIR)/EUExAudio/sourceCode/speakhere/opencore</string>
					<string>$(SRCROOT)/../../AppCanPluginTools-iOS/resource/IDEPluginProjectPackageResource</string>
				</array>
				<key>OTHER_LDFLAGS</key>
				<array>
					<string>-ObjC</string>
					<string>$(SRCROOT)/../../AppCanPluginTools-iOS/resource/IDEPluginProjectPackageResource/AppCanKit.framework/AppCanKit</string>
				</array>
				<key>PRODUCT_NAME</key>
				<string>uexAudio</string>
				<key>PROVISIONING_PROFILE</key>
				<string>3046553f-5c0d-4f94-8f3c-dd49ce267880</string>
				<key>SKIP_INSTALL</key>
				<string>YES</string>
			</dict>
			<key>isa</key>
			<string>XCBuildConfiguration</string>
			<key>name</key>
			<string>Release</string>
		</dict>
		<key>5AA8D4BC188F970500C854BC</key>
		<dict>
			<key>children</key>
			<array>
				<string>5AA8D4BE188F970500C854BC</string>
			</array>
			<key>isa</key>
			<string>PBXGroup</string>
			<key>path</key>
			<string>engineHeader</string>
			<key>sourceTree</key>
			<string>&lt;group&gt;</string>
		</dict>
		<key>5AA8D4BE188F970500C854BC</key>
		<dict>
			<key>fileEncoding</key>
			<string>4</string>
			<key>isa</key>
			<string>PBXFileReference</string>
			<key>lastKnownFileType</key>
			<string>sourcecode.c.h</string>
			<key>path</key>
			<string>EUExBaseDefine.h</string>
			<key>sourceTree</key>
			<string>&lt;group&gt;</string>
		</dict>
		<key>6E60615CF91997574B81F950</key>
		<dict>
			<key>fileEncoding</key>
			<string>4</string>
			<key>isa</key>
			<string>PBXFileReference</string>
			<key>lastKnownFileType</key>
			<string>archive.ar</string>
			<key>name</key>
			<string>libz.tbd</string>
			<key>path</key>
			<string>usr/lib/libz.tbd</string>
			<key>sourceTree</key>
			<string>SDKROOT</string>
		</dict>
		<key>765CEAB4449A03045E1A2278</key>
		<dict>
			<key>fileEncoding</key>
			<string>4</string>
			<key>isa</key>
			<string>PBXFileReference</string>
			<key>lastKnownFileType</key>
			<string>wrapper.framework</string>
			<key>name</key>
			<string>CoreGraphics.framework</string>
			<key>path</key>
			<string>System/Library/Frameworks/CoreGraphics.framework</string>
			<key>sourceTree</key>
			<string>SDKROOT</string>
		</dict>
		<key>7E26461E8125C660FF1097E6</key>
		<dict>
			<key>fileRef</key>
			<string>DACC6830266CE936FD4A906A</string>
			<key>isa</key>
			<string>PBXBuildFile</string>
		</dict>
		<key>9827E2DB250673B734517435</key>
		<dict>
			<key>fileRef</key>
			<string>538CCEF08F5F2BE456BDC801</string>
			<key>isa</key>
			<string>PBXBuildFile</string>
		</dict>
		<key>AC13B722601F8A4E2A568B11</key>
		<dict>
			<key>fileEncoding</key>
			<string>4</string>
			<key>isa</key>
			<string>PBXFileReference</string>
			<key>lastKnownFileType</key>
			<string>wrapper.framework</string>
			<key>name</key>
			<string>AppCanEngine.framework</string>
			<key>path</key>
			<string>../../../AppCanPluginTools-iOS/resource/IDEPluginProjectPackageResource/AppCanEngine.framework</string>
			<key>sourceTree</key>
			<string>&lt;group&gt;</string>
		</dict>
		<key>BAC399931F6794E6A880ADBD</key>
		<dict>
			<key>fileEncoding</key>
			<string>4</string>
			<key>isa</key>
			<string>PBXFileReference</string>
			<key>lastKnownFileType</key>
			<string>archive.ar</string>
			<key>name</key>
			<string>libstdc++.tbd</string>
			<key>path</key>
			<string>usr/lib/libstdc++.tbd</string>
			<key>sourceTree</key>
			<string>SDKROOT</string>
		</dict>
		<key>BADAC86ABA8D3843CE158808</key>
		<dict>
			<key>fileRef</key>
			<string>E0CB6675D8B39A16E942B9C0</string>
			<key>isa</key>
			<string>PBXBuildFile</string>
		</dict>
		<key>BB443D030A2A381D0525904D</key>
		<dict>
			<key>fileEncoding</key>
			<string>4</string>
			<key>isa</key>
			<string>PBXFileReference</string>
			<key>lastKnownFileType</key>
			<string>wrapper.framework</string>
			<key>name</key>
			<string>MapKit.framework</string>
			<key>path</key>
			<string>System/Library/Frameworks/MapKit.framework</string>
			<key>sourceTree</key>
			<string>SDKROOT</string>
		</dict>
		<key>C9788328D040ECD27F0F8E9D</key>
		<dict>
			<key>buildActionMask</key>
			<string>2147483647</string>
			<key>files</key>
			<array>
				<string>4752AA43C39E269C0C04BECB</string>
			</array>
			<key>isa</key>
			<string>PBXResourcesBuildPhase</string>
			<key>runOnlyForDeploymentPostprocessing</key>
			<string>0</string>
		</dict>
		<key>CA600C7E904E36FC8A9A3DE4</key>
		<dict>
			<key>fileRef</key>
			<string>BB443D030A2A381D0525904D</string>
			<key>isa</key>
			<string>PBXBuildFile</string>
		</dict>
		<key>CDFC824790220822343691B3</key>
		<dict>
			<key>fileEncoding</key>
			<string>4</string>
			<key>isa</key>
			<string>PBXFileReference</string>
			<key>lastKnownFileType</key>
			<string>wrapper.framework</string>
			<key>name</key>
			<string>ImageIO.framework</string>
			<key>path</key>
			<string>System/Library/Frameworks/ImageIO.framework</string>
			<key>sourceTree</key>
			<string>SDKROOT</string>
		</dict>
		<key>D0E53F561E2B8186B6F14775</key>
		<dict>
			<key>fileRef</key>
			<string>324ED6D76A2DD2C2E46B2BB4</string>
			<key>isa</key>
			<string>PBXBuildFile</string>
		</dict>
		<key>D1F21CB01B3BE7A4E9098CCE</key>
		<dict>
			<key>fileEncoding</key>
			<string>4</string>
			<key>isa</key>
			<string>PBXFileReference</string>
			<key>lastKnownFileType</key>
			<string>wrapper.framework</string>
			<key>name</key>
			<string>UIKit.framework</string>
			<key>path</key>
			<string>System/Library/Frameworks/UIKit.framework</string>
			<key>sourceTree</key>
			<string>SDKROOT</string>
		</dict>
		<key>DACC6830266CE936FD4A906A</key>
		<dict>
			<key>fileEncoding</key>
			<string>4</string>
			<key>isa</key>
			<string>PBXFileReference</string>
			<key>lastKnownFileType</key>
			<string>archive.ar</string>
			<key>name</key>
			<string>libsqlite3.tbd</string>
			<key>path</key>
			<string>usr/lib/libsqlite3.tbd</string>
			<key>sourceTree</key>
			<string>SDKROOT</string>
		</dict>
		<key>DAD4B40B5920F859B88B6B59</key>
		<dict>
			<key>fileEncoding</key>
			<string>4</string>
			<key>isa</key>
			<string>PBXFileReference</string>
			<key>lastKnownFileType</key>
			<string>wrapper.framework</string>
			<key>name</key>
			<string>MobileCoreServices.framework</string>
			<key>path</key>
			<string>System/Library/Frameworks/MobileCoreServices.framework</string>
			<key>sourceTree</key>
			<string>SDKROOT</string>
		</dict>
		<key>DF7B09E41E1FFC1347E78E87</key>
		<dict>
			<key>children</key>
			<array>
				<string>AC13B722601F8A4E2A568B11</string>
				<string>24C1534E9B2AAECB55A8F487</string>
			</array>
			<key>isa</key>
			<string>PBXGroup</string>
			<key>path</key>
			<string>AppCanEngine</string>
			<key>sourceTree</key>
			<string>&lt;group&gt;</string>
		</dict>
		<key>E0CB6675D8B39A16E942B9C0</key>
		<dict>
			<key>fileEncoding</key>
			<string>4</string>
			<key>isa</key>
			<string>PBXFileReference</string>
			<key>lastKnownFileType</key>
			<string>wrapper.cfbundle</string>
			<key>name</key>
			<string>uexAudio.bundle</string>
			<key>path</key>
			<string>uexAudio/uexAudio.bundle</string>
			<key>sourceTree</key>
			<string>&lt;group&gt;</string>
		</dict>
		<key>E3D51D638403690F5C7BD296</key>
		<dict>
			<key>fileRef</key>
			<string>3C04B1041CC22F9A00B2265A</string>
			<key>isa</key>
			<string>PBXBuildFile</string>
		</dict>
		<key>EC98A4966D5ACC23018BDEBC</key>
		<dict>
			<key>children</key>
			<array>
				<string>BB443D030A2A381D0525904D</string>
				<string>538CCEF08F5F2BE456BDC801</string>
				<string>14EB8F12ADD2701315E0BBD9</string>
				<string>CDFC824790220822343691B3</string>
				<string>0B702D79A90778360245361C</string>
				<string>DAD4B40B5920F859B88B6B59</string>
				<string>D1F21CB01B3BE7A4E9098CCE</string>
				<string>765CEAB4449A03045E1A2278</string>
				<string>42086D6230B5F223328BC06F</string>
				<string>324ED6D76A2DD2C2E46B2BB4</string>
				<string>BAC399931F6794E6A880ADBD</string>
				<string>DACC6830266CE936FD4A906A</string>
				<string>6E60615CF91997574B81F950</string>
			</array>
			<key>isa</key>
			<string>PBXGroup</string>
			<key>path</key>
			<string>IDE-Frameworks</string>
			<key>sourceTree</key>
			<string>&lt;group&gt;</string>
		</dict>
		<key>F437B1C7E306B78498EB5569</key>
		<dict>
			<key>fileRef</key>
			<string>AC13B722601F8A4E2A568B11</string>
			<key>isa</key>
			<string>PBXBuildFile</string>
		</dict>
		<key>F7A4F4B019C0260F00B4C716</key>
		<dict>
			<key>children</key>
			<array>
				<string>F7A53BE719C687A800CA9EEE</string>
				<string>F7A4F4B119C0260F00B4C716</string>
			</array>
			<key>isa</key>
			<string>PBXGroup</string>
			<key>path</key>
			<string>lame</string>
			<key>sourceTree</key>
			<string>&lt;group&gt;</string>
		</dict>
		<key>F7A4F4B119C0260F00B4C716</key>
		<dict>
			<key>fileEncoding</key>
			<string>4</string>
			<key>isa</key>
			<string>PBXFileReference</string>
			<key>lastKnownFileType</key>
			<string>sourcecode.c.h</string>
			<key>path</key>
			<string>lame.h</string>
			<key>sourceTree</key>
			<string>&lt;group&gt;</string>
		</dict>
		<key>F7A4F4B419C029F600B4C716</key>
		<dict>
			<key>isa</key>
			<string>PBXFileReference</string>
			<key>lastKnownFileType</key>
			<string>wrapper.framework</string>
			<key>name</key>
			<string>AVFoundation.framework</string>
			<key>path</key>
			<string>System/Library/Frameworks/AVFoundation.framework</string>
			<key>sourceTree</key>
			<string>SDKROOT</string>
		</dict>
		<key>F7A4F4B519C029F600B4C716</key>
		<dict>
			<key>fileRef</key>
			<string>F7A4F4B419C029F600B4C716</string>
			<key>isa</key>
			<string>PBXBuildFile</string>
		</dict>
		<key>F7A4F4B619C02A0300B4C716</key>
		<dict>
			<key>isa</key>
			<string>PBXFileReference</string>
			<key>lastKnownFileType</key>
			<string>wrapper.framework</string>
			<key>name</key>
			<string>CoreGraphics.framework</string>
			<key>path</key>
			<string>System/Library/Frameworks/CoreGraphics.framework</string>
			<key>sourceTree</key>
			<string>SDKROOT</string>
		</dict>
		<key>F7A4F4B719C02A0300B4C716</key>
		<dict>
			<key>fileRef</key>
			<string>F7A4F4B619C02A0300B4C716</string>
			<key>isa</key>
			<string>PBXBuildFile</string>
		</dict>
		<key>F7A4F4B819C02A1300B4C716</key>
		<dict>
			<key>isa</key>
			<string>PBXFileReference</string>
			<key>lastKnownFileType</key>
			<string>wrapper.framework</string>
			<key>name</key>
			<string>UIKit.framework</string>
			<key>path</key>
			<string>System/Library/Frameworks/UIKit.framework</string>
			<key>sourceTree</key>
			<string>SDKROOT</string>
		</dict>
		<key>F7A4F4B919C02A1300B4C716</key>
		<dict>
			<key>fileRef</key>
			<string>F7A4F4B819C02A1300B4C716</string>
			<key>isa</key>
			<string>PBXBuildFile</string>
		</dict>
		<key>F7A53BE719C687A800CA9EEE</key>
		<dict>
			<key>isa</key>
			<string>PBXFileReference</string>
			<key>lastKnownFileType</key>
			<string>archive.ar</string>
			<key>path</key>
			<string>libmp3lame.a</string>
			<key>sourceTree</key>
			<string>&lt;group&gt;</string>
		</dict>
		<key>F7A53BE819C687A800CA9EEE</key>
		<dict>
			<key>fileRef</key>
			<string>F7A53BE719C687A800CA9EEE</string>
			<key>isa</key>
			<string>PBXBuildFile</string>
		</dict>
		<key>F7E9D27E1AB7BA9A00F17A9C</key>
		<dict>
			<key>fileEncoding</key>
			<string>4</string>
			<key>isa</key>
			<string>PBXFileReference</string>
			<key>lastKnownFileType</key>
			<string>sourcecode.c.h</string>
			<key>path</key>
			<string>RecorderMp3Controller.h</string>
			<key>sourceTree</key>
			<string>&lt;group&gt;</string>
		</dict>
		<key>F7E9D27F1AB7BA9A00F17A9C</key>
		<dict>
			<key>fileEncoding</key>
			<string>4</string>
			<key>isa</key>
			<string>PBXFileReference</string>
			<key>lastKnownFileType</key>
			<string>sourcecode.c.objc</string>
			<key>path</key>
			<string>RecorderMp3Controller.m</string>
			<key>sourceTree</key>
			<string>&lt;group&gt;</string>
		</dict>
		<key>F7E9D2801AB7BA9A00F17A9C</key>
		<dict>
			<key>fileRef</key>
			<string>F7E9D27F1AB7BA9A00F17A9C</string>
			<key>isa</key>
			<string>PBXBuildFile</string>
		</dict>
		<key>FE5DDB1A36070DE0FCE5C58E</key>
		<dict>
			<key>fileRef</key>
			<string>42086D6230B5F223328BC06F</string>
			<key>isa</key>
			<string>PBXBuildFile</string>
		</dict>
	</dict>
	<key>rootObject</key>
	<string>5AA8D48B188F967200C854BC</string>
</dict>
</plist>
