<?xml version="1.0" encoding="UTF-8"?>
<!DOCTYPE plist PUBLIC "-//Apple//DTD PLIST 1.0//EN" "http://www.apple.com/DTDs/PropertyList-1.0.dtd">
<plist version="1.0">
<dict>
	<key>archiveVersion</key>
	<string>1</string>
	<key>classes</key>
	<dict/>
	<key>objectVersion</key>
	<string>46</string>
	<key>objects</key>
	<dict>
		<key>071D22780C08C0B0EFED59F7</key>
		<dict>
			<key>fileRef</key>
			<string>147C72F2B9EBC3498E3CE29F</string>
			<key>isa</key>
			<string>PBXBuildFile</string>
		</dict>
		<key>115529CDF68E5516A7253458</key>
		<dict>
			<key>fileEncoding</key>
			<string>4</string>
			<key>isa</key>
			<string>PBXFileReference</string>
			<key>lastKnownFileType</key>
			<string>wrapper.framework</string>
			<key>name</key>
			<string>CFNetWork.framework</string>
			<key>path</key>
			<string>System/Library/Frameworks/CFNetWork.framework</string>
			<key>sourceTree</key>
			<string>SDKROOT</string>
		</dict>
		<key>1255488A93092818D8544FFA</key>
		<dict>
			<key>fileEncoding</key>
			<string>4</string>
			<key>isa</key>
			<string>PBXFileReference</string>
			<key>lastKnownFileType</key>
			<string>wrapper.framework</string>
			<key>name</key>
			<string>SystemConfiguration.framework</string>
			<key>path</key>
			<string>System/Library/Frameworks/SystemConfiguration.framework</string>
			<key>sourceTree</key>
			<string>SDKROOT</string>
		</dict>
		<key>147C72F2B9EBC3498E3CE29F</key>
		<dict>
			<key>fileEncoding</key>
			<string>4</string>
			<key>isa</key>
			<string>PBXFileReference</string>
			<key>lastKnownFileType</key>
			<string>wrapper.framework</string>
			<key>name</key>
			<string>QuartzCore.framework</string>
			<key>path</key>
			<string>System/Library/Frameworks/QuartzCore.framework</string>
			<key>sourceTree</key>
			<string>SDKROOT</string>
		</dict>
		<key>207EA74D31548688CED7B959</key>
		<dict>
			<key>fileEncoding</key>
			<string>4</string>
			<key>isa</key>
			<string>PBXFileReference</string>
			<key>lastKnownFileType</key>
			<string>text.plist.strings</string>
			<key>name</key>
			<string>info.plist</string>
			<key>path</key>
			<string>../../../AppCanPluginTools-iOS/resource/IDEPluginProjectPackageResource/info.plist</string>
			<key>sourceTree</key>
			<string>&lt;group&gt;</string>
		</dict>
		<key>2974830DC3DA026A5096893C</key>
		<dict>
			<key>fileRef</key>
			<string>988305FC5CF2A1A8617463A0</string>
			<key>isa</key>
			<string>PBXBuildFile</string>
		</dict>
		<key>2E151ACA5F33CE978CFF8955</key>
		<dict>
			<key>fileEncoding</key>
			<string>4</string>
			<key>isa</key>
			<string>PBXFileReference</string>
			<key>lastKnownFileType</key>
			<string>archive.ar</string>
			<key>name</key>
			<string>libsqlite3.tbd</string>
			<key>path</key>
			<string>usr/lib/libsqlite3.tbd</string>
			<key>sourceTree</key>
			<string>SDKROOT</string>
		</dict>
		<key>31C7209CC23246F265BAAAAC</key>
		<dict>
			<key>fileRef</key>
			<string>115529CDF68E5516A7253458</string>
			<key>isa</key>
			<string>PBXBuildFile</string>
		</dict>
		<key>3AF57B05F6FBB09D9E8570CF</key>
		<dict>
			<key>fileRef</key>
			<string>1255488A93092818D8544FFA</string>
			<key>isa</key>
			<string>PBXBuildFile</string>
		</dict>
		<key>407DC7FAFDEE0657B83F8422</key>
		<dict>
			<key>fileRef</key>
			<string>B383A297E4CF1293F3FE6416</string>
			<key>isa</key>
			<string>PBXBuildFile</string>
		</dict>
		<key>42EE5FD71C2A43D7007CFCB4</key>
		<dict>
			<key>buildActionMask</key>
			<string>2147483647</string>
			<key>files</key>
			<array/>
			<key>isa</key>
			<string>PBXSourcesBuildPhase</string>
			<key>runOnlyForDeploymentPostprocessing</key>
			<string>0</string>
		</dict>
		<key>42EE5FD81C2A43D7007CFCB4</key>
		<dict>
			<key>buildActionMask</key>
			<string>2147483647</string>
			<key>files</key>
			<array/>
			<key>isa</key>
			<string>PBXFrameworksBuildPhase</string>
			<key>runOnlyForDeploymentPostprocessing</key>
			<string>0</string>
		</dict>
		<key>42EE5FD91C2A43D7007CFCB4</key>
		<dict>
			<key>buildActionMask</key>
			<string>2147483647</string>
			<key>files</key>
			<array>
				<string>42EE60151C2A44AA007CFCB4</string>
				<string>42EE60201C2A44AA007CFCB4</string>
				<string>42EE60331C2A44AA007CFCB4</string>
				<string>42EE602C1C2A44AA007CFCB4</string>
				<string>42EE600F1C2A44AA007CFCB4</string>
				<string>42EE60281C2A44AA007CFCB4</string>
				<string>42EE600E1C2A44AA007CFCB4</string>
				<string>42EE60311C2A44AA007CFCB4</string>
				<string>42EE601B1C2A44AA007CFCB4</string>
				<string>42EE60121C2A44AA007CFCB4</string>
				<string>42EE60221C2A44AA007CFCB4</string>
				<string>42EE600D1C2A44AA007CFCB4</string>
				<string>42EE60251C2A44AA007CFCB4</string>
				<string>42EE60171C2A44AA007CFCB4</string>
				<string>42EE602A1C2A44AA007CFCB4</string>
				<string>42EE601E1C2A44AA007CFCB4</string>
				<string>42EE60231C2A44AA007CFCB4</string>
				<string>42EE60271C2A44AA007CFCB4</string>
				<string>42EE600C1C2A44AA007CFCB4</string>
				<string>42EE601C1C2A44AA007CFCB4</string>
				<string>42EE602B1C2A44AA007CFCB4</string>
				<string>42EE60341C2A44AA007CFCB4</string>
				<string>42EE60301C2A44AA007CFCB4</string>
				<string>42EE60211C2A44AA007CFCB4</string>
				<string>42EE60181C2A44AA007CFCB4</string>
				<string>42EE60161C2A44AA007CFCB4</string>
				<string>42EE60101C2A44AA007CFCB4</string>
				<string>42EE60351C2A44AA007CFCB4</string>
				<string>42EE60321C2A44AA007CFCB4</string>
				<string>42EE602E1C2A44AA007CFCB4</string>
				<string>42EE601A1C2A44AA007CFCB4</string>
				<string>42EE60191C2A44AA007CFCB4</string>
				<string>42EE60111C2A44AA007CFCB4</string>
				<string>42EE60241C2A44AA007CFCB4</string>
				<string>42EE601F1C2A44AA007CFCB4</string>
				<string>42EE60131C2A44AA007CFCB4</string>
				<string>42EE601D1C2A44AA007CFCB4</string>
				<string>42EE602D1C2A44AA007CFCB4</string>
				<string>42EE60291C2A44AA007CFCB4</string>
				<string>42EE60261C2A44AA007CFCB4</string>
				<string>42EE602F1C2A44AA007CFCB4</string>
				<string>42EE60361C2A44AA007CFCB4</string>
				<string>42EE60141C2A44AA007CFCB4</string>
			</array>
			<key>isa</key>
			<string>PBXResourcesBuildPhase</string>
			<key>runOnlyForDeploymentPostprocessing</key>
			<string>0</string>
		</dict>
		<key>42EE5FDA1C2A43D7007CFCB4</key>
		<dict>
			<key>buildConfigurationList</key>
			<string>42EE5FE01C2A43D7007CFCB4</string>
			<key>buildPhases</key>
			<array>
				<string>42EE5FD71C2A43D7007CFCB4</string>
				<string>42EE5FD81C2A43D7007CFCB4</string>
				<string>42EE5FD91C2A43D7007CFCB4</string>
			</array>
			<key>buildRules</key>
			<array/>
			<key>dependencies</key>
			<array/>
			<key>isa</key>
			<string>PBXNativeTarget</string>
			<key>name</key>
			<string>uexAudioBundle</string>
			<key>productName</key>
			<string>uexAudioBundle</string>
			<key>productReference</key>
			<string>42EE5FDB1C2A43D7007CFCB4</string>
			<key>productType</key>
			<string>com.apple.product-type.bundle</string>
		</dict>
		<key>42EE5FDB1C2A43D7007CFCB4</key>
		<dict>
			<key>explicitFileType</key>
			<string>wrapper.cfbundle</string>
			<key>includeInIndex</key>
			<string>0</string>
			<key>isa</key>
			<string>PBXFileReference</string>
			<key>path</key>
			<string>uexAudio.bundle</string>
			<key>sourceTree</key>
			<string>BUILT_PRODUCTS_DIR</string>
		</dict>
		<key>42EE5FDC1C2A43D7007CFCB4</key>
		<dict>
			<key>children</key>
			<array>
				<string>42EE5FE11C2A44AA007CFCB4</string>
				<string>42EE5FE21C2A44AA007CFCB4</string>
				<string>42EE5FE31C2A44AA007CFCB4</string>
				<string>42EE5FE41C2A44AA007CFCB4</string>
				<string>42EE5FE51C2A44AA007CFCB4</string>
				<string>42EE5FE61C2A44AA007CFCB4</string>
				<string>42EE5FE71C2A44AA007CFCB4</string>
				<string>42EE5FE81C2A44AA007CFCB4</string>
				<string>42EE5FE91C2A44AA007CFCB4</string>
				<string>42EE5FEA1C2A44AA007CFCB4</string>
				<string>42EE5FEB1C2A44AA007CFCB4</string>
				<string>42EE5FEC1C2A44AA007CFCB4</string>
				<string>42EE5FED1C2A44AA007CFCB4</string>
				<string>42EE5FEE1C2A44AA007CFCB4</string>
				<string>42EE5FEF1C2A44AA007CFCB4</string>
				<string>42EE5FF01C2A44AA007CFCB4</string>
				<string>42EE5FF11C2A44AA007CFCB4</string>
				<string>42EE5FF21C2A44AA007CFCB4</string>
				<string>42EE5FF31C2A44AA007CFCB4</string>
				<string>42EE5FF41C2A44AA007CFCB4</string>
				<string>42EE5FF51C2A44AA007CFCB4</string>
				<string>42EE5FF61C2A44AA007CFCB4</string>
				<string>42EE5FF71C2A44AA007CFCB4</string>
				<string>42EE5FF81C2A44AA007CFCB4</string>
				<string>42EE5FF91C2A44AA007CFCB4</string>
				<string>42EE5FFA1C2A44AA007CFCB4</string>
				<string>42EE5FFB1C2A44AA007CFCB4</string>
				<string>42EE5FFC1C2A44AA007CFCB4</string>
				<string>42EE5FFD1C2A44AA007CFCB4</string>
				<string>42EE5FFE1C2A44AA007CFCB4</string>
				<string>42EE5FFF1C2A44AA007CFCB4</string>
				<string>42EE60001C2A44AA007CFCB4</string>
				<string>42EE60011C2A44AA007CFCB4</string>
				<string>42EE60021C2A44AA007CFCB4</string>
				<string>42EE60031C2A44AA007CFCB4</string>
				<string>42EE60041C2A44AA007CFCB4</string>
				<string>42EE60051C2A44AA007CFCB4</string>
				<string>42EE60061C2A44AA007CFCB4</string>
				<string>42EE60071C2A44AA007CFCB4</string>
				<string>42EE60081C2A44AA007CFCB4</string>
				<string>42EE60091C2A44AA007CFCB4</string>
				<string>42EE600A1C2A44AA007CFCB4</string>
				<string>42EE600B1C2A44AA007CFCB4</string>
			</array>
			<key>isa</key>
			<string>PBXGroup</string>
			<key>path</key>
			<string>uexAudioBundle</string>
			<key>sourceTree</key>
			<string>&lt;group&gt;</string>
		</dict>
		<key>42EE5FDE1C2A43D7007CFCB4</key>
		<dict>
			<key>buildSettings</key>
			<dict>
				<key>CLANG_ENABLE_OBJC_ARC</key>
				<string>YES</string>
				<key>CLANG_WARN_UNREACHABLE_CODE</key>
				<string>YES</string>
				<key>CODE_SIGN_IDENTITY</key>
				<string>-</string>
				<key>COMBINE_HIDPI_IMAGES</key>
				<string>NO</string>
				<key>DEBUG_INFORMATION_FORMAT</key>
				<string>dwarf</string>
				<key>ENABLE_STRICT_OBJC_MSGSEND</key>
				<string>YES</string>
				<key>ENABLE_TESTABILITY</key>
				<string>YES</string>
				<key>GCC_NO_COMMON_BLOCKS</key>
				<string>YES</string>
				<key>GCC_WARN_UNINITIALIZED_AUTOS</key>
				<string>YES_AGGRESSIVE</string>
				<key>INFOPLIST_EXPAND_BUILD_SETTINGS</key>
				<string>NO</string>
				<key>INSTALL_PATH</key>
				<string>$(LOCAL_LIBRARY_DIR)/Bundles</string>
				<key>MACOSX_DEPLOYMENT_TARGET</key>
				<string>10.11</string>
				<key>MTL_ENABLE_DEBUG_INFO</key>
				<string>YES</string>
				<key>ONLY_ACTIVE_ARCH</key>
				<string>YES</string>
				<key>PRODUCT_BUNDLE_IDENTIFIER</key>
				<string>com.zywx.uexAudioBundle</string>
				<key>PRODUCT_MODULE_NAME</key>
				<string>uexAudio</string>
				<key>PRODUCT_NAME</key>
				<string>uexAudio</string>
				<key>SDKROOT</key>
				<string>iphoneos</string>
				<key>SKIP_INSTALL</key>
				<string>YES</string>
				<key>WRAPPER_EXTENSION</key>
				<string>bundle</string>
			</dict>
			<key>isa</key>
			<string>XCBuildConfiguration</string>
			<key>name</key>
			<string>Debug</string>
		</dict>
		<key>42EE5FDF1C2A43D7007CFCB4</key>
		<dict>
			<key>buildSettings</key>
			<dict>
				<key>CLANG_ENABLE_OBJC_ARC</key>
				<string>YES</string>
				<key>CLANG_WARN_UNREACHABLE_CODE</key>
				<string>YES</string>
				<key>CODE_SIGN_IDENTITY</key>
				<string>-</string>
				<key>COMBINE_HIDPI_IMAGES</key>
				<string>NO</string>
				<key>COPY_PHASE_STRIP</key>
				<string>NO</string>
				<key>DEBUG_INFORMATION_FORMAT</key>
				<string>dwarf</string>
				<key>ENABLE_STRICT_OBJC_MSGSEND</key>
				<string>YES</string>
				<key>GCC_NO_COMMON_BLOCKS</key>
				<string>YES</string>
				<key>GCC_WARN_UNINITIALIZED_AUTOS</key>
				<string>YES_AGGRESSIVE</string>
				<key>INFOPLIST_EXPAND_BUILD_SETTINGS</key>
				<string>NO</string>
				<key>INSTALL_PATH</key>
				<string>$(LOCAL_LIBRARY_DIR)/Bundles</string>
				<key>MACOSX_DEPLOYMENT_TARGET</key>
				<string>10.11</string>
				<key>MTL_ENABLE_DEBUG_INFO</key>
				<string>NO</string>
				<key>PRODUCT_BUNDLE_IDENTIFIER</key>
				<string>com.zywx.uexAudioBundle</string>
				<key>PRODUCT_MODULE_NAME</key>
				<string>uexAudio</string>
				<key>PRODUCT_NAME</key>
				<string>uexAudio</string>
				<key>SDKROOT</key>
				<string>iphoneos</string>
				<key>SKIP_INSTALL</key>
				<string>YES</string>
				<key>WRAPPER_EXTENSION</key>
				<string>bundle</string>
			</dict>
			<key>isa</key>
			<string>XCBuildConfiguration</string>
			<key>name</key>
			<string>Release</string>
		</dict>
		<key>42EE5FE01C2A43D7007CFCB4</key>
		<dict>
			<key>buildConfigurations</key>
			<array>
				<string>42EE5FDE1C2A43D7007CFCB4</string>
				<string>42EE5FDF1C2A43D7007CFCB4</string>
			</array>
			<key>defaultConfigurationIsVisible</key>
			<string>0</string>
			<key>isa</key>
			<string>XCConfigurationList</string>
		</dict>
		<key>42EE5FE11C2A44AA007CFCB4</key>
		<dict>
			<key>isa</key>
			<string>PBXFileReference</string>
			<key>lastKnownFileType</key>
			<string>image.png</string>
			<key>path</key>
			<string>footerbg.png</string>
			<key>sourceTree</key>
			<string>&lt;group&gt;</string>
		</dict>
		<key>42EE5FE21C2A44AA007CFCB4</key>
		<dict>
			<key>isa</key>
			<string>PBXFileReference</string>
			<key>lastKnownFileType</key>
			<string>image.png</string>
			<key>path</key>
			<string>footerbg@2x.png</string>
			<key>sourceTree</key>
			<string>&lt;group&gt;</string>
		</dict>
		<key>42EE5FE31C2A44AA007CFCB4</key>
		<dict>
			<key>isa</key>
			<string>PBXFileReference</string>
			<key>lastKnownFileType</key>
			<string>image.png</string>
			<key>path</key>
			<string>parse_disable.png</string>
			<key>sourceTree</key>
			<string>&lt;group&gt;</string>
		</dict>
		<key>42EE5FE41C2A44AA007CFCB4</key>
		<dict>
			<key>isa</key>
			<string>PBXFileReference</string>
			<key>lastKnownFileType</key>
			<string>image.png</string>
			<key>path</key>
			<string>parse_focus.png</string>
			<key>sourceTree</key>
			<string>&lt;group&gt;</string>
		</dict>
		<key>42EE5FE51C2A44AA007CFCB4</key>
		<dict>
			<key>isa</key>
			<string>PBXFileReference</string>
			<key>lastKnownFileType</key>
			<string>image.png</string>
			<key>path</key>
			<string>parse_narmal.png</string>
			<key>sourceTree</key>
			<string>&lt;group&gt;</string>
		</dict>
		<key>42EE5FE61C2A44AA007CFCB4</key>
		<dict>
			<key>isa</key>
			<string>PBXFileReference</string>
			<key>lastKnownFileType</key>
			<string>image.png</string>
			<key>path</key>
			<string>plugin_arrow_left.png</string>
			<key>sourceTree</key>
			<string>&lt;group&gt;</string>
		</dict>
		<key>42EE5FE71C2A44AA007CFCB4</key>
		<dict>
			<key>isa</key>
			<string>PBXFileReference</string>
			<key>lastKnownFileType</key>
			<string>image.png</string>
			<key>path</key>
			<string>plugin_arrow_left@2x.png</string>
			<key>sourceTree</key>
			<string>&lt;group&gt;</string>
		</dict>
		<key>42EE5FE81C2A44AA007CFCB4</key>
		<dict>
			<key>isa</key>
			<string>PBXFileReference</string>
			<key>lastKnownFileType</key>
			<string>image.png</string>
			<key>path</key>
			<string>plugin_arrow_right.png</string>
			<key>sourceTree</key>
			<string>&lt;group&gt;</string>
		</dict>
		<key>42EE5FE91C2A44AA007CFCB4</key>
		<dict>
			<key>isa</key>
			<string>PBXFileReference</string>
			<key>lastKnownFileType</key>
			<string>image.png</string>
			<key>path</key>
			<string>plugin_arrow_right@2x.png</string>
			<key>sourceTree</key>
			<string>&lt;group&gt;</string>
		</dict>
		<key>42EE5FEA1C2A44AA007CFCB4</key>
		<dict>
			<key>isa</key>
			<string>PBXFileReference</string>
			<key>lastKnownFileType</key>
			<string>image.png</string>
			<key>path</key>
			<string>plugin_audio_recorder_bg_dot.png</string>
			<key>sourceTree</key>
			<string>&lt;group&gt;</string>
		</dict>
		<key>42EE5FEB1C2A44AA007CFCB4</key>
		<dict>
			<key>isa</key>
			<string>PBXFileReference</string>
			<key>lastKnownFileType</key>
			<string>image.png</string>
			<key>path</key>
			<string>plugin_audio_recorder_bg.png</string>
			<key>sourceTree</key>
			<string>&lt;group&gt;</string>
		</dict>
		<key>42EE5FEC1C2A44AA007CFCB4</key>
		<dict>
			<key>isa</key>
			<string>PBXFileReference</string>
			<key>lastKnownFileType</key>
			<string>image.png</string>
			<key>path</key>
			<string>plugin_audio_recorder_bg@2x.png</string>
			<key>sourceTree</key>
			<string>&lt;group&gt;</string>
		</dict>
		<key>42EE5FED1C2A44AA007CFCB4</key>
		<dict>
			<key>isa</key>
			<string>PBXFileReference</string>
			<key>lastKnownFileType</key>
			<string>image.png</string>
			<key>path</key>
			<string>plugin_audio_recorder_center_bg.png</string>
			<key>sourceTree</key>
			<string>&lt;group&gt;</string>
		</dict>
		<key>42EE5FEE1C2A44AA007CFCB4</key>
		<dict>
			<key>isa</key>
			<string>PBXFileReference</string>
			<key>lastKnownFileType</key>
			<string>image.png</string>
			<key>path</key>
			<string>plugin_audio_recorder_center_bg@2x.png</string>
			<key>sourceTree</key>
			<string>&lt;group&gt;</string>
		</dict>
		<key>42EE5FEF1C2A44AA007CFCB4</key>
		<dict>
			<key>isa</key>
			<string>PBXFileReference</string>
			<key>lastKnownFileType</key>
			<string>image.png</string>
			<key>path</key>
			<string>plugin_audio_recorder_record_disabled.png</string>
			<key>sourceTree</key>
			<string>&lt;group&gt;</string>
		</dict>
		<key>42EE5FF01C2A44AA007CFCB4</key>
		<dict>
			<key>isa</key>
			<string>PBXFileReference</string>
			<key>lastKnownFileType</key>
			<string>image.png</string>
			<key>path</key>
			<string>plugin_audio_recorder_record_disabled@2x.png</string>
			<key>sourceTree</key>
			<string>&lt;group&gt;</string>
		</dict>
		<key>42EE5FF11C2A44AA007CFCB4</key>
		<dict>
			<key>isa</key>
			<string>PBXFileReference</string>
			<key>lastKnownFileType</key>
			<string>image.png</string>
			<key>path</key>
			<string>plugin_audio_recorder_record_normal.png</string>
			<key>sourceTree</key>
			<string>&lt;group&gt;</string>
		</dict>
		<key>42EE5FF21C2A44AA007CFCB4</key>
		<dict>
			<key>isa</key>
			<string>PBXFileReference</string>
			<key>lastKnownFileType</key>
			<string>image.png</string>
			<key>path</key>
			<string>plugin_audio_recorder_record_normal@2x.png</string>
			<key>sourceTree</key>
			<string>&lt;group&gt;</string>
		</dict>
		<key>42EE5FF31C2A44AA007CFCB4</key>
		<dict>
			<key>isa</key>
			<string>PBXFileReference</string>
			<key>lastKnownFileType</key>
			<string>image.png</string>
			<key>path</key>
			<string>plugin_audio_recorder_record_pressed.png</string>
			<key>sourceTree</key>
			<string>&lt;group&gt;</string>
		</dict>
		<key>42EE5FF41C2A44AA007CFCB4</key>
		<dict>
			<key>isa</key>
			<string>PBXFileReference</string>
			<key>lastKnownFileType</key>
			<string>image.png</string>
			<key>path</key>
			<string>plugin_audio_recorder_record_pressed@2x.png</string>
			<key>sourceTree</key>
			<string>&lt;group&gt;</string>
		</dict>
		<key>42EE5FF51C2A44AA007CFCB4</key>
		<dict>
			<key>isa</key>
			<string>PBXFileReference</string>
			<key>lastKnownFileType</key>
			<string>image.png</string>
			<key>path</key>
			<string>plugin_audio_recorder_status.png</string>
			<key>sourceTree</key>
			<string>&lt;group&gt;</string>
		</dict>
		<key>42EE5FF61C2A44AA007CFCB4</key>
		<dict>
			<key>isa</key>
			<string>PBXFileReference</string>
			<key>lastKnownFileType</key>
			<string>image.png</string>
			<key>path</key>
			<string>plugin_audio_recorder_stop_disabled.png</string>
			<key>sourceTree</key>
			<string>&lt;group&gt;</string>
		</dict>
		<key>42EE5FF71C2A44AA007CFCB4</key>
		<dict>
			<key>isa</key>
			<string>PBXFileReference</string>
			<key>lastKnownFileType</key>
			<string>image.png</string>
			<key>path</key>
			<string>plugin_audio_recorder_stop_disabled@2x.png</string>
			<key>sourceTree</key>
			<string>&lt;group&gt;</string>
		</dict>
		<key>42EE5FF81C2A44AA007CFCB4</key>
		<dict>
			<key>isa</key>
			<string>PBXFileReference</string>
			<key>lastKnownFileType</key>
			<string>image.png</string>
			<key>path</key>
			<string>plugin_audio_recorder_stop_normal.png</string>
			<key>sourceTree</key>
			<string>&lt;group&gt;</string>
		</dict>
		<key>42EE5FF91C2A44AA007CFCB4</key>
		<dict>
			<key>isa</key>
			<string>PBXFileReference</string>
			<key>lastKnownFileType</key>
			<string>image.png</string>
			<key>path</key>
			<string>plugin_audio_recorder_stop_normal@2x.png</string>
			<key>sourceTree</key>
			<string>&lt;group&gt;</string>
		</dict>
		<key>42EE5FFA1C2A44AA007CFCB4</key>
		<dict>
			<key>isa</key>
			<string>PBXFileReference</string>
			<key>lastKnownFileType</key>
			<string>image.png</string>
			<key>path</key>
			<string>plugin_audio_recorder_stop_pressed.png</string>
			<key>sourceTree</key>
			<string>&lt;group&gt;</string>
		</dict>
		<key>42EE5FFB1C2A44AA007CFCB4</key>
		<dict>
			<key>isa</key>
			<string>PBXFileReference</string>
			<key>lastKnownFileType</key>
			<string>image.png</string>
			<key>path</key>
			<string>plugin_audio_recorder_stop_pressed@2x.png</string>
			<key>sourceTree</key>
			<string>&lt;group&gt;</string>
		</dict>
		<key>42EE5FFC1C2A44AA007CFCB4</key>
		<dict>
			<key>isa</key>
			<string>PBXFileReference</string>
			<key>lastKnownFileType</key>
			<string>image.png</string>
			<key>path</key>
			<string>plugin_audio_recorder_turn_off.png</string>
			<key>sourceTree</key>
			<string>&lt;group&gt;</string>
		</dict>
		<key>42EE5FFD1C2A44AA007CFCB4</key>
		<dict>
			<key>isa</key>
			<string>PBXFileReference</string>
			<key>lastKnownFileType</key>
			<string>image.png</string>
			<key>path</key>
			<string>plugin_audio_recorder_turn_off@2x.png</string>
			<key>sourceTree</key>
			<string>&lt;group&gt;</string>
		</dict>
		<key>42EE5FFE1C2A44AA007CFCB4</key>
		<dict>
			<key>isa</key>
			<string>PBXFileReference</string>
			<key>lastKnownFileType</key>
			<string>image.png</string>
			<key>path</key>
			<string>plugin_audio_recorder_turn_on.png</string>
			<key>sourceTree</key>
			<string>&lt;group&gt;</string>
		</dict>
		<key>42EE5FFF1C2A44AA007CFCB4</key>
		<dict>
			<key>isa</key>
			<string>PBXFileReference</string>
			<key>lastKnownFileType</key>
			<string>image.png</string>
			<key>path</key>
			<string>plugin_audio_recorder_turn_on@2x.png</string>
			<key>sourceTree</key>
			<string>&lt;group&gt;</string>
		</dict>
		<key>42EE60001C2A44AA007CFCB4</key>
		<dict>
			<key>isa</key>
			<string>PBXFileReference</string>
			<key>lastKnownFileType</key>
			<string>image.png</string>
			<key>path</key>
			<string>plugin_audio_recorder_use_disabled.png</string>
			<key>sourceTree</key>
			<string>&lt;group&gt;</string>
		</dict>
		<key>42EE60011C2A44AA007CFCB4</key>
		<dict>
			<key>isa</key>
			<string>PBXFileReference</string>
			<key>lastKnownFileType</key>
			<string>image.png</string>
			<key>path</key>
			<string>plugin_audio_recorder_use_disabled@2x.png</string>
			<key>sourceTree</key>
			<string>&lt;group&gt;</string>
		</dict>
		<key>42EE60021C2A44AA007CFCB4</key>
		<dict>
			<key>isa</key>
			<string>PBXFileReference</string>
			<key>lastKnownFileType</key>
			<string>image.png</string>
			<key>path</key>
			<string>plugin_audio_recorder_use_normal.png</string>
			<key>sourceTree</key>
			<string>&lt;group&gt;</string>
		</dict>
		<key>42EE60031C2A44AA007CFCB4</key>
		<dict>
			<key>isa</key>
			<string>PBXFileReference</string>
			<key>lastKnownFileType</key>
			<string>image.png</string>
			<key>path</key>
			<string>plugin_audio_recorder_use_normal@2x.png</string>
			<key>sourceTree</key>
			<string>&lt;group&gt;</string>
		</dict>
		<key>42EE60041C2A44AA007CFCB4</key>
		<dict>
			<key>isa</key>
			<string>PBXFileReference</string>
			<key>lastKnownFileType</key>
			<string>image.png</string>
			<key>path</key>
			<string>plugin_audio_recorder_use_pressed.png</string>
			<key>sourceTree</key>
			<string>&lt;group&gt;</string>
		</dict>
		<key>42EE60051C2A44AA007CFCB4</key>
		<dict>
			<key>isa</key>
			<string>PBXFileReference</string>
			<key>lastKnownFileType</key>
			<string>image.png</string>
			<key>path</key>
			<string>plugin_audio_recorder_use_pressed@2x.png</string>
			<key>sourceTree</key>
			<string>&lt;group&gt;</string>
		</dict>
		<key>42EE60061C2A44AA007CFCB4</key>
		<dict>
			<key>isa</key>
			<string>PBXFileReference</string>
			<key>lastKnownFileType</key>
			<string>image.png</string>
			<key>path</key>
			<string>plugin_audio_top_bg.png</string>
			<key>sourceTree</key>
			<string>&lt;group&gt;</string>
		</dict>
		<key>42EE60071C2A44AA007CFCB4</key>
		<dict>
			<key>isa</key>
			<string>PBXFileReference</string>
			<key>lastKnownFileType</key>
			<string>image.png</string>
			<key>path</key>
			<string>plugin_audio_top_bg@2x.png</string>
			<key>sourceTree</key>
			<string>&lt;group&gt;</string>
		</dict>
		<key>42EE60081C2A44AA007CFCB4</key>
		<dict>
			<key>isa</key>
			<string>PBXFileReference</string>
			<key>lastKnownFileType</key>
			<string>image.png</string>
			<key>path</key>
			<string>plugin_video_play_disabled.png</string>
			<key>sourceTree</key>
			<string>&lt;group&gt;</string>
		</dict>
		<key>42EE60091C2A44AA007CFCB4</key>
		<dict>
			<key>isa</key>
			<string>PBXFileReference</string>
			<key>lastKnownFileType</key>
			<string>image.png</string>
			<key>path</key>
			<string>plugin_video_play_normal.png</string>
			<key>sourceTree</key>
			<string>&lt;group&gt;</string>
		</dict>
		<key>42EE600A1C2A44AA007CFCB4</key>
		<dict>
			<key>isa</key>
			<string>PBXFileReference</string>
			<key>lastKnownFileType</key>
			<string>image.png</string>
			<key>path</key>
			<string>plugin_video_play_selected.png</string>
			<key>sourceTree</key>
			<string>&lt;group&gt;</string>
		</dict>
		<key>42EE600B1C2A44AA007CFCB4</key>
		<dict>
			<key>isa</key>
			<string>PBXFileReference</string>
			<key>lastKnownFileType</key>
			<string>image.png</string>
			<key>path</key>
			<string>title.png</string>
			<key>sourceTree</key>
			<string>&lt;group&gt;</string>
		</dict>
		<key>42EE600C1C2A44AA007CFCB4</key>
		<dict>
			<key>fileRef</key>
			<string>42EE5FE11C2A44AA007CFCB4</string>
			<key>isa</key>
			<string>PBXBuildFile</string>
		</dict>
		<key>42EE600D1C2A44AA007CFCB4</key>
		<dict>
			<key>fileRef</key>
			<string>42EE5FE21C2A44AA007CFCB4</string>
			<key>isa</key>
			<string>PBXBuildFile</string>
		</dict>
		<key>42EE600E1C2A44AA007CFCB4</key>
		<dict>
			<key>fileRef</key>
			<string>42EE5FE31C2A44AA007CFCB4</string>
			<key>isa</key>
			<string>PBXBuildFile</string>
		</dict>
		<key>42EE600F1C2A44AA007CFCB4</key>
		<dict>
			<key>fileRef</key>
			<string>42EE5FE41C2A44AA007CFCB4</string>
			<key>isa</key>
			<string>PBXBuildFile</string>
		</dict>
		<key>42EE60101C2A44AA007CFCB4</key>
		<dict>
			<key>fileRef</key>
			<string>42EE5FE51C2A44AA007CFCB4</string>
			<key>isa</key>
			<string>PBXBuildFile</string>
		</dict>
		<key>42EE60111C2A44AA007CFCB4</key>
		<dict>
			<key>fileRef</key>
			<string>42EE5FE61C2A44AA007CFCB4</string>
			<key>isa</key>
			<string>PBXBuildFile</string>
		</dict>
		<key>42EE60121C2A44AA007CFCB4</key>
		<dict>
			<key>fileRef</key>
			<string>42EE5FE71C2A44AA007CFCB4</string>
			<key>isa</key>
			<string>PBXBuildFile</string>
		</dict>
		<key>42EE60131C2A44AA007CFCB4</key>
		<dict>
			<key>fileRef</key>
			<string>42EE5FE81C2A44AA007CFCB4</string>
			<key>isa</key>
			<string>PBXBuildFile</string>
		</dict>
		<key>42EE60141C2A44AA007CFCB4</key>
		<dict>
			<key>fileRef</key>
			<string>42EE5FE91C2A44AA007CFCB4</string>
			<key>isa</key>
			<string>PBXBuildFile</string>
		</dict>
		<key>42EE60151C2A44AA007CFCB4</key>
		<dict>
			<key>fileRef</key>
			<string>42EE5FEA1C2A44AA007CFCB4</string>
			<key>isa</key>
			<string>PBXBuildFile</string>
		</dict>
		<key>42EE60161C2A44AA007CFCB4</key>
		<dict>
			<key>fileRef</key>
			<string>42EE5FEB1C2A44AA007CFCB4</string>
			<key>isa</key>
			<string>PBXBuildFile</string>
		</dict>
		<key>42EE60171C2A44AA007CFCB4</key>
		<dict>
			<key>fileRef</key>
			<string>42EE5FEC1C2A44AA007CFCB4</string>
			<key>isa</key>
			<string>PBXBuildFile</string>
		</dict>
		<key>42EE60181C2A44AA007CFCB4</key>
		<dict>
			<key>fileRef</key>
			<string>42EE5FED1C2A44AA007CFCB4</string>
			<key>isa</key>
			<string>PBXBuildFile</string>
		</dict>
		<key>42EE60191C2A44AA007CFCB4</key>
		<dict>
			<key>fileRef</key>
			<string>42EE5FEE1C2A44AA007CFCB4</string>
			<key>isa</key>
			<string>PBXBuildFile</string>
		</dict>
		<key>42EE601A1C2A44AA007CFCB4</key>
		<dict>
			<key>fileRef</key>
			<string>42EE5FEF1C2A44AA007CFCB4</string>
			<key>isa</key>
			<string>PBXBuildFile</string>
		</dict>
		<key>42EE601B1C2A44AA007CFCB4</key>
		<dict>
			<key>fileRef</key>
			<string>42EE5FF01C2A44AA007CFCB4</string>
			<key>isa</key>
			<string>PBXBuildFile</string>
		</dict>
		<key>42EE601C1C2A44AA007CFCB4</key>
		<dict>
			<key>fileRef</key>
			<string>42EE5FF11C2A44AA007CFCB4</string>
			<key>isa</key>
			<string>PBXBuildFile</string>
		</dict>
		<key>42EE601D1C2A44AA007CFCB4</key>
		<dict>
			<key>fileRef</key>
			<string>42EE5FF21C2A44AA007CFCB4</string>
			<key>isa</key>
			<string>PBXBuildFile</string>
		</dict>
		<key>42EE601E1C2A44AA007CFCB4</key>
		<dict>
			<key>fileRef</key>
			<string>42EE5FF31C2A44AA007CFCB4</string>
			<key>isa</key>
			<string>PBXBuildFile</string>
		</dict>
		<key>42EE601F1C2A44AA007CFCB4</key>
		<dict>
			<key>fileRef</key>
			<string>42EE5FF41C2A44AA007CFCB4</string>
			<key>isa</key>
			<string>PBXBuildFile</string>
		</dict>
		<key>42EE60201C2A44AA007CFCB4</key>
		<dict>
			<key>fileRef</key>
			<string>42EE5FF51C2A44AA007CFCB4</string>
			<key>isa</key>
			<string>PBXBuildFile</string>
		</dict>
		<key>42EE60211C2A44AA007CFCB4</key>
		<dict>
			<key>fileRef</key>
			<string>42EE5FF61C2A44AA007CFCB4</string>
			<key>isa</key>
			<string>PBXBuildFile</string>
		</dict>
		<key>42EE60221C2A44AA007CFCB4</key>
		<dict>
			<key>fileRef</key>
			<string>42EE5FF71C2A44AA007CFCB4</string>
			<key>isa</key>
			<string>PBXBuildFile</string>
		</dict>
		<key>42EE60231C2A44AA007CFCB4</key>
		<dict>
			<key>fileRef</key>
			<string>42EE5FF81C2A44AA007CFCB4</string>
			<key>isa</key>
			<string>PBXBuildFile</string>
		</dict>
		<key>42EE60241C2A44AA007CFCB4</key>
		<dict>
			<key>fileRef</key>
			<string>42EE5FF91C2A44AA007CFCB4</string>
			<key>isa</key>
			<string>PBXBuildFile</string>
		</dict>
		<key>42EE60251C2A44AA007CFCB4</key>
		<dict>
			<key>fileRef</key>
			<string>42EE5FFA1C2A44AA007CFCB4</string>
			<key>isa</key>
			<string>PBXBuildFile</string>
		</dict>
		<key>42EE60261C2A44AA007CFCB4</key>
		<dict>
			<key>fileRef</key>
			<string>42EE5FFB1C2A44AA007CFCB4</string>
			<key>isa</key>
			<string>PBXBuildFile</string>
		</dict>
		<key>42EE60271C2A44AA007CFCB4</key>
		<dict>
			<key>fileRef</key>
			<string>42EE5FFC1C2A44AA007CFCB4</string>
			<key>isa</key>
			<string>PBXBuildFile</string>
		</dict>
		<key>42EE60281C2A44AA007CFCB4</key>
		<dict>
			<key>fileRef</key>
			<string>42EE5FFD1C2A44AA007CFCB4</string>
			<key>isa</key>
			<string>PBXBuildFile</string>
		</dict>
		<key>42EE60291C2A44AA007CFCB4</key>
		<dict>
			<key>fileRef</key>
			<string>42EE5FFE1C2A44AA007CFCB4</string>
			<key>isa</key>
			<string>PBXBuildFile</string>
		</dict>
		<key>42EE602A1C2A44AA007CFCB4</key>
		<dict>
			<key>fileRef</key>
			<string>42EE5FFF1C2A44AA007CFCB4</string>
			<key>isa</key>
			<string>PBXBuildFile</string>
		</dict>
		<key>42EE602B1C2A44AA007CFCB4</key>
		<dict>
			<key>fileRef</key>
			<string>42EE60001C2A44AA007CFCB4</string>
			<key>isa</key>
			<string>PBXBuildFile</string>
		</dict>
		<key>42EE602C1C2A44AA007CFCB4</key>
		<dict>
			<key>fileRef</key>
			<string>42EE60011C2A44AA007CFCB4</string>
			<key>isa</key>
			<string>PBXBuildFile</string>
		</dict>
		<key>42EE602D1C2A44AA007CFCB4</key>
		<dict>
			<key>fileRef</key>
			<string>42EE60021C2A44AA007CFCB4</string>
			<key>isa</key>
			<string>PBXBuildFile</string>
		</dict>
		<key>42EE602E1C2A44AA007CFCB4</key>
		<dict>
			<key>fileRef</key>
			<string>42EE60031C2A44AA007CFCB4</string>
			<key>isa</key>
			<string>PBXBuildFile</string>
		</dict>
		<key>42EE602F1C2A44AA007CFCB4</key>
		<dict>
			<key>fileRef</key>
			<string>42EE60041C2A44AA007CFCB4</string>
			<key>isa</key>
			<string>PBXBuildFile</string>
		</dict>
		<key>42EE60301C2A44AA007CFCB4</key>
		<dict>
			<key>fileRef</key>
			<string>42EE60051C2A44AA007CFCB4</string>
			<key>isa</key>
			<string>PBXBuildFile</string>
		</dict>
		<key>42EE60311C2A44AA007CFCB4</key>
		<dict>
			<key>fileRef</key>
			<string>42EE60061C2A44AA007CFCB4</string>
			<key>isa</key>
			<string>PBXBuildFile</string>
		</dict>
		<key>42EE60321C2A44AA007CFCB4</key>
		<dict>
			<key>fileRef</key>
			<string>42EE60071C2A44AA007CFCB4</string>
			<key>isa</key>
			<string>PBXBuildFile</string>
		</dict>
		<key>42EE60331C2A44AA007CFCB4</key>
		<dict>
			<key>fileRef</key>
			<string>42EE60081C2A44AA007CFCB4</string>
			<key>isa</key>
			<string>PBXBuildFile</string>
		</dict>
		<key>42EE60341C2A44AA007CFCB4</key>
		<dict>
			<key>fileRef</key>
			<string>42EE60091C2A44AA007CFCB4</string>
			<key>isa</key>
			<string>PBXBuildFile</string>
		</dict>
		<key>42EE60351C2A44AA007CFCB4</key>
		<dict>
			<key>fileRef</key>
			<string>42EE600A1C2A44AA007CFCB4</string>
			<key>isa</key>
			<string>PBXBuildFile</string>
		</dict>
		<key>42EE60361C2A44AA007CFCB4</key>
		<dict>
			<key>fileRef</key>
			<string>42EE600B1C2A44AA007CFCB4</string>
			<key>isa</key>
			<string>PBXBuildFile</string>
		</dict>
		<key>42EE60381C2A473C007CFCB4</key>
		<dict>
			<key>fileEncoding</key>
			<string>4</string>
			<key>isa</key>
			<string>PBXFileReference</string>
			<key>lastKnownFileType</key>
			<string>sourcecode.c.h</string>
			<key>path</key>
			<string>EUtility.h</string>
			<key>sourceTree</key>
			<string>&lt;group&gt;</string>
		</dict>
		<key>571E1F03B0BBD95E0D53945C</key>
		<dict>
			<key>fileEncoding</key>
			<string>4</string>
			<key>isa</key>
			<string>PBXFileReference</string>
			<key>lastKnownFileType</key>
			<string>wrapper.framework</string>
			<key>name</key>
			<string>MobileCoreServices.framework</string>
			<key>path</key>
			<string>System/Library/Frameworks/MobileCoreServices.framework</string>
			<key>sourceTree</key>
			<string>SDKROOT</string>
		</dict>
		<key>5817822B80C89963D79015BF</key>
		<dict>
			<key>children</key>
			<array>
				<string>E4F1E0D3B32B382EA66D9127</string>
				<string>AB96F0E3823153A4C43E59E8</string>
				<string>1255488A93092818D8544FFA</string>
				<string>B383A297E4CF1293F3FE6416</string>
				<string>115529CDF68E5516A7253458</string>
				<string>571E1F03B0BBD95E0D53945C</string>
				<string>FAC217BA35F63CCECD4921F4</string>
				<string>96322C26B07BE262555A74AF</string>
				<string>147C72F2B9EBC3498E3CE29F</string>
				<string>70522E2C8B1FABCB52523D92</string>
				<string>716C12F62FFBD162F6601EB2</string>
				<string>2E151ACA5F33CE978CFF8955</string>
				<string>9633F7194E8142D3830DC6CF</string>
			</array>
			<key>isa</key>
			<string>PBXGroup</string>
			<key>path</key>
			<string>IDE-Frameworks</string>
			<key>sourceTree</key>
			<string>&lt;group&gt;</string>
		</dict>
		<key>58CA8B1E03E7239764643B69</key>
		<dict>
			<key>fileRef</key>
			<string>2E151ACA5F33CE978CFF8955</string>
			<key>isa</key>
			<string>PBXBuildFile</string>
		</dict>
		<key>5A60A94918AB5F7500C727A6</key>
		<dict>
			<key>isa</key>
			<string>PBXFileReference</string>
			<key>lastKnownFileType</key>
			<string>sourcecode.c.h</string>
			<key>path</key>
			<string>EUExAudio.h</string>
			<key>sourceTree</key>
			<string>&lt;group&gt;</string>
		</dict>
		<key>5A9E686A18A9CEE300CEF1EA</key>
		<dict>
			<key>fileEncoding</key>
			<string>4</string>
			<key>isa</key>
			<string>PBXFileReference</string>
			<key>lastKnownFileType</key>
			<string>sourcecode.c.objc</string>
			<key>path</key>
			<string>EUExAudio.m</string>
			<key>sourceTree</key>
			<string>&lt;group&gt;</string>
		</dict>
		<key>5A9E686B18A9CEE300CEF1EA</key>
		<dict>
			<key>children</key>
			<array>
				<string>5A9E686C18A9CEE300CEF1EA</string>
				<string>5A9E687818A9CEE300CEF1EA</string>
				<string>5A9E688218A9CEE300CEF1EA</string>
				<string>5A9E688318A9CEE300CEF1EA</string>
				<string>5A9E688418A9CEE300CEF1EA</string>
				<string>5A9E688518A9CEE300CEF1EA</string>
				<string>5A9E688618A9CEE300CEF1EA</string>
				<string>5A9E688718A9CEE300CEF1EA</string>
				<string>5A9E688818A9CEE300CEF1EA</string>
				<string>5A9E688918A9CEE300CEF1EA</string>
				<string>5A9E688A18A9CEE300CEF1EA</string>
				<string>5A9E688B18A9CEE300CEF1EA</string>
				<string>5A9E688C18A9CEE300CEF1EA</string>
				<string>5A9E688D18A9CEE300CEF1EA</string>
				<string>5A9E688E18A9CEE300CEF1EA</string>
				<string>5A9E688F18A9CEE300CEF1EA</string>
				<string>F7E9D27E1AB7BA9A00F17A9C</string>
				<string>F7E9D27F1AB7BA9A00F17A9C</string>
				<string>5A9E689018A9CEE300CEF1EA</string>
			</array>
			<key>isa</key>
			<string>PBXGroup</string>
			<key>path</key>
			<string>sourceCode</string>
			<key>sourceTree</key>
			<string>&lt;group&gt;</string>
		</dict>
		<key>5A9E686C18A9CEE300CEF1EA</key>
		<dict>
			<key>children</key>
			<array>
				<string>5A9E686D18A9CEE300CEF1EA</string>
				<string>5A9E686E18A9CEE300CEF1EA</string>
				<string>5A9E686F18A9CEE300CEF1EA</string>
				<string>5A9E687018A9CEE300CEF1EA</string>
				<string>5A9E687118A9CEE300CEF1EA</string>
				<string>5A9E687218A9CEE300CEF1EA</string>
				<string>5A9E687318A9CEE300CEF1EA</string>
			</array>
			<key>isa</key>
			<string>PBXGroup</string>
			<key>path</key>
			<string>AudioPlayer</string>
			<key>sourceTree</key>
			<string>&lt;group&gt;</string>
		</dict>
		<key>5A9E686D18A9CEE300CEF1EA</key>
		<dict>
			<key>fileEncoding</key>
			<string>4</string>
			<key>isa</key>
			<string>PBXFileReference</string>
			<key>lastKnownFileType</key>
			<string>sourcecode.c.h</string>
			<key>path</key>
			<string>AudioButton.h</string>
			<key>sourceTree</key>
			<string>&lt;group&gt;</string>
		</dict>
		<key>5A9E686E18A9CEE300CEF1EA</key>
		<dict>
			<key>fileEncoding</key>
			<string>4</string>
			<key>isa</key>
			<string>PBXFileReference</string>
			<key>lastKnownFileType</key>
			<string>sourcecode.c.objc</string>
			<key>path</key>
			<string>AudioButton.m</string>
			<key>sourceTree</key>
			<string>&lt;group&gt;</string>
		</dict>
		<key>5A9E686F18A9CEE300CEF1EA</key>
		<dict>
			<key>fileEncoding</key>
			<string>4</string>
			<key>isa</key>
			<string>PBXFileReference</string>
			<key>lastKnownFileType</key>
			<string>sourcecode.c.h</string>
			<key>path</key>
			<string>AudioPlayer.h</string>
			<key>sourceTree</key>
			<string>&lt;group&gt;</string>
		</dict>
		<key>5A9E687018A9CEE300CEF1EA</key>
		<dict>
			<key>fileEncoding</key>
			<string>4</string>
			<key>isa</key>
			<string>PBXFileReference</string>
			<key>lastKnownFileType</key>
			<string>sourcecode.c.objc</string>
			<key>path</key>
			<string>AudioPlayer.m</string>
			<key>sourceTree</key>
			<string>&lt;group&gt;</string>
		</dict>
		<key>5A9E687118A9CEE300CEF1EA</key>
		<dict>
			<key>fileEncoding</key>
			<string>4</string>
			<key>isa</key>
			<string>PBXFileReference</string>
			<key>lastKnownFileType</key>
			<string>sourcecode.c.h</string>
			<key>path</key>
			<string>AudioStreamer.h</string>
			<key>sourceTree</key>
			<string>&lt;group&gt;</string>
		</dict>
		<key>5A9E687218A9CEE300CEF1EA</key>
		<dict>
			<key>fileEncoding</key>
			<string>4</string>
			<key>isa</key>
			<string>PBXFileReference</string>
			<key>lastKnownFileType</key>
			<string>sourcecode.c.objc</string>
			<key>path</key>
			<string>AudioStreamer.m</string>
			<key>sourceTree</key>
			<string>&lt;group&gt;</string>
		</dict>
		<key>5A9E687318A9CEE300CEF1EA</key>
		<dict>
			<key>children</key>
			<array>
				<string>5A9E687418A9CEE300CEF1EA</string>
				<string>5A9E687518A9CEE300CEF1EA</string>
				<string>5A9E687618A9CEE300CEF1EA</string>
				<string>5A9E687718A9CEE300CEF1EA</string>
			</array>
			<key>isa</key>
			<string>PBXGroup</string>
			<key>path</key>
			<string>images</string>
			<key>sourceTree</key>
			<string>&lt;group&gt;</string>
		</dict>
		<key>5A9E687418A9CEE300CEF1EA</key>
		<dict>
			<key>isa</key>
			<string>PBXFileReference</string>
			<key>lastKnownFileType</key>
			<string>image.png</string>
			<key>path</key>
			<string>loading.png</string>
			<key>sourceTree</key>
			<string>&lt;group&gt;</string>
		</dict>
		<key>5A9E687518A9CEE300CEF1EA</key>
		<dict>
			<key>isa</key>
			<string>PBXFileReference</string>
			<key>lastKnownFileType</key>
			<string>image.png</string>
			<key>path</key>
			<string>play.png</string>
			<key>sourceTree</key>
			<string>&lt;group&gt;</string>
		</dict>
		<key>5A9E687618A9CEE300CEF1EA</key>
		<dict>
			<key>isa</key>
			<string>PBXFileReference</string>
			<key>lastKnownFileType</key>
			<string>image.png</string>
			<key>path</key>
			<string>screenshots.png</string>
			<key>sourceTree</key>
			<string>&lt;group&gt;</string>
		</dict>
		<key>5A9E687718A9CEE300CEF1EA</key>
		<dict>
			<key>isa</key>
			<string>PBXFileReference</string>
			<key>lastKnownFileType</key>
			<string>image.png</string>
			<key>path</key>
			<string>stop.png</string>
			<key>sourceTree</key>
			<string>&lt;group&gt;</string>
		</dict>
		<key>5A9E687818A9CEE300CEF1EA</key>
		<dict>
			<key>children</key>
			<array>
				<string>5A9E687918A9CEE300CEF1EA</string>
				<string>5A9E687A18A9CEE300CEF1EA</string>
				<string>5A9E687B18A9CEE300CEF1EA</string>
				<string>5A9E687C18A9CEE300CEF1EA</string>
				<string>5A9E687D18A9CEE300CEF1EA</string>
				<string>5A9E687E18A9CEE300CEF1EA</string>
				<string>5A9E687F18A9CEE300CEF1EA</string>
				<string>5A9E688018A9CEE300CEF1EA</string>
				<string>5A9E688118A9CEE300CEF1EA</string>
			</array>
			<key>isa</key>
			<string>PBXGroup</string>
			<key>path</key>
			<string>iPublicUtility</string>
			<key>sourceTree</key>
			<string>&lt;group&gt;</string>
		</dict>
		<key>5A9E687918A9CEE300CEF1EA</key>
		<dict>
			<key>fileEncoding</key>
			<string>4</string>
			<key>isa</key>
			<string>PBXFileReference</string>
			<key>lastKnownFileType</key>
			<string>sourcecode.cpp.cpp</string>
			<key>path</key>
			<string>CADebugMacros.cpp</string>
			<key>sourceTree</key>
			<string>&lt;group&gt;</string>
		</dict>
		<key>5A9E687A18A9CEE300CEF1EA</key>
		<dict>
			<key>fileEncoding</key>
			<string>4</string>
			<key>isa</key>
			<string>PBXFileReference</string>
			<key>lastKnownFileType</key>
			<string>sourcecode.c.h</string>
			<key>path</key>
			<string>CADebugMacros.h</string>
			<key>sourceTree</key>
			<string>&lt;group&gt;</string>
		</dict>
		<key>5A9E687B18A9CEE300CEF1EA</key>
		<dict>
			<key>fileEncoding</key>
			<string>4</string>
			<key>isa</key>
			<string>PBXFileReference</string>
			<key>lastKnownFileType</key>
			<string>sourcecode.cpp.cpp</string>
			<key>path</key>
			<string>CADebugPrintf.cpp</string>
			<key>sourceTree</key>
			<string>&lt;group&gt;</string>
		</dict>
		<key>5A9E687C18A9CEE300CEF1EA</key>
		<dict>
			<key>fileEncoding</key>
			<string>4</string>
			<key>isa</key>
			<string>PBXFileReference</string>
			<key>lastKnownFileType</key>
			<string>sourcecode.c.h</string>
			<key>path</key>
			<string>CADebugPrintf.h</string>
			<key>sourceTree</key>
			<string>&lt;group&gt;</string>
		</dict>
		<key>5A9E687D18A9CEE300CEF1EA</key>
		<dict>
			<key>fileEncoding</key>
			<string>4</string>
			<key>isa</key>
			<string>PBXFileReference</string>
			<key>lastKnownFileType</key>
			<string>sourcecode.c.h</string>
			<key>path</key>
			<string>CAMath.h</string>
			<key>sourceTree</key>
			<string>&lt;group&gt;</string>
		</dict>
		<key>5A9E687E18A9CEE300CEF1EA</key>
		<dict>
			<key>fileEncoding</key>
			<string>4</string>
			<key>isa</key>
			<string>PBXFileReference</string>
			<key>lastKnownFileType</key>
			<string>sourcecode.cpp.cpp</string>
			<key>path</key>
			<string>CAStreamBasicDescription.cpp</string>
			<key>sourceTree</key>
			<string>&lt;group&gt;</string>
		</dict>
		<key>5A9E687F18A9CEE300CEF1EA</key>
		<dict>
			<key>fileEncoding</key>
			<string>4</string>
			<key>isa</key>
			<string>PBXFileReference</string>
			<key>lastKnownFileType</key>
			<string>sourcecode.c.h</string>
			<key>path</key>
			<string>CAStreamBasicDescription.h</string>
			<key>sourceTree</key>
			<string>&lt;group&gt;</string>
		</dict>
		<key>5A9E688018A9CEE300CEF1EA</key>
		<dict>
			<key>fileEncoding</key>
			<string>4</string>
			<key>isa</key>
			<string>PBXFileReference</string>
			<key>lastKnownFileType</key>
			<string>sourcecode.cpp.cpp</string>
			<key>path</key>
			<string>CAXException.cpp</string>
			<key>sourceTree</key>
			<string>&lt;group&gt;</string>
		</dict>
		<key>5A9E688118A9CEE300CEF1EA</key>
		<dict>
			<key>fileEncoding</key>
			<string>4</string>
			<key>isa</key>
			<string>PBXFileReference</string>
			<key>lastKnownFileType</key>
			<string>sourcecode.c.h</string>
			<key>path</key>
			<string>CAXException.h</string>
			<key>sourceTree</key>
			<string>&lt;group&gt;</string>
		</dict>
		<key>5A9E688218A9CEE300CEF1EA</key>
		<dict>
			<key>fileEncoding</key>
			<string>4</string>
			<key>isa</key>
			<string>PBXFileReference</string>
			<key>lastKnownFileType</key>
			<string>sourcecode.c.h</string>
			<key>path</key>
			<string>MusicListViewController.h</string>
			<key>sourceTree</key>
			<string>&lt;group&gt;</string>
		</dict>
		<key>5A9E688318A9CEE300CEF1EA</key>
		<dict>
			<key>fileEncoding</key>
			<string>4</string>
			<key>isa</key>
			<string>PBXFileReference</string>
			<key>lastKnownFileType</key>
			<string>sourcecode.c.objc</string>
			<key>path</key>
			<string>MusicListViewController.m</string>
			<key>sourceTree</key>
			<string>&lt;group&gt;</string>
		</dict>
		<key>5A9E688418A9CEE300CEF1EA</key>
		<dict>
			<key>fileEncoding</key>
			<string>4</string>
			<key>isa</key>
			<string>PBXFileReference</string>
			<key>lastKnownFileType</key>
			<string>sourcecode.c.h</string>
			<key>path</key>
			<string>MusicPlayerViewController.h</string>
			<key>sourceTree</key>
			<string>&lt;group&gt;</string>
		</dict>
		<key>5A9E688518A9CEE300CEF1EA</key>
		<dict>
			<key>fileEncoding</key>
			<string>4</string>
			<key>isa</key>
			<string>PBXFileReference</string>
			<key>lastKnownFileType</key>
			<string>sourcecode.c.objc</string>
			<key>path</key>
			<string>MusicPlayerViewController.m</string>
			<key>sourceTree</key>
			<string>&lt;group&gt;</string>
		</dict>
		<key>5A9E688618A9CEE300CEF1EA</key>
		<dict>
			<key>fileEncoding</key>
			<string>4</string>
			<key>isa</key>
			<string>PBXFileReference</string>
			<key>lastKnownFileType</key>
			<string>sourcecode.c.h</string>
			<key>path</key>
			<string>PFMusicPlayer.h</string>
			<key>sourceTree</key>
			<string>&lt;group&gt;</string>
		</dict>
		<key>5A9E688718A9CEE300CEF1EA</key>
		<dict>
			<key>fileEncoding</key>
			<string>4</string>
			<key>isa</key>
			<string>PBXFileReference</string>
			<key>lastKnownFileType</key>
			<string>sourcecode.c.objc</string>
			<key>path</key>
			<string>PFMusicPlayer.m</string>
			<key>sourceTree</key>
			<string>&lt;group&gt;</string>
		</dict>
		<key>5A9E688818A9CEE300CEF1EA</key>
		<dict>
			<key>fileEncoding</key>
			<string>4</string>
			<key>isa</key>
			<string>PBXFileReference</string>
			<key>lastKnownFileType</key>
			<string>sourcecode.c.h</string>
			<key>path</key>
			<string>PMusicPlayer.h</string>
			<key>sourceTree</key>
			<string>&lt;group&gt;</string>
		</dict>
		<key>5A9E688918A9CEE300CEF1EA</key>
		<dict>
			<key>fileEncoding</key>
			<string>4</string>
			<key>isa</key>
			<string>PBXFileReference</string>
			<key>lastKnownFileType</key>
			<string>sourcecode.c.objc</string>
			<key>path</key>
			<string>PMusicPlayer.m</string>
			<key>sourceTree</key>
			<string>&lt;group&gt;</string>
		</dict>
		<key>5A9E688A18A9CEE300CEF1EA</key>
		<dict>
			<key>fileEncoding</key>
			<string>4</string>
			<key>isa</key>
			<string>PBXFileReference</string>
			<key>lastKnownFileType</key>
			<string>sourcecode.c.h</string>
			<key>path</key>
			<string>Recorder.h</string>
			<key>sourceTree</key>
			<string>&lt;group&gt;</string>
		</dict>
		<key>5A9E688B18A9CEE300CEF1EA</key>
		<dict>
			<key>fileEncoding</key>
			<string>4</string>
			<key>isa</key>
			<string>PBXFileReference</string>
			<key>lastKnownFileType</key>
			<string>sourcecode.c.objc</string>
			<key>path</key>
			<string>Recorder.m</string>
			<key>sourceTree</key>
			<string>&lt;group&gt;</string>
		</dict>
		<key>5A9E688C18A9CEE300CEF1EA</key>
		<dict>
			<key>fileEncoding</key>
			<string>4</string>
			<key>isa</key>
			<string>PBXFileReference</string>
			<key>lastKnownFileType</key>
			<string>sourcecode.c.h</string>
			<key>path</key>
			<string>RecorderAmrController.h</string>
			<key>sourceTree</key>
			<string>&lt;group&gt;</string>
		</dict>
		<key>5A9E688D18A9CEE300CEF1EA</key>
		<dict>
			<key>fileEncoding</key>
			<string>4</string>
			<key>isa</key>
			<string>PBXFileReference</string>
			<key>lastKnownFileType</key>
			<string>sourcecode.c.objc</string>
			<key>path</key>
			<string>RecorderAmrController.m</string>
			<key>sourceTree</key>
			<string>&lt;group&gt;</string>
		</dict>
		<key>5A9E688E18A9CEE300CEF1EA</key>
		<dict>
			<key>fileEncoding</key>
			<string>4</string>
			<key>isa</key>
			<string>PBXFileReference</string>
			<key>lastKnownFileType</key>
			<string>sourcecode.c.h</string>
			<key>path</key>
			<string>RecorderController.h</string>
			<key>sourceTree</key>
			<string>&lt;group&gt;</string>
		</dict>
		<key>5A9E688F18A9CEE300CEF1EA</key>
		<dict>
			<key>fileEncoding</key>
			<string>4</string>
			<key>isa</key>
			<string>PBXFileReference</string>
			<key>lastKnownFileType</key>
			<string>sourcecode.c.objc</string>
			<key>path</key>
			<string>RecorderController.m</string>
			<key>sourceTree</key>
			<string>&lt;group&gt;</string>
		</dict>
		<key>5A9E689018A9CEE300CEF1EA</key>
		<dict>
			<key>children</key>
			<array>
				<string>5A9E689118A9CEE300CEF1EA</string>
				<string>5A9E689218A9CEE300CEF1EA</string>
				<string>5A9E689318A9CEE300CEF1EA</string>
				<string>5A9E689418A9CEE300CEF1EA</string>
				<string>5A9E689518A9CEE300CEF1EA</string>
				<string>5A9E689E18A9CEE300CEF1EA</string>
				<string>5A9E689F18A9CEE300CEF1EA</string>
			</array>
			<key>isa</key>
			<string>PBXGroup</string>
			<key>path</key>
			<string>speakhere</string>
			<key>sourceTree</key>
			<string>&lt;group&gt;</string>
		</dict>
		<key>5A9E689118A9CEE300CEF1EA</key>
		<dict>
			<key>fileEncoding</key>
			<string>4</string>
			<key>isa</key>
			<string>PBXFileReference</string>
			<key>lastKnownFileType</key>
			<string>sourcecode.c.h</string>
			<key>path</key>
			<string>AMRPlayer.h</string>
			<key>sourceTree</key>
			<string>&lt;group&gt;</string>
		</dict>
		<key>5A9E689218A9CEE300CEF1EA</key>
		<dict>
			<key>fileEncoding</key>
			<string>4</string>
			<key>isa</key>
			<string>PBXFileReference</string>
			<key>lastKnownFileType</key>
			<string>sourcecode.c.objc</string>
			<key>path</key>
			<string>AMRPlayer.m</string>
			<key>sourceTree</key>
			<string>&lt;group&gt;</string>
		</dict>
		<key>5A9E689318A9CEE300CEF1EA</key>
		<dict>
			<key>fileEncoding</key>
			<string>4</string>
			<key>isa</key>
			<string>PBXFileReference</string>
			<key>lastKnownFileType</key>
			<string>sourcecode.c.h</string>
			<key>path</key>
			<string>AQRecorder.h</string>
			<key>sourceTree</key>
			<string>&lt;group&gt;</string>
		</dict>
		<key>5A9E689418A9CEE300CEF1EA</key>
		<dict>
			<key>fileEncoding</key>
			<string>4</string>
			<key>isa</key>
			<string>PBXFileReference</string>
			<key>lastKnownFileType</key>
			<string>sourcecode.cpp.objcpp</string>
			<key>path</key>
			<string>AQRecorder.mm</string>
			<key>sourceTree</key>
			<string>&lt;group&gt;</string>
		</dict>
		<key>5A9E689518A9CEE300CEF1EA</key>
		<dict>
			<key>children</key>
			<array>
				<string>5A9E689618A9CEE300CEF1EA</string>
				<string>5A9E689718A9CEE300CEF1EA</string>
				<string>5A9E689C18A9CEE300CEF1EA</string>
				<string>5A9E689D18A9CEE300CEF1EA</string>
			</array>
			<key>isa</key>
			<string>PBXGroup</string>
			<key>path</key>
			<string>opencore</string>
			<key>sourceTree</key>
			<string>&lt;group&gt;</string>
		</dict>
		<key>5A9E689618A9CEE300CEF1EA</key>
		<dict>
			<key>fileEncoding</key>
			<string>4</string>
			<key>isa</key>
			<string>PBXFileReference</string>
			<key>lastKnownFileType</key>
			<string>text.script.sh</string>
			<key>path</key>
			<string>build-amr.sh</string>
			<key>sourceTree</key>
			<string>&lt;group&gt;</string>
		</dict>
		<key>5A9E689718A9CEE300CEF1EA</key>
		<dict>
			<key>children</key>
			<array>
				<string>5A9E689818A9CEE300CEF1EA</string>
				<string>5A9E689918A9CEE300CEF1EA</string>
				<string>5A9E689A18A9CEE300CEF1EA</string>
				<string>5A9E689B18A9CEE300CEF1EA</string>
			</array>
			<key>isa</key>
			<string>PBXGroup</string>
			<key>path</key>
			<string>include</string>
			<key>sourceTree</key>
			<string>&lt;group&gt;</string>
		</dict>
		<key>5A9E689818A9CEE300CEF1EA</key>
		<dict>
			<key>fileEncoding</key>
			<string>4</string>
			<key>isa</key>
			<string>PBXFileReference</string>
			<key>lastKnownFileType</key>
			<string>sourcecode.c.h</string>
			<key>path</key>
			<string>dec_if.h</string>
			<key>sourceTree</key>
			<string>&lt;group&gt;</string>
		</dict>
		<key>5A9E689918A9CEE300CEF1EA</key>
		<dict>
			<key>fileEncoding</key>
			<string>4</string>
			<key>isa</key>
			<string>PBXFileReference</string>
			<key>lastKnownFileType</key>
			<string>sourcecode.c.h</string>
			<key>path</key>
			<string>if_rom.h</string>
			<key>sourceTree</key>
			<string>&lt;group&gt;</string>
		</dict>
		<key>5A9E689A18A9CEE300CEF1EA</key>
		<dict>
			<key>fileEncoding</key>
			<string>4</string>
			<key>isa</key>
			<string>PBXFileReference</string>
			<key>lastKnownFileType</key>
			<string>sourcecode.c.h</string>
			<key>path</key>
			<string>interf_dec.h</string>
			<key>sourceTree</key>
			<string>&lt;group&gt;</string>
		</dict>
		<key>5A9E689B18A9CEE300CEF1EA</key>
		<dict>
			<key>fileEncoding</key>
			<string>4</string>
			<key>isa</key>
			<string>PBXFileReference</string>
			<key>lastKnownFileType</key>
			<string>sourcecode.c.h</string>
			<key>path</key>
			<string>interf_enc.h</string>
			<key>sourceTree</key>
			<string>&lt;group&gt;</string>
		</dict>
		<key>5A9E689C18A9CEE300CEF1EA</key>
		<dict>
			<key>isa</key>
			<string>PBXFileReference</string>
			<key>lastKnownFileType</key>
			<string>archive.ar</string>
			<key>path</key>
			<string>libopencore-amrnb.a</string>
			<key>sourceTree</key>
			<string>&lt;group&gt;</string>
		</dict>
		<key>5A9E689D18A9CEE300CEF1EA</key>
		<dict>
			<key>isa</key>
			<string>PBXFileReference</string>
			<key>lastKnownFileType</key>
			<string>archive.ar</string>
			<key>path</key>
			<string>libopencore-amrwb.a</string>
			<key>sourceTree</key>
			<string>&lt;group&gt;</string>
		</dict>
		<key>5A9E689E18A9CEE300CEF1EA</key>
		<dict>
			<key>fileEncoding</key>
			<string>4</string>
			<key>isa</key>
			<string>PBXFileReference</string>
			<key>lastKnownFileType</key>
			<string>sourcecode.c.h</string>
			<key>path</key>
			<string>PlayerManager.h</string>
			<key>sourceTree</key>
			<string>&lt;group&gt;</string>
		</dict>
		<key>5A9E689F18A9CEE300CEF1EA</key>
		<dict>
			<key>fileEncoding</key>
			<string>4</string>
			<key>isa</key>
			<string>PBXFileReference</string>
			<key>lastKnownFileType</key>
			<string>sourcecode.cpp.objcpp</string>
			<key>path</key>
			<string>PlayerManager.mm</string>
			<key>sourceTree</key>
			<string>&lt;group&gt;</string>
		</dict>
		<key>5A9E68A018A9CEE300CEF1EA</key>
		<dict>
			<key>fileRef</key>
			<string>5A9E686A18A9CEE300CEF1EA</string>
			<key>isa</key>
			<string>PBXBuildFile</string>
		</dict>
		<key>5A9E68A118A9CEE300CEF1EA</key>
		<dict>
			<key>fileRef</key>
			<string>5A9E686E18A9CEE300CEF1EA</string>
			<key>isa</key>
			<string>PBXBuildFile</string>
		</dict>
		<key>5A9E68A218A9CEE300CEF1EA</key>
		<dict>
			<key>fileRef</key>
			<string>5A9E687018A9CEE300CEF1EA</string>
			<key>isa</key>
			<string>PBXBuildFile</string>
		</dict>
		<key>5A9E68A318A9CEE300CEF1EA</key>
		<dict>
			<key>fileRef</key>
			<string>5A9E687218A9CEE300CEF1EA</string>
			<key>isa</key>
			<string>PBXBuildFile</string>
		</dict>
		<key>5A9E68A418A9CEE300CEF1EA</key>
		<dict>
			<key>fileRef</key>
			<string>5A9E687918A9CEE300CEF1EA</string>
			<key>isa</key>
			<string>PBXBuildFile</string>
		</dict>
		<key>5A9E68A518A9CEE300CEF1EA</key>
		<dict>
			<key>fileRef</key>
			<string>5A9E687B18A9CEE300CEF1EA</string>
			<key>isa</key>
			<string>PBXBuildFile</string>
		</dict>
		<key>5A9E68A618A9CEE300CEF1EA</key>
		<dict>
			<key>fileRef</key>
			<string>5A9E687E18A9CEE300CEF1EA</string>
			<key>isa</key>
			<string>PBXBuildFile</string>
		</dict>
		<key>5A9E68A718A9CEE300CEF1EA</key>
		<dict>
			<key>fileRef</key>
			<string>5A9E688018A9CEE300CEF1EA</string>
			<key>isa</key>
			<string>PBXBuildFile</string>
		</dict>
		<key>5A9E68A818A9CEE300CEF1EA</key>
		<dict>
			<key>fileRef</key>
			<string>5A9E688318A9CEE300CEF1EA</string>
			<key>isa</key>
			<string>PBXBuildFile</string>
		</dict>
		<key>5A9E68A918A9CEE300CEF1EA</key>
		<dict>
			<key>fileRef</key>
			<string>5A9E688518A9CEE300CEF1EA</string>
			<key>isa</key>
			<string>PBXBuildFile</string>
		</dict>
		<key>5A9E68AA18A9CEE300CEF1EA</key>
		<dict>
			<key>fileRef</key>
			<string>5A9E688718A9CEE300CEF1EA</string>
			<key>isa</key>
			<string>PBXBuildFile</string>
		</dict>
		<key>5A9E68AB18A9CEE300CEF1EA</key>
		<dict>
			<key>fileRef</key>
			<string>5A9E688918A9CEE300CEF1EA</string>
			<key>isa</key>
			<string>PBXBuildFile</string>
		</dict>
		<key>5A9E68AC18A9CEE300CEF1EA</key>
		<dict>
			<key>fileRef</key>
			<string>5A9E688B18A9CEE300CEF1EA</string>
			<key>isa</key>
			<string>PBXBuildFile</string>
		</dict>
		<key>5A9E68AD18A9CEE300CEF1EA</key>
		<dict>
			<key>fileRef</key>
			<string>5A9E688D18A9CEE300CEF1EA</string>
			<key>isa</key>
			<string>PBXBuildFile</string>
		</dict>
		<key>5A9E68AE18A9CEE300CEF1EA</key>
		<dict>
			<key>fileRef</key>
			<string>5A9E688F18A9CEE300CEF1EA</string>
			<key>isa</key>
			<string>PBXBuildFile</string>
		</dict>
		<key>5A9E68AF18A9CEE300CEF1EA</key>
		<dict>
			<key>fileRef</key>
			<string>5A9E689218A9CEE300CEF1EA</string>
			<key>isa</key>
			<string>PBXBuildFile</string>
		</dict>
		<key>5A9E68B018A9CEE300CEF1EA</key>
		<dict>
			<key>fileRef</key>
			<string>5A9E689418A9CEE300CEF1EA</string>
			<key>isa</key>
			<string>PBXBuildFile</string>
		</dict>
		<key>5A9E68B118A9CEE300CEF1EA</key>
		<dict>
			<key>fileRef</key>
			<string>5A9E689C18A9CEE300CEF1EA</string>
			<key>isa</key>
			<string>PBXBuildFile</string>
		</dict>
		<key>5A9E68B218A9CEE300CEF1EA</key>
		<dict>
			<key>fileRef</key>
			<string>5A9E689D18A9CEE300CEF1EA</string>
			<key>isa</key>
			<string>PBXBuildFile</string>
		</dict>
		<key>5A9E68B318A9CEE300CEF1EA</key>
		<dict>
			<key>fileRef</key>
			<string>5A9E689F18A9CEE300CEF1EA</string>
			<key>isa</key>
			<string>PBXBuildFile</string>
		</dict>
		<key>5AA8D48A188F967200C854BC</key>
		<dict>
			<key>children</key>
			<array>
				<string>5AA8D498188F967300C854BC</string>
				<string>42EE5FDC1C2A43D7007CFCB4</string>
				<string>5AA8D495188F967300C854BC</string>
				<string>5AA8D494188F967300C854BC</string>
				<string>5817822B80C89963D79015BF</string>
				<string>E38CB70B6F46C5FDD118B97B</string>
				<string>988305FC5CF2A1A8617463A0</string>
			</array>
			<key>isa</key>
			<string>PBXGroup</string>
			<key>sourceTree</key>
			<string>&lt;group&gt;</string>
		</dict>
		<key>5AA8D48B188F967200C854BC</key>
		<dict>
			<key>attributes</key>
			<dict>
				<key>LastUpgradeCheck</key>
				<string>0500</string>
				<key>ORGANIZATIONNAME</key>
				<string>xll</string>
				<key>TargetAttributes</key>
				<dict>
					<key>42EE5FDA1C2A43D7007CFCB4</key>
					<dict>
						<key>CreatedOnToolsVersion</key>
						<string>7.2</string>
					</dict>
				</dict>
			</dict>
			<key>buildConfigurationList</key>
			<string>5AA8D48E188F967200C854BC</string>
			<key>compatibilityVersion</key>
			<string>Xcode 3.2</string>
			<key>developmentRegion</key>
			<string>English</string>
			<key>hasScannedForEncodings</key>
			<string>0</string>
			<key>isa</key>
			<string>PBXProject</string>
			<key>knownRegions</key>
			<array>
				<string>en</string>
			</array>
			<key>mainGroup</key>
			<string>5AA8D48A188F967200C854BC</string>
			<key>productRefGroup</key>
			<string>5AA8D494188F967300C854BC</string>
			<key>projectDirPath</key>
			<string></string>
			<key>projectRoot</key>
			<string></string>
			<key>targets</key>
			<array>
				<string>5AA8D492188F967300C854BC</string>
				<string>42EE5FDA1C2A43D7007CFCB4</string>
			</array>
		</dict>
		<key>5AA8D48E188F967200C854BC</key>
		<dict>
			<key>buildConfigurations</key>
			<array>
				<string>5AA8D4B4188F967300C854BC</string>
				<string>5AA8D4B5188F967300C854BC</string>
			</array>
			<key>defaultConfigurationIsVisible</key>
			<string>0</string>
			<key>defaultConfigurationName</key>
			<string>Release</string>
			<key>isa</key>
			<string>XCConfigurationList</string>
		</dict>
		<key>5AA8D48F188F967300C854BC</key>
		<dict>
			<key>buildActionMask</key>
			<string>2147483647</string>
			<key>files</key>
			<array>
				<string>F7E9D2801AB7BA9A00F17A9C</string>
				<string>5A9E68A518A9CEE300CEF1EA</string>
				<string>5A9E68A918A9CEE300CEF1EA</string>
				<string>5A9E68B018A9CEE300CEF1EA</string>
				<string>5A9E68AD18A9CEE300CEF1EA</string>
				<string>5A9E68B318A9CEE300CEF1EA</string>
				<string>5A9E68AF18A9CEE300CEF1EA</string>
				<string>5A9E68A118A9CEE300CEF1EA</string>
				<string>5A9E68AB18A9CEE300CEF1EA</string>
				<string>5A9E68A818A9CEE300CEF1EA</string>
				<string>5A9E68AC18A9CEE300CEF1EA</string>
				<string>5A9E68AA18A9CEE300CEF1EA</string>
				<string>5A9E68A218A9CEE300CEF1EA</string>
				<string>5A9E68A018A9CEE300CEF1EA</string>
				<string>5A9E68A718A9CEE300CEF1EA</string>
				<string>5A9E68A418A9CEE300CEF1EA</string>
				<string>5A9E68A318A9CEE300CEF1EA</string>
				<string>5A9E68AE18A9CEE300CEF1EA</string>
				<string>5A9E68A618A9CEE300CEF1EA</string>
			</array>
			<key>isa</key>
			<string>PBXSourcesBuildPhase</string>
			<key>runOnlyForDeploymentPostprocessing</key>
			<string>0</string>
		</dict>
		<key>5AA8D490188F967300C854BC</key>
		<dict>
			<key>buildActionMask</key>
			<string>2147483647</string>
			<key>files</key>
			<array>
				<string>F7A4F4B919C02A1300B4C716</string>
				<string>F7A4F4B719C02A0300B4C716</string>
				<string>F7A4F4B519C029F600B4C716</string>
				<string>5AA8D497188F967300C854BC</string>
				<string>5A9E68B218A9CEE300CEF1EA</string>
				<string>5A9E68B118A9CEE300CEF1EA</string>
				<string>F7A53BE819C687A800CA9EEE</string>
				<string>9ECEC3AEAC130E58B82675BC</string>
				<string>FBF3480D9942D7863AD3E325</string>
				<string>3AF57B05F6FBB09D9E8570CF</string>
				<string>407DC7FAFDEE0657B83F8422</string>
				<string>31C7209CC23246F265BAAAAC</string>
				<string>EF9F12D380DB661F602DF273</string>
				<string>071D22780C08C0B0EFED59F7</string>
				<string>763E04830237E7705FFAB634</string>
				<string>B2561C20C59EC0C60A4534F8</string>
				<string>58CA8B1E03E7239764643B69</string>
				<string>A862F9C9B3C64063388793A2</string>
				<string>EC4AC843B450EEB89595CC34</string>
			</array>
			<key>isa</key>
			<string>PBXFrameworksBuildPhase</string>
			<key>runOnlyForDeploymentPostprocessing</key>
			<string>0</string>
		</dict>
		<key>5AA8D491188F967300C854BC</key>
		<dict>
			<key>buildActionMask</key>
			<string>2147483647</string>
			<key>dstPath</key>
			<string>include/$(PRODUCT_NAME)</string>
			<key>dstSubfolderSpec</key>
			<string>16</string>
			<key>files</key>
			<array/>
			<key>isa</key>
			<string>PBXCopyFilesBuildPhase</string>
			<key>runOnlyForDeploymentPostprocessing</key>
			<string>0</string>
		</dict>
		<key>5AA8D492188F967300C854BC</key>
		<dict>
			<key>buildConfigurationList</key>
			<string>5AA8D4B6188F967300C854BC</string>
			<key>buildPhases</key>
			<array>
				<string>5AA8D48F188F967300C854BC</string>
				<string>5AA8D490188F967300C854BC</string>
				<string>5AA8D491188F967300C854BC</string>
				<string>B248AA9CDFAAF9F4AB323A81</string>
			</array>
			<key>buildRules</key>
			<array/>
			<key>dependencies</key>
			<array/>
			<key>isa</key>
			<string>PBXNativeTarget</string>
			<key>name</key>
			<string>EUExAudio</string>
			<key>productName</key>
			<string>EUExAudio</string>
			<key>productReference</key>
			<string>5AA8D493188F967300C854BC</string>
			<key>productType</key>
			<string>com.apple.product-type.framework</string>
		</dict>
		<key>5AA8D493188F967300C854BC</key>
		<dict>
			<key>explicitFileType</key>
			<string>archive.ar</string>
			<key>includeInIndex</key>
			<string>0</string>
			<key>isa</key>
			<string>PBXFileReference</string>
			<key>name</key>
			<string>uexAudio.framework</string>
			<key>path</key>
			<string>uexAudio.framework</string>
			<key>sourceTree</key>
			<string>BUILT_PRODUCTS_DIR</string>
		</dict>
		<key>5AA8D494188F967300C854BC</key>
		<dict>
			<key>children</key>
			<array>
				<string>5AA8D493188F967300C854BC</string>
				<string>42EE5FDB1C2A43D7007CFCB4</string>
			</array>
			<key>isa</key>
			<string>PBXGroup</string>
			<key>name</key>
			<string>Products</string>
			<key>sourceTree</key>
			<string>&lt;group&gt;</string>
		</dict>
		<key>5AA8D495188F967300C854BC</key>
		<dict>
			<key>children</key>
			<array>
				<string>F7A4F4B819C02A1300B4C716</string>
				<string>F7A4F4B619C02A0300B4C716</string>
				<string>F7A4F4B419C029F600B4C716</string>
				<string>5AA8D496188F967300C854BC</string>
			</array>
			<key>isa</key>
			<string>PBXGroup</string>
			<key>name</key>
			<string>Frameworks</string>
			<key>sourceTree</key>
			<string>&lt;group&gt;</string>
		</dict>
		<key>5AA8D496188F967300C854BC</key>
		<dict>
			<key>isa</key>
			<string>PBXFileReference</string>
			<key>lastKnownFileType</key>
			<string>wrapper.framework</string>
			<key>name</key>
			<string>Foundation.framework</string>
			<key>path</key>
			<string>System/Library/Frameworks/Foundation.framework</string>
			<key>sourceTree</key>
			<string>SDKROOT</string>
		</dict>
		<key>5AA8D497188F967300C854BC</key>
		<dict>
			<key>fileRef</key>
			<string>5AA8D496188F967300C854BC</string>
			<key>isa</key>
			<string>PBXBuildFile</string>
		</dict>
		<key>5AA8D498188F967300C854BC</key>
		<dict>
			<key>children</key>
			<array>
				<string>F7A4F4B019C0260F00B4C716</string>
				<string>5A60A94918AB5F7500C727A6</string>
				<string>5A9E686A18A9CEE300CEF1EA</string>
				<string>5A9E686B18A9CEE300CEF1EA</string>
				<string>5AA8D4BC188F970500C854BC</string>
				<string>5AA8D499188F967300C854BC</string>
			</array>
			<key>isa</key>
			<string>PBXGroup</string>
			<key>path</key>
			<string>EUExAudio</string>
			<key>sourceTree</key>
			<string>&lt;group&gt;</string>
		</dict>
		<key>5AA8D499188F967300C854BC</key>
		<dict>
			<key>children</key>
			<array>
				<string>5AA8D49A188F967300C854BC</string>
			</array>
			<key>isa</key>
			<string>PBXGroup</string>
			<key>name</key>
			<string>Supporting Files</string>
			<key>sourceTree</key>
			<string>&lt;group&gt;</string>
		</dict>
		<key>5AA8D49A188F967300C854BC</key>
		<dict>
			<key>isa</key>
			<string>PBXFileReference</string>
			<key>lastKnownFileType</key>
			<string>sourcecode.c.h</string>
			<key>path</key>
			<string>EUExAudio-Prefix.pch</string>
			<key>sourceTree</key>
			<string>&lt;group&gt;</string>
		</dict>
		<key>5AA8D4B4188F967300C854BC</key>
		<dict>
			<key>buildSettings</key>
			<dict>
				<key>ALWAYS_SEARCH_USER_PATHS</key>
				<string>NO</string>
				<key>ARCHS</key>
				<string>$(ARCHS_STANDARD)</string>
				<key>CLANG_CXX_LANGUAGE_STANDARD</key>
				<string>gnu++0x</string>
				<key>CLANG_CXX_LIBRARY</key>
				<string>libc++</string>
				<key>CLANG_ENABLE_MODULES</key>
				<string>YES</string>
				<key>CLANG_ENABLE_OBJC_ARC</key>
				<string>NO</string>
				<key>CLANG_WARN_BOOL_CONVERSION</key>
				<string>YES</string>
				<key>CLANG_WARN_CONSTANT_CONVERSION</key>
				<string>YES</string>
				<key>CLANG_WARN_DIRECT_OBJC_ISA_USAGE</key>
				<string>YES_ERROR</string>
				<key>CLANG_WARN_EMPTY_BODY</key>
				<string>YES</string>
				<key>CLANG_WARN_ENUM_CONVERSION</key>
				<string>YES</string>
				<key>CLANG_WARN_INT_CONVERSION</key>
				<string>YES</string>
				<key>CLANG_WARN_OBJC_ROOT_CLASS</key>
				<string>YES_ERROR</string>
				<key>CLANG_WARN__DUPLICATE_METHOD_MATCH</key>
				<string>YES</string>
				<key>CONFIGURATION_BUILD_DIR</key>
				<string>$(SRCROOT)/uexAudio/</string>
				<key>CONFIGURATION_TEMP_DIR</key>
				<string>$(PROJECT_TEMP_DIR)/$(CONFIGURATION)$(EFFECTIVE_PLATFORM_NAME)</string>
				<key>COPY_PHASE_STRIP</key>
				<string>NO</string>
				<key>DEBUG_INFORMATION_FORMAT</key>
				<string>dwarf</string>
				<key>GCC_C_LANGUAGE_STANDARD</key>
				<string>gnu99</string>
				<key>GCC_DYNAMIC_NO_PIC</key>
				<string>NO</string>
				<key>GCC_OPTIMIZATION_LEVEL</key>
				<string>0</string>
				<key>GCC_PREPROCESSOR_DEFINITIONS</key>
				<array>
					<string>DEBUG=1</string>
					<string>$(inherited)</string>
				</array>
				<key>GCC_SYMBOLS_PRIVATE_EXTERN</key>
				<string>NO</string>
				<key>GCC_WARN_64_TO_32_BIT_CONVERSION</key>
				<string>YES</string>
				<key>GCC_WARN_ABOUT_RETURN_TYPE</key>
				<string>YES_ERROR</string>
				<key>GCC_WARN_UNDECLARED_SELECTOR</key>
				<string>YES</string>
				<key>GCC_WARN_UNINITIALIZED_AUTOS</key>
				<string>YES</string>
				<key>GCC_WARN_UNUSED_FUNCTION</key>
				<string>YES</string>
				<key>GCC_WARN_UNUSED_VARIABLE</key>
				<string>YES</string>
				<key>IPHONEOS_DEPLOYMENT_TARGET</key>
				<string>8.0</string>
				<key>ONLY_ACTIVE_ARCH</key>
				<string>NO</string>
				<key>SDKROOT</key>
				<string>iphoneos</string>
				<key>SHARED_PRECOMPS_DIR</key>
				<string></string>
				<key>TARGETED_DEVICE_FAMILY</key>
				<string>1,2</string>
			</dict>
			<key>isa</key>
			<string>XCBuildConfiguration</string>
			<key>name</key>
			<string>Debug</string>
		</dict>
		<key>5AA8D4B5188F967300C854BC</key>
		<dict>
			<key>buildSettings</key>
			<dict>
				<key>ALWAYS_SEARCH_USER_PATHS</key>
				<string>NO</string>
				<key>ARCHS</key>
				<string>$(ARCHS_STANDARD)</string>
				<key>CLANG_CXX_LANGUAGE_STANDARD</key>
				<string>gnu++0x</string>
				<key>CLANG_CXX_LIBRARY</key>
				<string>libc++</string>
				<key>CLANG_ENABLE_MODULES</key>
				<string>YES</string>
				<key>CLANG_ENABLE_OBJC_ARC</key>
				<string>NO</string>
				<key>CLANG_WARN_BOOL_CONVERSION</key>
				<string>YES</string>
				<key>CLANG_WARN_CONSTANT_CONVERSION</key>
				<string>YES</string>
				<key>CLANG_WARN_DIRECT_OBJC_ISA_USAGE</key>
				<string>YES_ERROR</string>
				<key>CLANG_WARN_EMPTY_BODY</key>
				<string>YES</string>
				<key>CLANG_WARN_ENUM_CONVERSION</key>
				<string>YES</string>
				<key>CLANG_WARN_INT_CONVERSION</key>
				<string>YES</string>
				<key>CLANG_WARN_OBJC_ROOT_CLASS</key>
				<string>YES_ERROR</string>
				<key>CLANG_WARN__DUPLICATE_METHOD_MATCH</key>
				<string>YES</string>
				<key>CONFIGURATION_BUILD_DIR</key>
				<string>$(SRCROOT)/uexAudio/</string>
				<key>CONFIGURATION_TEMP_DIR</key>
				<string>$(PROJECT_TEMP_DIR)/$(CONFIGURATION)$(EFFECTIVE_PLATFORM_NAME)</string>
				<key>COPY_PHASE_STRIP</key>
				<string>YES</string>
				<key>DEBUG_INFORMATION_FORMAT</key>
				<string>dwarf</string>
				<key>ENABLE_NS_ASSERTIONS</key>
				<string>NO</string>
				<key>GCC_C_LANGUAGE_STANDARD</key>
				<string>gnu99</string>
				<key>GCC_WARN_64_TO_32_BIT_CONVERSION</key>
				<string>YES</string>
				<key>GCC_WARN_ABOUT_RETURN_TYPE</key>
				<string>YES_ERROR</string>
				<key>GCC_WARN_UNDECLARED_SELECTOR</key>
				<string>YES</string>
				<key>GCC_WARN_UNINITIALIZED_AUTOS</key>
				<string>YES</string>
				<key>GCC_WARN_UNUSED_FUNCTION</key>
				<string>YES</string>
				<key>GCC_WARN_UNUSED_VARIABLE</key>
				<string>YES</string>
				<key>IPHONEOS_DEPLOYMENT_TARGET</key>
				<string>8.0</string>
				<key>ONLY_ACTIVE_ARCH</key>
				<string>NO</string>
				<key>SDKROOT</key>
				<string>iphoneos</string>
				<key>SHARED_PRECOMPS_DIR</key>
				<string></string>
				<key>TARGETED_DEVICE_FAMILY</key>
				<string>1,2</string>
				<key>VALIDATE_PRODUCT</key>
				<string>YES</string>
			</dict>
			<key>isa</key>
			<string>XCBuildConfiguration</string>
			<key>name</key>
			<string>Release</string>
		</dict>
		<key>5AA8D4B6188F967300C854BC</key>
		<dict>
			<key>buildConfigurations</key>
			<array>
				<string>5AA8D4B7188F967300C854BC</string>
				<string>5AA8D4B8188F967300C854BC</string>
			</array>
			<key>defaultConfigurationIsVisible</key>
			<string>0</string>
			<key>defaultConfigurationName</key>
			<string>Release</string>
			<key>isa</key>
			<string>XCConfigurationList</string>
		</dict>
		<key>5AA8D4B7188F967300C854BC</key>
		<dict>
			<key>buildSettings</key>
			<dict>
				<key>ARCHS</key>
				<string>$(ARCHS_STANDARD)</string>
				<key>BUNDLE_IDENTIFIER</key>
				<string>com.appcan.ide</string>
				<key>CLANG_CXX_LANGUAGE_STANDARD</key>
				<string>compiler-default</string>
				<key>CLANG_CXX_LIBRARY</key>
				<string>compiler-default</string>
				<key>CODE_SIGN_IDENTITY</key>
				<string>iPhone Distribution: Hangzhou Sea King Biological Technology Co., Ltd.</string>
				<key>CONFIGURATION_BUILD_DIR</key>
				<string>$(SRCROOT)/uexAudio/IDE/</string>
				<key>DEBUG_INFORMATION_FORMAT</key>
				<string>dwarf</string>
				<key>DEFINES_MODULE</key>
				<string>YES</string>
				<key>DSTROOT</key>
				<string>/tmp/EUExAudio.dst</string>
				<key>DYLIB_COMPATIBILITY_VERSION</key>
				<string>1</string>
				<key>DYLIB_CURRENT_VERSION</key>
				<string>1</string>
				<key>DYLIB_INSTALL_NAME_BASE</key>
				<string>@rpath</string>
				<key>ENABLE_BITCODE</key>
				<string>NO</string>
				<key>FRAMEWORK_SEARCH_PATHS</key>
				<array>
					<string>$(PROJECT_DIR)</string>
					<string>$(SRCROOT)/../../AppCanPluginTools-iOS/resource/IDEPluginProjectPackageResource</string>
				</array>
				<key>GCC_PRECOMPILE_PREFIX_HEADER</key>
				<string>YES</string>
				<key>GCC_PREFIX_HEADER</key>
				<string>EUExAudio/EUExAudio-Prefix.pch</string>
				<key>HEADER_SEARCH_PATHS</key>
				<array>
					<string>$(SRCROOT)/../../AppCanPluginTools-iOS/resource/IDEPluginProjectPackageResource</string>
				</array>
				<key>INFOPLIST_FILE</key>
				<string>$(SRCROOT)/../../AppCanPluginTools-iOS/resource/IDEPluginProjectPackageResource/info.plist</string>
				<key>INSTALL_PATH</key>
				<string>$(LOCAL_LIBRARY_DIR)/Frameworks</string>
				<key>IPHONEOS_DEPLOYMENT_TARGET</key>
				<string>8.0</string>
				<key>LD_RUNPATH_SEARCH_PATHS</key>
				<array>
					<string>$(inherited)</string>
					<string>@executable_path/Frameworks</string>
					<string>@executable_path</string>
					<string>@loader_path/Frameworks</string>
					<string>@loader_path</string>
				</array>
				<key>LIBRARY_SEARCH_PATHS</key>
				<array>
					<string>$(inherited)</string>
					<string>$(SRCROOT)/EUExAudio/sourceCode/speakhere/opencore</string>
					<string>$(PROJECT_DIR)/EUExAudio/lame</string>
					<string>$(SRCROOT)/../../AppCanPluginTools-iOS/resource/IDEPluginProjectPackageResource</string>
				</array>
				<key>OTHER_LDFLAGS</key>
				<string>-ObjC</string>
				<key>PRODUCT_NAME</key>
				<string>uexAudio</string>
				<key>PROVISIONING_PROFILE</key>
				<string>756a3ff2-be53-4d08-862a-c050d0dfa3d9</string>
				<key>SKIP_INSTALL</key>
				<string>YES</string>
			</dict>
			<key>isa</key>
			<string>XCBuildConfiguration</string>
			<key>name</key>
			<string>Debug</string>
		</dict>
		<key>5AA8D4B8188F967300C854BC</key>
		<dict>
			<key>buildSettings</key>
			<dict>
				<key>ARCHS</key>
				<string>$(ARCHS_STANDARD)</string>
				<key>BUNDLE_IDENTIFIER</key>
				<string>com.appcan.ide</string>
				<key>CLANG_CXX_LANGUAGE_STANDARD</key>
				<string>compiler-default</string>
				<key>CLANG_CXX_LIBRARY</key>
				<string>compiler-default</string>
				<key>CODE_SIGN_IDENTITY</key>
				<string>iPhone Distribution: Hangzhou Sea King Biological Technology Co., Ltd.</string>
				<key>CONFIGURATION_BUILD_DIR</key>
				<string>$(SRCROOT)/uexAudio/IDE/</string>
				<key>DEBUG_INFORMATION_FORMAT</key>
				<string>dwarf</string>
				<key>DEFINES_MODULE</key>
				<string>YES</string>
				<key>DSTROOT</key>
				<string>/tmp/EUExAudio.dst</string>
				<key>DYLIB_COMPATIBILITY_VERSION</key>
				<string>1</string>
				<key>DYLIB_CURRENT_VERSION</key>
				<string>1</string>
				<key>DYLIB_INSTALL_NAME_BASE</key>
				<string>@rpath</string>
				<key>ENABLE_BITCODE</key>
				<string>NO</string>
				<key>FRAMEWORK_SEARCH_PATHS</key>
				<array>
					<string>$(PROJECT_DIR)</string>
					<string>$(SRCROOT)/../../AppCanPluginTools-iOS/resource/IDEPluginProjectPackageResource</string>
				</array>
				<key>GCC_PRECOMPILE_PREFIX_HEADER</key>
				<string>YES</string>
				<key>GCC_PREFIX_HEADER</key>
				<string>EUExAudio/EUExAudio-Prefix.pch</string>
				<key>HEADER_SEARCH_PATHS</key>
				<array>
					<string>$(SRCROOT)/../../AppCanPluginTools-iOS/resource/IDEPluginProjectPackageResource</string>
				</array>
				<key>INFOPLIST_FILE</key>
				<string>$(SRCROOT)/../../AppCanPluginTools-iOS/resource/IDEPluginProjectPackageResource/info.plist</string>
				<key>INSTALL_PATH</key>
				<string>$(LOCAL_LIBRARY_DIR)/Frameworks</string>
				<key>IPHONEOS_DEPLOYMENT_TARGET</key>
				<string>8.0</string>
				<key>LD_RUNPATH_SEARCH_PATHS</key>
				<array>
					<string>$(inherited)</string>
					<string>@executable_path/Frameworks</string>
					<string>@executable_path</string>
					<string>@loader_path/Frameworks</string>
					<string>@loader_path</string>
				</array>
				<key>LIBRARY_SEARCH_PATHS</key>
				<array>
					<string>$(inherited)</string>
					<string>$(SRCROOT)/EUExAudio/sourceCode/speakhere/opencore</string>
					<string>$(PROJECT_DIR)/EUExAudio/lame</string>
					<string>$(SRCROOT)/../../AppCanPluginTools-iOS/resource/IDEPluginProjectPackageResource</string>
				</array>
				<key>OTHER_LDFLAGS</key>
				<string>-ObjC</string>
				<key>PRODUCT_NAME</key>
				<string>uexAudio</string>
				<key>PROVISIONING_PROFILE</key>
				<string>756a3ff2-be53-4d08-862a-c050d0dfa3d9</string>
				<key>SKIP_INSTALL</key>
				<string>YES</string>
			</dict>
			<key>isa</key>
			<string>XCBuildConfiguration</string>
			<key>name</key>
			<string>Release</string>
		</dict>
		<key>5AA8D4BC188F970500C854BC</key>
		<dict>
			<key>children</key>
			<array>
				<string>42EE60381C2A473C007CFCB4</string>
				<string>5AA8D4BD188F970500C854BC</string>
				<string>5AA8D4BE188F970500C854BC</string>
			</array>
			<key>isa</key>
			<string>PBXGroup</string>
			<key>path</key>
			<string>engineHeader</string>
			<key>sourceTree</key>
			<string>&lt;group&gt;</string>
		</dict>
		<key>5AA8D4BD188F970500C854BC</key>
		<dict>
			<key>fileEncoding</key>
			<string>4</string>
			<key>isa</key>
			<string>PBXFileReference</string>
			<key>lastKnownFileType</key>
			<string>sourcecode.c.h</string>
			<key>path</key>
			<string>EUExBase.h</string>
			<key>sourceTree</key>
			<string>&lt;group&gt;</string>
		</dict>
		<key>5AA8D4BE188F970500C854BC</key>
		<dict>
			<key>fileEncoding</key>
			<string>4</string>
			<key>isa</key>
			<string>PBXFileReference</string>
			<key>lastKnownFileType</key>
			<string>sourcecode.c.h</string>
			<key>path</key>
			<string>EUExBaseDefine.h</string>
			<key>sourceTree</key>
			<string>&lt;group&gt;</string>
		</dict>
		<key>6463CBC2AB9E261FF2DB3EDB</key>
		<dict>
			<key>fileRef</key>
			<string>988305FC5CF2A1A8617463A0</string>
			<key>isa</key>
			<string>PBXBuildFile</string>
		</dict>
		<key>70522E2C8B1FABCB52523D92</key>
		<dict>
			<key>fileEncoding</key>
			<string>4</string>
			<key>isa</key>
			<string>PBXFileReference</string>
			<key>lastKnownFileType</key>
			<string>archive.ar</string>
			<key>name</key>
			<string>libc++.tbd</string>
			<key>path</key>
			<string>usr/lib/libc++.tbd</string>
			<key>sourceTree</key>
			<string>SDKROOT</string>
		</dict>
		<key>716C12F62FFBD162F6601EB2</key>
		<dict>
			<key>fileEncoding</key>
			<string>4</string>
			<key>isa</key>
			<string>PBXFileReference</string>
			<key>lastKnownFileType</key>
			<string>archive.ar</string>
			<key>name</key>
			<string>libstdc++.tbd</string>
			<key>path</key>
			<string>usr/lib/libstdc++.tbd</string>
			<key>sourceTree</key>
			<string>SDKROOT</string>
		</dict>
		<key>763E04830237E7705FFAB634</key>
		<dict>
			<key>fileRef</key>
			<string>70522E2C8B1FABCB52523D92</string>
			<key>isa</key>
			<string>PBXBuildFile</string>
		</dict>
		<key>96322C26B07BE262555A74AF</key>
		<dict>
			<key>fileEncoding</key>
			<string>4</string>
			<key>isa</key>
			<string>PBXFileReference</string>
			<key>lastKnownFileType</key>
			<string>wrapper.framework</string>
			<key>name</key>
			<string>CoreGraphics.framework</string>
			<key>path</key>
			<string>System/Library/Frameworks/CoreGraphics.framework</string>
			<key>sourceTree</key>
			<string>SDKROOT</string>
		</dict>
		<key>9633F7194E8142D3830DC6CF</key>
		<dict>
			<key>fileEncoding</key>
			<string>4</string>
			<key>isa</key>
			<string>PBXFileReference</string>
			<key>lastKnownFileType</key>
			<string>archive.ar</string>
			<key>name</key>
			<string>libz.tbd</string>
			<key>path</key>
			<string>usr/lib/libz.tbd</string>
			<key>sourceTree</key>
			<string>SDKROOT</string>
		</dict>
		<key>988305FC5CF2A1A8617463A0</key>
		<dict>
			<key>fileEncoding</key>
			<string>4</string>
			<key>isa</key>
			<string>PBXFileReference</string>
			<key>lastKnownFileType</key>
			<string>wrapper.cfbundle</string>
			<key>name</key>
			<string>uexAudio.bundle</string>
			<key>path</key>
			<string>uexAudio/uexAudio.bundle</string>
			<key>sourceTree</key>
			<string>&lt;group&gt;</string>
		</dict>
		<key>9ECEC3AEAC130E58B82675BC</key>
		<dict>
			<key>fileRef</key>
			<string>E4F1E0D3B32B382EA66D9127</string>
			<key>isa</key>
			<string>PBXBuildFile</string>
		</dict>
		<key>A862F9C9B3C64063388793A2</key>
		<dict>
			<key>fileRef</key>
			<string>9633F7194E8142D3830DC6CF</string>
			<key>isa</key>
			<string>PBXBuildFile</string>
		</dict>
		<key>AAAE323F8710195C8D429CF9</key>
		<dict>
			<key>fileEncoding</key>
			<string>4</string>
			<key>isa</key>
			<string>PBXFileReference</string>
			<key>lastKnownFileType</key>
			<string>wrapper.framework</string>
			<key>name</key>
			<string>AppCanEngine.framework</string>
			<key>path</key>
			<string>../../../AppCanPluginTools-iOS/resource/IDEPluginProjectPackageResource/AppCanEngine.framework</string>
			<key>sourceTree</key>
			<string>&lt;group&gt;</string>
		</dict>
		<key>AB96F0E3823153A4C43E59E8</key>
		<dict>
			<key>fileEncoding</key>
			<string>4</string>
			<key>isa</key>
			<string>PBXFileReference</string>
			<key>lastKnownFileType</key>
			<string>wrapper.framework</string>
			<key>name</key>
			<string>AudioToolbox.framework</string>
			<key>path</key>
			<string>System/Library/Frameworks/AudioToolbox.framework</string>
			<key>sourceTree</key>
			<string>SDKROOT</string>
		</dict>
		<key>B248AA9CDFAAF9F4AB323A81</key>
		<dict>
			<key>buildActionMask</key>
			<string>2147483647</string>
			<key>files</key>
			<array>
				<string>2974830DC3DA026A5096893C</string>
			</array>
			<key>isa</key>
			<string>PBXResourcesBuildPhase</string>
			<key>runOnlyForDeploymentPostprocessing</key>
			<string>0</string>
		</dict>
		<key>B2561C20C59EC0C60A4534F8</key>
		<dict>
			<key>fileRef</key>
			<string>716C12F62FFBD162F6601EB2</string>
			<key>isa</key>
			<string>PBXBuildFile</string>
		</dict>
		<key>B383A297E4CF1293F3FE6416</key>
		<dict>
			<key>fileEncoding</key>
			<string>4</string>
			<key>isa</key>
			<string>PBXFileReference</string>
			<key>lastKnownFileType</key>
			<string>wrapper.framework</string>
			<key>name</key>
			<string>ImageIO.framework</string>
			<key>path</key>
			<string>System/Library/Frameworks/ImageIO.framework</string>
			<key>sourceTree</key>
			<string>SDKROOT</string>
		</dict>
		<key>E38CB70B6F46C5FDD118B97B</key>
		<dict>
			<key>children</key>
			<array>
				<string>AAAE323F8710195C8D429CF9</string>
				<string>207EA74D31548688CED7B959</string>
			</array>
			<key>isa</key>
			<string>PBXGroup</string>
			<key>path</key>
			<string>AppCanEngine</string>
			<key>sourceTree</key>
			<string>&lt;group&gt;</string>
		</dict>
		<key>E4F1E0D3B32B382EA66D9127</key>
		<dict>
			<key>fileEncoding</key>
			<string>4</string>
			<key>isa</key>
			<string>PBXFileReference</string>
			<key>lastKnownFileType</key>
			<string>wrapper.framework</string>
			<key>name</key>
			<string>MapKit.framework</string>
			<key>path</key>
			<string>System/Library/Frameworks/MapKit.framework</string>
			<key>sourceTree</key>
			<string>SDKROOT</string>
		</dict>
		<key>EC4AC843B450EEB89595CC34</key>
		<dict>
			<key>fileRef</key>
			<string>AAAE323F8710195C8D429CF9</string>
			<key>isa</key>
			<string>PBXBuildFile</string>
		</dict>
		<key>EF9F12D380DB661F602DF273</key>
		<dict>
			<key>fileRef</key>
			<string>571E1F03B0BBD95E0D53945C</string>
			<key>isa</key>
			<string>PBXBuildFile</string>
		</dict>
		<key>F7A4F4B019C0260F00B4C716</key>
		<dict>
			<key>children</key>
			<array>
				<string>F7A53BE719C687A800CA9EEE</string>
				<string>F7A4F4B119C0260F00B4C716</string>
			</array>
			<key>isa</key>
			<string>PBXGroup</string>
			<key>path</key>
			<string>lame</string>
			<key>sourceTree</key>
			<string>&lt;group&gt;</string>
		</dict>
		<key>F7A4F4B119C0260F00B4C716</key>
		<dict>
			<key>fileEncoding</key>
			<string>4</string>
			<key>isa</key>
			<string>PBXFileReference</string>
			<key>lastKnownFileType</key>
			<string>sourcecode.c.h</string>
			<key>path</key>
			<string>lame.h</string>
			<key>sourceTree</key>
			<string>&lt;group&gt;</string>
		</dict>
		<key>F7A4F4B419C029F600B4C716</key>
		<dict>
			<key>isa</key>
			<string>PBXFileReference</string>
			<key>lastKnownFileType</key>
			<string>wrapper.framework</string>
			<key>name</key>
			<string>AVFoundation.framework</string>
			<key>path</key>
			<string>System/Library/Frameworks/AVFoundation.framework</string>
			<key>sourceTree</key>
			<string>SDKROOT</string>
		</dict>
		<key>F7A4F4B519C029F600B4C716</key>
		<dict>
			<key>fileRef</key>
			<string>F7A4F4B419C029F600B4C716</string>
			<key>isa</key>
			<string>PBXBuildFile</string>
		</dict>
		<key>F7A4F4B619C02A0300B4C716</key>
		<dict>
			<key>isa</key>
			<string>PBXFileReference</string>
			<key>lastKnownFileType</key>
			<string>wrapper.framework</string>
			<key>name</key>
			<string>CoreGraphics.framework</string>
			<key>path</key>
			<string>System/Library/Frameworks/CoreGraphics.framework</string>
			<key>sourceTree</key>
			<string>SDKROOT</string>
		</dict>
		<key>F7A4F4B719C02A0300B4C716</key>
		<dict>
			<key>fileRef</key>
			<string>F7A4F4B619C02A0300B4C716</string>
			<key>isa</key>
			<string>PBXBuildFile</string>
		</dict>
		<key>F7A4F4B819C02A1300B4C716</key>
		<dict>
			<key>isa</key>
			<string>PBXFileReference</string>
			<key>lastKnownFileType</key>
			<string>wrapper.framework</string>
			<key>name</key>
			<string>UIKit.framework</string>
			<key>path</key>
			<string>System/Library/Frameworks/UIKit.framework</string>
			<key>sourceTree</key>
			<string>SDKROOT</string>
		</dict>
		<key>F7A4F4B919C02A1300B4C716</key>
		<dict>
			<key>fileRef</key>
			<string>F7A4F4B819C02A1300B4C716</string>
			<key>isa</key>
			<string>PBXBuildFile</string>
		</dict>
		<key>F7A53BE719C687A800CA9EEE</key>
		<dict>
			<key>isa</key>
			<string>PBXFileReference</string>
			<key>lastKnownFileType</key>
			<string>archive.ar</string>
			<key>path</key>
			<string>libmp3lame.a</string>
			<key>sourceTree</key>
			<string>&lt;group&gt;</string>
		</dict>
		<key>F7A53BE819C687A800CA9EEE</key>
		<dict>
			<key>fileRef</key>
			<string>F7A53BE719C687A800CA9EEE</string>
			<key>isa</key>
			<string>PBXBuildFile</string>
		</dict>
		<key>F7E9D27E1AB7BA9A00F17A9C</key>
		<dict>
			<key>fileEncoding</key>
			<string>4</string>
			<key>isa</key>
			<string>PBXFileReference</string>
			<key>lastKnownFileType</key>
			<string>sourcecode.c.h</string>
			<key>path</key>
			<string>RecorderMp3Controller.h</string>
			<key>sourceTree</key>
			<string>&lt;group&gt;</string>
		</dict>
		<key>F7E9D27F1AB7BA9A00F17A9C</key>
		<dict>
			<key>fileEncoding</key>
			<string>4</string>
			<key>isa</key>
			<string>PBXFileReference</string>
			<key>lastKnownFileType</key>
			<string>sourcecode.c.objc</string>
			<key>path</key>
			<string>RecorderMp3Controller.m</string>
			<key>sourceTree</key>
			<string>&lt;group&gt;</string>
		</dict>
		<key>F7E9D2801AB7BA9A00F17A9C</key>
		<dict>
			<key>fileRef</key>
			<string>F7E9D27F1AB7BA9A00F17A9C</string>
			<key>isa</key>
			<string>PBXBuildFile</string>
		</dict>
		<key>FAC217BA35F63CCECD4921F4</key>
		<dict>
			<key>fileEncoding</key>
			<string>4</string>
			<key>isa</key>
			<string>PBXFileReference</string>
			<key>lastKnownFileType</key>
			<string>wrapper.framework</string>
			<key>name</key>
			<string>UIKit.framework</string>
			<key>path</key>
			<string>System/Library/Frameworks/UIKit.framework</string>
			<key>sourceTree</key>
			<string>SDKROOT</string>
		</dict>
		<key>FBF3480D9942D7863AD3E325</key>
		<dict>
			<key>fileRef</key>
			<string>AB96F0E3823153A4C43E59E8</string>
			<key>isa</key>
			<string>PBXBuildFile</string>
		</dict>
	</dict>
	<key>rootObject</key>
	<string>5AA8D48B188F967200C854BC</string>
</dict>
</plist>
